{
    "format_version": "0.2",
    "terraform_version": "1.0.7",
    "planned_values": {
        "root_module": {
            "child_modules": [
                {
                    "resources": [
                        {
                            "address": "module.openstack.openstack_blockstorage_volume_v3.volumes[\"mgmt1-nfs-home\"]",
                            "mode": "managed",
                            "type": "openstack_blockstorage_volume_v3",
                            "name": "volumes",
                            "index": "mgmt1-nfs-home",
                            "provider_name": "registry.terraform.io/terraform-provider-openstack/openstack",
                            "schema_version": 0,
                            "values": {
                                "consistency_group_id": null,
                                "description": "missingfloatingips mgmt1-nfs-home",
                                "enable_online_resize": null,
                                "image_id": null,
                                "multiattach": null,
                                "name": "missingfloatingips-mgmt1-nfs-home",
                                "scheduler_hints": [],
                                "size": 50,
                                "snapshot_id": null,
                                "source_replica": null,
                                "source_vol_id": null,
                                "timeouts": null
                            },
                            "sensitive_values": {
                                "attachment": [],
                                "metadata": {},
                                "scheduler_hints": []
                            }
                        },
                        {
                            "address": "module.openstack.openstack_blockstorage_volume_v3.volumes[\"mgmt1-nfs-project\"]",
                            "mode": "managed",
                            "type": "openstack_blockstorage_volume_v3",
                            "name": "volumes",
                            "index": "mgmt1-nfs-project",
                            "provider_name": "registry.terraform.io/terraform-provider-openstack/openstack",
                            "schema_version": 0,
                            "values": {
                                "consistency_group_id": null,
                                "description": "missingfloatingips mgmt1-nfs-project",
                                "enable_online_resize": null,
                                "image_id": null,
                                "multiattach": null,
                                "name": "missingfloatingips-mgmt1-nfs-project",
                                "scheduler_hints": [],
                                "size": 1,
                                "snapshot_id": null,
                                "source_replica": null,
                                "source_vol_id": null,
                                "timeouts": null
                            },
                            "sensitive_values": {
                                "attachment": [],
                                "metadata": {},
                                "scheduler_hints": []
                            }
                        },
                        {
                            "address": "module.openstack.openstack_blockstorage_volume_v3.volumes[\"mgmt1-nfs-scratch\"]",
                            "mode": "managed",
                            "type": "openstack_blockstorage_volume_v3",
                            "name": "volumes",
                            "index": "mgmt1-nfs-scratch",
                            "provider_name": "registry.terraform.io/terraform-provider-openstack/openstack",
                            "schema_version": 0,
                            "values": {
                                "consistency_group_id": null,
                                "description": "missingfloatingips mgmt1-nfs-scratch",
                                "enable_online_resize": null,
                                "image_id": null,
                                "multiattach": null,
                                "name": "missingfloatingips-mgmt1-nfs-scratch",
                                "scheduler_hints": [],
                                "size": 1,
                                "snapshot_id": null,
                                "source_replica": null,
                                "source_vol_id": null,
                                "timeouts": null
                            },
                            "sensitive_values": {
                                "attachment": [],
                                "metadata": {},
                                "scheduler_hints": []
                            }
                        },
                        {
                            "address": "module.openstack.openstack_compute_floatingip_associate_v2.fip[\"login1\"]",
                            "mode": "managed",
                            "type": "openstack_compute_floatingip_associate_v2",
                            "name": "fip",
                            "index": "login1",
                            "provider_name": "registry.terraform.io/terraform-provider-openstack/openstack",
                            "schema_version": 0,
                            "values": {
                                "fixed_ip": null,
                                "timeouts": null,
                                "wait_until_associated": null
                            },
                            "sensitive_values": {}
                        },
                        {
                            "address": "module.openstack.openstack_compute_instance_v2.instances[\"login1\"]",
                            "mode": "managed",
                            "type": "openstack_compute_instance_v2",
                            "name": "instances",
                            "index": "login1",
                            "provider_name": "registry.terraform.io/terraform-provider-openstack/openstack",
                            "schema_version": 0,
                            "values": {
                                "admin_pass": null,
                                "availability_zone_hints": null,
                                "block_device": [],
                                "config_drive": null,
                                "flavor_name": "p4-6gb",
                                "floating_ip": null,
                                "force_delete": false,
                                "image_id": "4cade8a8-d7df-40e8-8bd3-f58e2e17b523",
                                "key_pair": "missingfloatingips-key",
                                "metadata": null,
                                "name": "missingfloatingips-login1",
                                "network": [
                                    {
                                        "access_network": false
                                    }
                                ],
                                "network_mode": null,
                                "personality": [],
                                "power_state": "active",
                                "scheduler_hints": [],
                                "stop_before_destroy": false,
                                "tags": null,
                                "timeouts": null,
                                "vendor_options": [],
                                "volume": []
                            },
                            "sensitive_values": {
                                "all_metadata": {},
                                "all_tags": [],
                                "block_device": [],
                                "network": [
                                    {}
                                ],
                                "personality": [],
                                "scheduler_hints": [],
                                "security_groups": [],
                                "vendor_options": [],
                                "volume": []
                            }
                        },
                        {
                            "address": "module.openstack.openstack_compute_instance_v2.instances[\"mgmt1\"]",
                            "mode": "managed",
                            "type": "openstack_compute_instance_v2",
                            "name": "instances",
                            "index": "mgmt1",
                            "provider_name": "registry.terraform.io/terraform-provider-openstack/openstack",
                            "schema_version": 0,
                            "values": {
                                "admin_pass": null,
                                "availability_zone_hints": null,
                                "block_device": [],
                                "config_drive": null,
                                "flavor_name": "p4-6gb",
                                "floating_ip": null,
                                "force_delete": false,
                                "image_id": "4cade8a8-d7df-40e8-8bd3-f58e2e17b523",
                                "key_pair": "missingfloatingips-key",
                                "metadata": null,
                                "name": "missingfloatingips-mgmt1",
                                "network": [
                                    {
                                        "access_network": false
                                    }
                                ],
                                "network_mode": null,
                                "personality": [],
                                "power_state": "active",
                                "scheduler_hints": [],
                                "stop_before_destroy": false,
                                "tags": null,
                                "timeouts": null,
                                "vendor_options": [],
                                "volume": []
                            },
                            "sensitive_values": {
                                "all_metadata": {},
                                "all_tags": [],
                                "block_device": [],
                                "network": [
                                    {}
                                ],
                                "personality": [],
                                "scheduler_hints": [],
                                "security_groups": [],
                                "vendor_options": [],
                                "volume": []
                            }
                        },
                        {
                            "address": "module.openstack.openstack_compute_instance_v2.instances[\"node1\"]",
                            "mode": "managed",
                            "type": "openstack_compute_instance_v2",
                            "name": "instances",
                            "index": "node1",
                            "provider_name": "registry.terraform.io/terraform-provider-openstack/openstack",
                            "schema_version": 0,
                            "values": {
                                "admin_pass": null,
                                "availability_zone_hints": null,
                                "block_device": [],
                                "config_drive": null,
                                "flavor_name": "p2-3gb",
                                "floating_ip": null,
                                "force_delete": false,
                                "image_id": "4cade8a8-d7df-40e8-8bd3-f58e2e17b523",
                                "key_pair": "missingfloatingips-key",
                                "metadata": null,
                                "name": "missingfloatingips-node1",
                                "network": [
                                    {
                                        "access_network": false
                                    }
                                ],
                                "network_mode": null,
                                "personality": [],
                                "power_state": "active",
                                "scheduler_hints": [],
                                "stop_before_destroy": false,
                                "tags": null,
                                "timeouts": null,
                                "vendor_options": [],
                                "volume": []
                            },
                            "sensitive_values": {
                                "all_metadata": {},
                                "all_tags": [],
                                "block_device": [],
                                "network": [
                                    {}
                                ],
                                "personality": [],
                                "scheduler_hints": [],
                                "security_groups": [],
                                "vendor_options": [],
                                "volume": []
                            }
                        },
                        {
                            "address": "module.openstack.openstack_compute_instance_v2.instances[\"node2\"]",
                            "mode": "managed",
                            "type": "openstack_compute_instance_v2",
                            "name": "instances",
                            "index": "node2",
                            "provider_name": "registry.terraform.io/terraform-provider-openstack/openstack",
                            "schema_version": 0,
                            "values": {
                                "admin_pass": null,
                                "availability_zone_hints": null,
                                "block_device": [],
                                "config_drive": null,
                                "flavor_name": "p2-3gb",
                                "floating_ip": null,
                                "force_delete": false,
                                "image_id": "4cade8a8-d7df-40e8-8bd3-f58e2e17b523",
                                "key_pair": "missingfloatingips-key",
                                "metadata": null,
                                "name": "missingfloatingips-node2",
                                "network": [
                                    {
                                        "access_network": false
                                    }
                                ],
                                "network_mode": null,
                                "personality": [],
                                "power_state": "active",
                                "scheduler_hints": [],
                                "stop_before_destroy": false,
                                "tags": null,
                                "timeouts": null,
                                "vendor_options": [],
                                "volume": []
                            },
                            "sensitive_values": {
                                "all_metadata": {},
                                "all_tags": [],
                                "block_device": [],
                                "network": [
                                    {}
                                ],
                                "personality": [],
                                "scheduler_hints": [],
                                "security_groups": [],
                                "vendor_options": [],
                                "volume": []
                            }
                        },
                        {
                            "address": "module.openstack.openstack_compute_instance_v2.instances[\"node3\"]",
                            "mode": "managed",
                            "type": "openstack_compute_instance_v2",
                            "name": "instances",
                            "index": "node3",
                            "provider_name": "registry.terraform.io/terraform-provider-openstack/openstack",
                            "schema_version": 0,
                            "values": {
                                "admin_pass": null,
                                "availability_zone_hints": null,
                                "block_device": [],
                                "config_drive": null,
                                "flavor_name": "p2-3gb",
                                "floating_ip": null,
                                "force_delete": false,
                                "image_id": "4cade8a8-d7df-40e8-8bd3-f58e2e17b523",
                                "key_pair": "missingfloatingips-key",
                                "metadata": null,
                                "name": "missingfloatingips-node3",
                                "network": [
                                    {
                                        "access_network": false
                                    }
                                ],
                                "network_mode": null,
                                "personality": [],
                                "power_state": "active",
                                "scheduler_hints": [],
                                "stop_before_destroy": false,
                                "tags": null,
                                "timeouts": null,
                                "vendor_options": [],
                                "volume": []
                            },
                            "sensitive_values": {
                                "all_metadata": {},
                                "all_tags": [],
                                "block_device": [],
                                "network": [
                                    {}
                                ],
                                "personality": [],
                                "scheduler_hints": [],
                                "security_groups": [],
                                "vendor_options": [],
                                "volume": []
                            }
                        },
                        {
                            "address": "module.openstack.openstack_compute_keypair_v2.keypair",
                            "mode": "managed",
                            "type": "openstack_compute_keypair_v2",
                            "name": "keypair",
                            "provider_name": "registry.terraform.io/terraform-provider-openstack/openstack",
                            "schema_version": 0,
                            "values": {
                                "name": "missingfloatingips-key",
                                "public_key": "ssh-rsa FAKE",
                                "value_specs": null
                            },
                            "sensitive_values": {}
                        },
                        {
                            "address": "module.openstack.openstack_compute_secgroup_v2.secgroup",
                            "mode": "managed",
                            "type": "openstack_compute_secgroup_v2",
                            "name": "secgroup",
                            "provider_name": "registry.terraform.io/terraform-provider-openstack/openstack",
                            "schema_version": 0,
                            "values": {
                                "description": "missingfloatingips security group",
                                "name": "missingfloatingips-secgroup",
                                "rule": [
                                    {
                                        "cidr": "",
                                        "from_group_id": "",
                                        "from_port": -1,
                                        "ip_protocol": "icmp",
                                        "self": true,
                                        "to_port": -1
                                    },
                                    {
                                        "cidr": "",
                                        "from_group_id": "",
                                        "from_port": 1,
                                        "ip_protocol": "tcp",
                                        "self": true,
                                        "to_port": 65535
                                    },
                                    {
                                        "cidr": "",
                                        "from_group_id": "",
                                        "from_port": 1,
                                        "ip_protocol": "udp",
                                        "self": true,
                                        "to_port": 65535
                                    },
                                    {
                                        "cidr": "0.0.0.0/0",
                                        "from_group_id": "",
                                        "from_port": 22,
                                        "ip_protocol": "tcp",
                                        "self": false,
                                        "to_port": 22
                                    },
                                    {
                                        "cidr": "0.0.0.0/0",
                                        "from_group_id": "",
                                        "from_port": 443,
                                        "ip_protocol": "tcp",
                                        "self": false,
                                        "to_port": 443
                                    },
                                    {
                                        "cidr": "0.0.0.0/0",
                                        "from_group_id": "",
                                        "from_port": 50000,
                                        "ip_protocol": "tcp",
                                        "self": false,
                                        "to_port": 51000
                                    },
                                    {
                                        "cidr": "0.0.0.0/0",
                                        "from_group_id": "",
                                        "from_port": 7512,
                                        "ip_protocol": "tcp",
                                        "self": false,
                                        "to_port": 7512
                                    },
                                    {
                                        "cidr": "0.0.0.0/0",
                                        "from_group_id": "",
                                        "from_port": 80,
                                        "ip_protocol": "tcp",
                                        "self": false,
                                        "to_port": 80
                                    },
                                    {
                                        "cidr": "54.237.254.192/29",
                                        "from_group_id": "",
                                        "from_port": 2811,
                                        "ip_protocol": "tcp",
                                        "self": false,
                                        "to_port": 2811
                                    }
                                ],
                                "timeouts": null
                            },
                            "sensitive_values": {
                                "rule": [
                                    {},
                                    {},
                                    {},
                                    {},
                                    {},
                                    {},
                                    {},
                                    {},
                                    {}
                                ]
                            }
                        },
                        {
                            "address": "module.openstack.openstack_compute_volume_attach_v2.attachments[\"mgmt1-nfs-home\"]",
                            "mode": "managed",
                            "type": "openstack_compute_volume_attach_v2",
                            "name": "attachments",
                            "index": "mgmt1-nfs-home",
                            "provider_name": "registry.terraform.io/terraform-provider-openstack/openstack",
                            "schema_version": 0,
                            "values": {
                                "multiattach": null,
                                "timeouts": null,
                                "vendor_options": []
                            },
                            "sensitive_values": {
                                "vendor_options": []
                            }
                        },
                        {
                            "address": "module.openstack.openstack_compute_volume_attach_v2.attachments[\"mgmt1-nfs-project\"]",
                            "mode": "managed",
                            "type": "openstack_compute_volume_attach_v2",
                            "name": "attachments",
                            "index": "mgmt1-nfs-project",
                            "provider_name": "registry.terraform.io/terraform-provider-openstack/openstack",
                            "schema_version": 0,
                            "values": {
                                "multiattach": null,
                                "timeouts": null,
                                "vendor_options": []
                            },
                            "sensitive_values": {
                                "vendor_options": []
                            }
                        },
                        {
                            "address": "module.openstack.openstack_compute_volume_attach_v2.attachments[\"mgmt1-nfs-scratch\"]",
                            "mode": "managed",
                            "type": "openstack_compute_volume_attach_v2",
                            "name": "attachments",
                            "index": "mgmt1-nfs-scratch",
                            "provider_name": "registry.terraform.io/terraform-provider-openstack/openstack",
                            "schema_version": 0,
                            "values": {
                                "multiattach": null,
                                "timeouts": null,
                                "vendor_options": []
                            },
                            "sensitive_values": {
                                "vendor_options": []
                            }
                        },
                        {
                            "address": "module.openstack.openstack_networking_floatingip_v2.fip[\"login1\"]",
                            "mode": "managed",
                            "type": "openstack_networking_floatingip_v2",
                            "name": "fip",
                            "index": "login1",
                            "provider_name": "registry.terraform.io/terraform-provider-openstack/openstack",
                            "schema_version": 0,
                            "values": {
                                "description": null,
                                "pool": "Public-Network",
                                "subnet_ids": null,
                                "tags": null,
                                "timeouts": null,
                                "value_specs": null
                            },
                            "sensitive_values": {
                                "all_tags": []
                            }
                        },
                        {
                            "address": "module.openstack.openstack_networking_port_v2.nic[\"login1\"]",
                            "mode": "managed",
                            "type": "openstack_networking_port_v2",
                            "name": "nic",
                            "index": "login1",
                            "provider_name": "registry.terraform.io/terraform-provider-openstack/openstack",
                            "schema_version": 0,
                            "values": {
                                "allowed_address_pairs": [],
                                "description": null,
                                "extra_dhcp_option": [],
                                "fixed_ip": [
                                    {
                                        "ip_address": null,
                                        "subnet_id": "b70582fc-c0f6-45fa-a022-e45affb90106"
                                    }
                                ],
                                "name": "missingfloatingips-login1-port",
                                "network_id": "f2b11478-de5c-4610-8646-a39142a91f0a",
                                "no_fixed_ip": null,
                                "no_security_groups": null,
                                "tags": null,
                                "timeouts": null,
                                "value_specs": null
                            },
                            "sensitive_values": {
                                "all_fixed_ips": [],
                                "all_security_group_ids": [],
                                "all_tags": [],
                                "allowed_address_pairs": [],
                                "binding": [],
                                "dns_assignment": [],
                                "extra_dhcp_option": [],
                                "fixed_ip": [
                                    {}
                                ],
                                "security_group_ids": []
                            }
                        },
                        {
                            "address": "module.openstack.openstack_networking_port_v2.nic[\"mgmt1\"]",
                            "mode": "managed",
                            "type": "openstack_networking_port_v2",
                            "name": "nic",
                            "index": "mgmt1",
                            "provider_name": "registry.terraform.io/terraform-provider-openstack/openstack",
                            "schema_version": 0,
                            "values": {
                                "allowed_address_pairs": [],
                                "description": null,
                                "extra_dhcp_option": [],
                                "fixed_ip": [
                                    {
                                        "ip_address": null,
                                        "subnet_id": "b70582fc-c0f6-45fa-a022-e45affb90106"
                                    }
                                ],
                                "name": "missingfloatingips-mgmt1-port",
                                "network_id": "f2b11478-de5c-4610-8646-a39142a91f0a",
                                "no_fixed_ip": null,
                                "no_security_groups": null,
                                "tags": null,
                                "timeouts": null,
                                "value_specs": null
                            },
                            "sensitive_values": {
                                "all_fixed_ips": [],
                                "all_security_group_ids": [],
                                "all_tags": [],
                                "allowed_address_pairs": [],
                                "binding": [],
                                "dns_assignment": [],
                                "extra_dhcp_option": [],
                                "fixed_ip": [
                                    {}
                                ],
                                "security_group_ids": []
                            }
                        },
                        {
                            "address": "module.openstack.openstack_networking_port_v2.nic[\"node1\"]",
                            "mode": "managed",
                            "type": "openstack_networking_port_v2",
                            "name": "nic",
                            "index": "node1",
                            "provider_name": "registry.terraform.io/terraform-provider-openstack/openstack",
                            "schema_version": 0,
                            "values": {
                                "allowed_address_pairs": [],
                                "description": null,
                                "extra_dhcp_option": [],
                                "fixed_ip": [
                                    {
                                        "ip_address": null,
                                        "subnet_id": "b70582fc-c0f6-45fa-a022-e45affb90106"
                                    }
                                ],
                                "name": "missingfloatingips-node1-port",
                                "network_id": "f2b11478-de5c-4610-8646-a39142a91f0a",
                                "no_fixed_ip": null,
                                "no_security_groups": null,
                                "tags": null,
                                "timeouts": null,
                                "value_specs": null
                            },
                            "sensitive_values": {
                                "all_fixed_ips": [],
                                "all_security_group_ids": [],
                                "all_tags": [],
                                "allowed_address_pairs": [],
                                "binding": [],
                                "dns_assignment": [],
                                "extra_dhcp_option": [],
                                "fixed_ip": [
                                    {}
                                ],
                                "security_group_ids": []
                            }
                        },
                        {
                            "address": "module.openstack.openstack_networking_port_v2.nic[\"node2\"]",
                            "mode": "managed",
                            "type": "openstack_networking_port_v2",
                            "name": "nic",
                            "index": "node2",
                            "provider_name": "registry.terraform.io/terraform-provider-openstack/openstack",
                            "schema_version": 0,
                            "values": {
                                "allowed_address_pairs": [],
                                "description": null,
                                "extra_dhcp_option": [],
                                "fixed_ip": [
                                    {
                                        "ip_address": null,
                                        "subnet_id": "b70582fc-c0f6-45fa-a022-e45affb90106"
                                    }
                                ],
                                "name": "missingfloatingips-node2-port",
                                "network_id": "f2b11478-de5c-4610-8646-a39142a91f0a",
                                "no_fixed_ip": null,
                                "no_security_groups": null,
                                "tags": null,
                                "timeouts": null,
                                "value_specs": null
                            },
                            "sensitive_values": {
                                "all_fixed_ips": [],
                                "all_security_group_ids": [],
                                "all_tags": [],
                                "allowed_address_pairs": [],
                                "binding": [],
                                "dns_assignment": [],
                                "extra_dhcp_option": [],
                                "fixed_ip": [
                                    {}
                                ],
                                "security_group_ids": []
                            }
                        },
                        {
                            "address": "module.openstack.openstack_networking_port_v2.nic[\"node3\"]",
                            "mode": "managed",
                            "type": "openstack_networking_port_v2",
                            "name": "nic",
                            "index": "node3",
                            "provider_name": "registry.terraform.io/terraform-provider-openstack/openstack",
                            "schema_version": 0,
                            "values": {
                                "allowed_address_pairs": [],
                                "description": null,
                                "extra_dhcp_option": [],
                                "fixed_ip": [
                                    {
                                        "ip_address": null,
                                        "subnet_id": "b70582fc-c0f6-45fa-a022-e45affb90106"
                                    }
                                ],
                                "name": "missingfloatingips-node3-port",
                                "network_id": "f2b11478-de5c-4610-8646-a39142a91f0a",
                                "no_fixed_ip": null,
                                "no_security_groups": null,
                                "tags": null,
                                "timeouts": null,
                                "value_specs": null
                            },
                            "sensitive_values": {
                                "all_fixed_ips": [],
                                "all_security_group_ids": [],
                                "all_tags": [],
                                "allowed_address_pairs": [],
                                "binding": [],
                                "dns_assignment": [],
                                "extra_dhcp_option": [],
                                "fixed_ip": [
                                    {}
                                ],
                                "security_group_ids": []
                            }
                        }
                    ],
                    "address": "module.openstack",
                    "child_modules": [
                        {
                            "resources": [
                                {
                                    "address": "module.openstack.module.instance_config.random_string.puppetserver_password",
                                    "mode": "managed",
                                    "type": "random_string",
                                    "name": "puppetserver_password",
                                    "provider_name": "registry.terraform.io/hashicorp/random",
                                    "schema_version": 1,
                                    "values": {
                                        "keepers": null,
                                        "length": 32,
                                        "lower": true,
                                        "min_lower": 0,
                                        "min_numeric": 0,
                                        "min_special": 0,
                                        "min_upper": 0,
                                        "number": true,
                                        "override_special": null,
                                        "special": false,
                                        "upper": true
                                    },
                                    "sensitive_values": {}
                                },
                                {
                                    "address": "module.openstack.module.instance_config.tls_private_key.rsa_hostkeys[\"login\"]",
                                    "mode": "managed",
                                    "type": "tls_private_key",
                                    "name": "rsa_hostkeys",
                                    "index": "login",
                                    "provider_name": "registry.terraform.io/hashicorp/tls",
                                    "schema_version": 0,
                                    "values": {
                                        "algorithm": "RSA",
                                        "ecdsa_curve": "P224",
                                        "rsa_bits": 4096
                                    },
                                    "sensitive_values": {}
                                },
                                {
                                    "address": "module.openstack.module.instance_config.tls_private_key.rsa_hostkeys[\"mgmt\"]",
                                    "mode": "managed",
                                    "type": "tls_private_key",
                                    "name": "rsa_hostkeys",
                                    "index": "mgmt",
                                    "provider_name": "registry.terraform.io/hashicorp/tls",
                                    "schema_version": 0,
                                    "values": {
                                        "algorithm": "RSA",
                                        "ecdsa_curve": "P224",
                                        "rsa_bits": 4096
                                    },
                                    "sensitive_values": {}
                                },
                                {
                                    "address": "module.openstack.module.instance_config.tls_private_key.rsa_hostkeys[\"node\"]",
                                    "mode": "managed",
                                    "type": "tls_private_key",
                                    "name": "rsa_hostkeys",
                                    "index": "node",
                                    "provider_name": "registry.terraform.io/hashicorp/tls",
                                    "schema_version": 0,
                                    "values": {
                                        "algorithm": "RSA",
                                        "ecdsa_curve": "P224",
                                        "rsa_bits": 4096
                                    },
                                    "sensitive_values": {}
                                },
                                {
                                    "address": "module.openstack.module.instance_config.tls_private_key.ssh[0]",
                                    "mode": "managed",
                                    "type": "tls_private_key",
                                    "name": "ssh",
                                    "index": 0,
                                    "provider_name": "registry.terraform.io/hashicorp/tls",
                                    "schema_version": 0,
                                    "values": {
                                        "algorithm": "RSA",
                                        "ecdsa_curve": "P224",
                                        "rsa_bits": 4096
                                    },
                                    "sensitive_values": {}
                                }
                            ],
                            "address": "module.openstack.module.instance_config"
                        },
                        {
                            "resources": [
                                {
                                    "address": "module.openstack.module.cluster_config.null_resource.deploy_hieradata[0]",
                                    "mode": "managed",
                                    "type": "null_resource",
                                    "name": "deploy_hieradata",
                                    "index": 0,
                                    "provider_name": "registry.terraform.io/hashicorp/null",
                                    "schema_version": 0,
                                    "sensitive_values": {
                                        "triggers": {}
                                    }
                                },
                                {
                                    "address": "module.openstack.module.cluster_config.random_string.freeipa_passwd",
                                    "mode": "managed",
                                    "type": "random_string",
                                    "name": "freeipa_passwd",
                                    "provider_name": "registry.terraform.io/hashicorp/random",
                                    "schema_version": 1,
                                    "values": {
                                        "keepers": null,
                                        "length": 16,
                                        "lower": true,
                                        "min_lower": 0,
                                        "min_numeric": 0,
                                        "min_special": 0,
                                        "min_upper": 0,
                                        "number": true,
                                        "override_special": null,
                                        "special": false,
                                        "upper": true
                                    },
                                    "sensitive_values": {}
                                },
                                {
                                    "address": "module.openstack.module.cluster_config.random_string.munge_key",
                                    "mode": "managed",
                                    "type": "random_string",
                                    "name": "munge_key",
                                    "provider_name": "registry.terraform.io/hashicorp/random",
                                    "schema_version": 1,
                                    "values": {
                                        "keepers": null,
                                        "length": 32,
                                        "lower": true,
                                        "min_lower": 0,
                                        "min_numeric": 0,
                                        "min_special": 0,
                                        "min_upper": 0,
                                        "number": true,
                                        "override_special": null,
                                        "special": false,
                                        "upper": true
                                    },
                                    "sensitive_values": {}
                                },
                                {
                                    "address": "module.openstack.module.cluster_config.random_uuid.consul_token",
                                    "mode": "managed",
                                    "type": "random_uuid",
                                    "name": "consul_token",
                                    "provider_name": "registry.terraform.io/hashicorp/random",
                                    "schema_version": 0,
                                    "values": {
                                        "keepers": null
                                    },
                                    "sensitive_values": {}
                                }
                            ],
                            "address": "module.openstack.module.cluster_config"
                        }
                    ]
                }
            ]
        }
    },
    "resource_changes": [
        {
            "address": "module.openstack.module.cluster_config.null_resource.deploy_hieradata[0]",
            "module_address": "module.openstack.module.cluster_config",
            "mode": "managed",
            "type": "null_resource",
            "name": "deploy_hieradata",
            "index": 0,
            "provider_name": "registry.terraform.io/hashicorp/null",
            "change": {
                "actions": [
                    "create"
                ],
                "before": null,
                "after": {},
                "after_unknown": {
                    "id": true,
                    "triggers": true
                },
                "before_sensitive": false,
                "after_sensitive": {
                    "triggers": {}
                }
            }
        },
        {
            "address": "module.openstack.module.cluster_config.random_string.freeipa_passwd",
            "module_address": "module.openstack.module.cluster_config",
            "mode": "managed",
            "type": "random_string",
            "name": "freeipa_passwd",
            "provider_name": "registry.terraform.io/hashicorp/random",
            "change": {
                "actions": [
                    "create"
                ],
                "before": null,
                "after": {
                    "keepers": null,
                    "length": 16,
                    "lower": true,
                    "min_lower": 0,
                    "min_numeric": 0,
                    "min_special": 0,
                    "min_upper": 0,
                    "number": true,
                    "override_special": null,
                    "special": false,
                    "upper": true
                },
                "after_unknown": {
                    "id": true,
                    "result": true
                },
                "before_sensitive": false,
                "after_sensitive": {}
            }
        },
        {
            "address": "module.openstack.module.cluster_config.random_string.munge_key",
            "module_address": "module.openstack.module.cluster_config",
            "mode": "managed",
            "type": "random_string",
            "name": "munge_key",
            "provider_name": "registry.terraform.io/hashicorp/random",
            "change": {
                "actions": [
                    "create"
                ],
                "before": null,
                "after": {
                    "keepers": null,
                    "length": 32,
                    "lower": true,
                    "min_lower": 0,
                    "min_numeric": 0,
                    "min_special": 0,
                    "min_upper": 0,
                    "number": true,
                    "override_special": null,
                    "special": false,
                    "upper": true
                },
                "after_unknown": {
                    "id": true,
                    "result": true
                },
                "before_sensitive": false,
                "after_sensitive": {}
            }
        },
        {
            "address": "module.openstack.module.cluster_config.random_uuid.consul_token",
            "module_address": "module.openstack.module.cluster_config",
            "mode": "managed",
            "type": "random_uuid",
            "name": "consul_token",
            "provider_name": "registry.terraform.io/hashicorp/random",
            "change": {
                "actions": [
                    "create"
                ],
                "before": null,
                "after": {
                    "keepers": null
                },
                "after_unknown": {
                    "id": true,
                    "result": true
                },
                "before_sensitive": false,
                "after_sensitive": {}
            }
        },
        {
            "address": "module.openstack.module.instance_config.random_string.puppetserver_password",
            "module_address": "module.openstack.module.instance_config",
            "mode": "managed",
            "type": "random_string",
            "name": "puppetserver_password",
            "provider_name": "registry.terraform.io/hashicorp/random",
            "change": {
                "actions": [
                    "create"
                ],
                "before": null,
                "after": {
                    "keepers": null,
                    "length": 32,
                    "lower": true,
                    "min_lower": 0,
                    "min_numeric": 0,
                    "min_special": 0,
                    "min_upper": 0,
                    "number": true,
                    "override_special": null,
                    "special": false,
                    "upper": true
                },
                "after_unknown": {
                    "id": true,
                    "result": true
                },
                "before_sensitive": false,
                "after_sensitive": {}
            }
        },
        {
            "address": "module.openstack.module.instance_config.tls_private_key.rsa_hostkeys[\"login\"]",
            "module_address": "module.openstack.module.instance_config",
            "mode": "managed",
            "type": "tls_private_key",
            "name": "rsa_hostkeys",
            "index": "login",
            "provider_name": "registry.terraform.io/hashicorp/tls",
            "change": {
                "actions": [
                    "create"
                ],
                "before": null,
                "after": {
                    "algorithm": "RSA",
                    "ecdsa_curve": "P224",
                    "rsa_bits": 4096
                },
                "after_unknown": {
                    "id": true,
                    "private_key_pem": true,
                    "public_key_fingerprint_md5": true,
                    "public_key_openssh": true,
                    "public_key_pem": true
                },
                "before_sensitive": false,
                "after_sensitive": {
                    "private_key_pem": true
                }
            }
        },
        {
            "address": "module.openstack.module.instance_config.tls_private_key.rsa_hostkeys[\"mgmt\"]",
            "module_address": "module.openstack.module.instance_config",
            "mode": "managed",
            "type": "tls_private_key",
            "name": "rsa_hostkeys",
            "index": "mgmt",
            "provider_name": "registry.terraform.io/hashicorp/tls",
            "change": {
                "actions": [
                    "create"
                ],
                "before": null,
                "after": {
                    "algorithm": "RSA",
                    "ecdsa_curve": "P224",
                    "rsa_bits": 4096
                },
                "after_unknown": {
                    "id": true,
                    "private_key_pem": true,
                    "public_key_fingerprint_md5": true,
                    "public_key_openssh": true,
                    "public_key_pem": true
                },
                "before_sensitive": false,
                "after_sensitive": {
                    "private_key_pem": true
                }
            }
        },
        {
            "address": "module.openstack.module.instance_config.tls_private_key.rsa_hostkeys[\"node\"]",
            "module_address": "module.openstack.module.instance_config",
            "mode": "managed",
            "type": "tls_private_key",
            "name": "rsa_hostkeys",
            "index": "node",
            "provider_name": "registry.terraform.io/hashicorp/tls",
            "change": {
                "actions": [
                    "create"
                ],
                "before": null,
                "after": {
                    "algorithm": "RSA",
                    "ecdsa_curve": "P224",
                    "rsa_bits": 4096
                },
                "after_unknown": {
                    "id": true,
                    "private_key_pem": true,
                    "public_key_fingerprint_md5": true,
                    "public_key_openssh": true,
                    "public_key_pem": true
                },
                "before_sensitive": false,
                "after_sensitive": {
                    "private_key_pem": true
                }
            }
        },
        {
            "address": "module.openstack.module.instance_config.tls_private_key.ssh[0]",
            "module_address": "module.openstack.module.instance_config",
            "mode": "managed",
            "type": "tls_private_key",
            "name": "ssh",
            "index": 0,
            "provider_name": "registry.terraform.io/hashicorp/tls",
            "change": {
                "actions": [
                    "create"
                ],
                "before": null,
                "after": {
                    "algorithm": "RSA",
                    "ecdsa_curve": "P224",
                    "rsa_bits": 4096
                },
                "after_unknown": {
                    "id": true,
                    "private_key_pem": true,
                    "public_key_fingerprint_md5": true,
                    "public_key_openssh": true,
                    "public_key_pem": true
                },
                "before_sensitive": false,
                "after_sensitive": {
                    "private_key_pem": true
                }
            }
        },
        {
            "address": "module.openstack.openstack_blockstorage_volume_v3.volumes[\"mgmt1-nfs-home\"]",
            "module_address": "module.openstack",
            "mode": "managed",
            "type": "openstack_blockstorage_volume_v3",
            "name": "volumes",
            "index": "mgmt1-nfs-home",
            "provider_name": "registry.terraform.io/terraform-provider-openstack/openstack",
            "change": {
                "actions": [
                    "create"
                ],
                "before": null,
                "after": {
                    "consistency_group_id": null,
                    "description": "missingfloatingips mgmt1-nfs-home",
                    "enable_online_resize": null,
                    "image_id": null,
                    "multiattach": null,
                    "name": "missingfloatingips-mgmt1-nfs-home",
                    "scheduler_hints": [],
                    "size": 50,
                    "snapshot_id": null,
                    "source_replica": null,
                    "source_vol_id": null,
                    "timeouts": null
                },
                "after_unknown": {
                    "attachment": true,
                    "availability_zone": true,
                    "id": true,
                    "metadata": true,
                    "region": true,
                    "scheduler_hints": [],
                    "volume_type": true
                },
                "before_sensitive": false,
                "after_sensitive": {
                    "attachment": [],
                    "metadata": {},
                    "scheduler_hints": []
                }
            }
        },
        {
            "address": "module.openstack.openstack_blockstorage_volume_v3.volumes[\"mgmt1-nfs-project\"]",
            "module_address": "module.openstack",
            "mode": "managed",
            "type": "openstack_blockstorage_volume_v3",
            "name": "volumes",
            "index": "mgmt1-nfs-project",
            "provider_name": "registry.terraform.io/terraform-provider-openstack/openstack",
            "change": {
                "actions": [
                    "create"
                ],
                "before": null,
                "after": {
                    "consistency_group_id": null,
                    "description": "missingfloatingips mgmt1-nfs-project",
                    "enable_online_resize": null,
                    "image_id": null,
                    "multiattach": null,
                    "name": "missingfloatingips-mgmt1-nfs-project",
                    "scheduler_hints": [],
                    "size": 1,
                    "snapshot_id": null,
                    "source_replica": null,
                    "source_vol_id": null,
                    "timeouts": null
                },
                "after_unknown": {
                    "attachment": true,
                    "availability_zone": true,
                    "id": true,
                    "metadata": true,
                    "region": true,
                    "scheduler_hints": [],
                    "volume_type": true
                },
                "before_sensitive": false,
                "after_sensitive": {
                    "attachment": [],
                    "metadata": {},
                    "scheduler_hints": []
                }
            }
        },
        {
            "address": "module.openstack.openstack_blockstorage_volume_v3.volumes[\"mgmt1-nfs-scratch\"]",
            "module_address": "module.openstack",
            "mode": "managed",
            "type": "openstack_blockstorage_volume_v3",
            "name": "volumes",
            "index": "mgmt1-nfs-scratch",
            "provider_name": "registry.terraform.io/terraform-provider-openstack/openstack",
            "change": {
                "actions": [
                    "create"
                ],
                "before": null,
                "after": {
                    "consistency_group_id": null,
                    "description": "missingfloatingips mgmt1-nfs-scratch",
                    "enable_online_resize": null,
                    "image_id": null,
                    "multiattach": null,
                    "name": "missingfloatingips-mgmt1-nfs-scratch",
                    "scheduler_hints": [],
                    "size": 1,
                    "snapshot_id": null,
                    "source_replica": null,
                    "source_vol_id": null,
                    "timeouts": null
                },
                "after_unknown": {
                    "attachment": true,
                    "availability_zone": true,
                    "id": true,
                    "metadata": true,
                    "region": true,
                    "scheduler_hints": [],
                    "volume_type": true
                },
                "before_sensitive": false,
                "after_sensitive": {
                    "attachment": [],
                    "metadata": {},
                    "scheduler_hints": []
                }
            }
        },
        {
            "address": "module.openstack.openstack_compute_floatingip_associate_v2.fip[\"login1\"]",
            "module_address": "module.openstack",
            "mode": "managed",
            "type": "openstack_compute_floatingip_associate_v2",
            "name": "fip",
            "index": "login1",
            "provider_name": "registry.terraform.io/terraform-provider-openstack/openstack",
            "change": {
                "actions": [
                    "create"
                ],
                "before": null,
                "after": {
                    "fixed_ip": null,
                    "timeouts": null,
                    "wait_until_associated": null
                },
                "after_unknown": {
                    "floating_ip": true,
                    "id": true,
                    "instance_id": true,
                    "region": true
                },
                "before_sensitive": false,
                "after_sensitive": {}
            }
        },
        {
            "address": "module.openstack.openstack_compute_instance_v2.instances[\"login1\"]",
            "module_address": "module.openstack",
            "mode": "managed",
            "type": "openstack_compute_instance_v2",
            "name": "instances",
            "index": "login1",
            "provider_name": "registry.terraform.io/terraform-provider-openstack/openstack",
            "change": {
                "actions": [
                    "create"
                ],
                "before": null,
                "after": {
                    "admin_pass": null,
                    "availability_zone_hints": null,
                    "block_device": [],
                    "config_drive": null,
                    "flavor_name": "p4-6gb",
                    "floating_ip": null,
                    "force_delete": false,
                    "image_id": "4cade8a8-d7df-40e8-8bd3-f58e2e17b523",
                    "key_pair": "missingfloatingips-key",
                    "metadata": null,
                    "name": "missingfloatingips-login1",
                    "network": [
                        {
                            "access_network": false
                        }
                    ],
                    "network_mode": null,
                    "personality": [],
                    "power_state": "active",
                    "scheduler_hints": [],
                    "stop_before_destroy": false,
                    "tags": null,
                    "timeouts": null,
                    "vendor_options": [],
                    "volume": []
                },
                "after_unknown": {
                    "access_ip_v4": true,
                    "access_ip_v6": true,
                    "all_metadata": true,
                    "all_tags": true,
                    "availability_zone": true,
                    "block_device": [],
                    "flavor_id": true,
                    "id": true,
                    "image_name": true,
                    "network": [
                        {
                            "fixed_ip_v4": true,
                            "fixed_ip_v6": true,
                            "floating_ip": true,
                            "mac": true,
                            "name": true,
                            "port": true,
                            "uuid": true
                        }
                    ],
                    "personality": [],
                    "region": true,
                    "scheduler_hints": [],
                    "security_groups": true,
                    "user_data": true,
                    "vendor_options": [],
                    "volume": []
                },
                "before_sensitive": false,
                "after_sensitive": {
                    "admin_pass": true,
                    "all_metadata": {},
                    "all_tags": [],
                    "block_device": [],
                    "network": [
                        {}
                    ],
                    "personality": [],
                    "scheduler_hints": [],
                    "security_groups": [],
                    "vendor_options": [],
                    "volume": []
                }
            }
        },
        {
            "address": "module.openstack.openstack_compute_instance_v2.instances[\"mgmt1\"]",
            "module_address": "module.openstack",
            "mode": "managed",
            "type": "openstack_compute_instance_v2",
            "name": "instances",
            "index": "mgmt1",
            "provider_name": "registry.terraform.io/terraform-provider-openstack/openstack",
            "change": {
                "actions": [
                    "create"
                ],
                "before": null,
                "after": {
                    "admin_pass": null,
                    "availability_zone_hints": null,
                    "block_device": [],
                    "config_drive": null,
                    "flavor_name": "p4-6gb",
                    "floating_ip": null,
                    "force_delete": false,
                    "image_id": "4cade8a8-d7df-40e8-8bd3-f58e2e17b523",
                    "key_pair": "missingfloatingips-key",
                    "metadata": null,
                    "name": "missingfloatingips-mgmt1",
                    "network": [
                        {
                            "access_network": false
                        }
                    ],
                    "network_mode": null,
                    "personality": [],
                    "power_state": "active",
                    "scheduler_hints": [],
                    "stop_before_destroy": false,
                    "tags": null,
                    "timeouts": null,
                    "vendor_options": [],
                    "volume": []
                },
                "after_unknown": {
                    "access_ip_v4": true,
                    "access_ip_v6": true,
                    "all_metadata": true,
                    "all_tags": true,
                    "availability_zone": true,
                    "block_device": [],
                    "flavor_id": true,
                    "id": true,
                    "image_name": true,
                    "network": [
                        {
                            "fixed_ip_v4": true,
                            "fixed_ip_v6": true,
                            "floating_ip": true,
                            "mac": true,
                            "name": true,
                            "port": true,
                            "uuid": true
                        }
                    ],
                    "personality": [],
                    "region": true,
                    "scheduler_hints": [],
                    "security_groups": true,
                    "user_data": true,
                    "vendor_options": [],
                    "volume": []
                },
                "before_sensitive": false,
                "after_sensitive": {
                    "admin_pass": true,
                    "all_metadata": {},
                    "all_tags": [],
                    "block_device": [],
                    "network": [
                        {}
                    ],
                    "personality": [],
                    "scheduler_hints": [],
                    "security_groups": [],
                    "vendor_options": [],
                    "volume": []
                }
            }
        },
        {
            "address": "module.openstack.openstack_compute_instance_v2.instances[\"node1\"]",
            "module_address": "module.openstack",
            "mode": "managed",
            "type": "openstack_compute_instance_v2",
            "name": "instances",
            "index": "node1",
            "provider_name": "registry.terraform.io/terraform-provider-openstack/openstack",
            "change": {
                "actions": [
                    "create"
                ],
                "before": null,
                "after": {
                    "admin_pass": null,
                    "availability_zone_hints": null,
                    "block_device": [],
                    "config_drive": null,
                    "flavor_name": "p2-3gb",
                    "floating_ip": null,
                    "force_delete": false,
                    "image_id": "4cade8a8-d7df-40e8-8bd3-f58e2e17b523",
                    "key_pair": "missingfloatingips-key",
                    "metadata": null,
                    "name": "missingfloatingips-node1",
                    "network": [
                        {
                            "access_network": false
                        }
                    ],
                    "network_mode": null,
                    "personality": [],
                    "power_state": "active",
                    "scheduler_hints": [],
                    "stop_before_destroy": false,
                    "tags": null,
                    "timeouts": null,
                    "vendor_options": [],
                    "volume": []
                },
                "after_unknown": {
                    "access_ip_v4": true,
                    "access_ip_v6": true,
                    "all_metadata": true,
                    "all_tags": true,
                    "availability_zone": true,
                    "block_device": [],
                    "flavor_id": true,
                    "id": true,
                    "image_name": true,
                    "network": [
                        {
                            "fixed_ip_v4": true,
                            "fixed_ip_v6": true,
                            "floating_ip": true,
                            "mac": true,
                            "name": true,
                            "port": true,
                            "uuid": true
                        }
                    ],
                    "personality": [],
                    "region": true,
                    "scheduler_hints": [],
                    "security_groups": true,
                    "user_data": true,
                    "vendor_options": [],
                    "volume": []
                },
                "before_sensitive": false,
                "after_sensitive": {
                    "admin_pass": true,
                    "all_metadata": {},
                    "all_tags": [],
                    "block_device": [],
                    "network": [
                        {}
                    ],
                    "personality": [],
                    "scheduler_hints": [],
                    "security_groups": [],
                    "vendor_options": [],
                    "volume": []
                }
            }
        },
        {
            "address": "module.openstack.openstack_compute_instance_v2.instances[\"node2\"]",
            "module_address": "module.openstack",
            "mode": "managed",
            "type": "openstack_compute_instance_v2",
            "name": "instances",
            "index": "node2",
            "provider_name": "registry.terraform.io/terraform-provider-openstack/openstack",
            "change": {
                "actions": [
                    "create"
                ],
                "before": null,
                "after": {
                    "admin_pass": null,
                    "availability_zone_hints": null,
                    "block_device": [],
                    "config_drive": null,
                    "flavor_name": "p2-3gb",
                    "floating_ip": null,
                    "force_delete": false,
                    "image_id": "4cade8a8-d7df-40e8-8bd3-f58e2e17b523",
                    "key_pair": "missingfloatingips-key",
                    "metadata": null,
                    "name": "missingfloatingips-node2",
                    "network": [
                        {
                            "access_network": false
                        }
                    ],
                    "network_mode": null,
                    "personality": [],
                    "power_state": "active",
                    "scheduler_hints": [],
                    "stop_before_destroy": false,
                    "tags": null,
                    "timeouts": null,
                    "vendor_options": [],
                    "volume": []
                },
                "after_unknown": {
                    "access_ip_v4": true,
                    "access_ip_v6": true,
                    "all_metadata": true,
                    "all_tags": true,
                    "availability_zone": true,
                    "block_device": [],
                    "flavor_id": true,
                    "id": true,
                    "image_name": true,
                    "network": [
                        {
                            "fixed_ip_v4": true,
                            "fixed_ip_v6": true,
                            "floating_ip": true,
                            "mac": true,
                            "name": true,
                            "port": true,
                            "uuid": true
                        }
                    ],
                    "personality": [],
                    "region": true,
                    "scheduler_hints": [],
                    "security_groups": true,
                    "user_data": true,
                    "vendor_options": [],
                    "volume": []
                },
                "before_sensitive": false,
                "after_sensitive": {
                    "admin_pass": true,
                    "all_metadata": {},
                    "all_tags": [],
                    "block_device": [],
                    "network": [
                        {}
                    ],
                    "personality": [],
                    "scheduler_hints": [],
                    "security_groups": [],
                    "vendor_options": [],
                    "volume": []
                }
            }
        },
        {
            "address": "module.openstack.openstack_compute_instance_v2.instances[\"node3\"]",
            "module_address": "module.openstack",
            "mode": "managed",
            "type": "openstack_compute_instance_v2",
            "name": "instances",
            "index": "node3",
            "provider_name": "registry.terraform.io/terraform-provider-openstack/openstack",
            "change": {
                "actions": [
                    "create"
                ],
                "before": null,
                "after": {
                    "admin_pass": null,
                    "availability_zone_hints": null,
                    "block_device": [],
                    "config_drive": null,
                    "flavor_name": "p2-3gb",
                    "floating_ip": null,
                    "force_delete": false,
                    "image_id": "4cade8a8-d7df-40e8-8bd3-f58e2e17b523",
                    "key_pair": "missingfloatingips-key",
                    "metadata": null,
                    "name": "missingfloatingips-node3",
                    "network": [
                        {
                            "access_network": false
                        }
                    ],
                    "network_mode": null,
                    "personality": [],
                    "power_state": "active",
                    "scheduler_hints": [],
                    "stop_before_destroy": false,
                    "tags": null,
                    "timeouts": null,
                    "vendor_options": [],
                    "volume": []
                },
                "after_unknown": {
                    "access_ip_v4": true,
                    "access_ip_v6": true,
                    "all_metadata": true,
                    "all_tags": true,
                    "availability_zone": true,
                    "block_device": [],
                    "flavor_id": true,
                    "id": true,
                    "image_name": true,
                    "network": [
                        {
                            "fixed_ip_v4": true,
                            "fixed_ip_v6": true,
                            "floating_ip": true,
                            "mac": true,
                            "name": true,
                            "port": true,
                            "uuid": true
                        }
                    ],
                    "personality": [],
                    "region": true,
                    "scheduler_hints": [],
                    "security_groups": true,
                    "user_data": true,
                    "vendor_options": [],
                    "volume": []
                },
                "before_sensitive": false,
                "after_sensitive": {
                    "admin_pass": true,
                    "all_metadata": {},
                    "all_tags": [],
                    "block_device": [],
                    "network": [
                        {}
                    ],
                    "personality": [],
                    "scheduler_hints": [],
                    "security_groups": [],
                    "vendor_options": [],
                    "volume": []
                }
            }
        },
        {
            "address": "module.openstack.openstack_compute_keypair_v2.keypair",
            "module_address": "module.openstack",
            "mode": "managed",
            "type": "openstack_compute_keypair_v2",
            "name": "keypair",
            "provider_name": "registry.terraform.io/terraform-provider-openstack/openstack",
            "change": {
                "actions": [
                    "create"
                ],
                "before": null,
                "after": {
                    "name": "missingfloatingips-key",
                    "public_key": "ssh-rsa FAKE",
                    "value_specs": null
                },
                "after_unknown": {
                    "fingerprint": true,
                    "id": true,
                    "private_key": true,
                    "region": true
                },
                "before_sensitive": false,
                "after_sensitive": {}
            }
        },
        {
            "address": "module.openstack.openstack_compute_secgroup_v2.secgroup",
            "module_address": "module.openstack",
            "mode": "managed",
            "type": "openstack_compute_secgroup_v2",
            "name": "secgroup",
            "provider_name": "registry.terraform.io/terraform-provider-openstack/openstack",
            "change": {
                "actions": [
                    "create"
                ],
                "before": null,
                "after": {
                    "description": "missingfloatingips security group",
                    "name": "missingfloatingips-secgroup",
                    "rule": [
                        {
                            "cidr": "",
                            "from_group_id": "",
                            "from_port": -1,
                            "ip_protocol": "icmp",
                            "self": true,
                            "to_port": -1
                        },
                        {
                            "cidr": "",
                            "from_group_id": "",
                            "from_port": 1,
                            "ip_protocol": "tcp",
                            "self": true,
                            "to_port": 65535
                        },
                        {
                            "cidr": "",
                            "from_group_id": "",
                            "from_port": 1,
                            "ip_protocol": "udp",
                            "self": true,
                            "to_port": 65535
                        },
                        {
                            "cidr": "0.0.0.0/0",
                            "from_group_id": "",
                            "from_port": 22,
                            "ip_protocol": "tcp",
                            "self": false,
                            "to_port": 22
                        },
                        {
                            "cidr": "0.0.0.0/0",
                            "from_group_id": "",
                            "from_port": 443,
                            "ip_protocol": "tcp",
                            "self": false,
                            "to_port": 443
                        },
                        {
                            "cidr": "0.0.0.0/0",
                            "from_group_id": "",
                            "from_port": 50000,
                            "ip_protocol": "tcp",
                            "self": false,
                            "to_port": 51000
                        },
                        {
                            "cidr": "0.0.0.0/0",
                            "from_group_id": "",
                            "from_port": 7512,
                            "ip_protocol": "tcp",
                            "self": false,
                            "to_port": 7512
                        },
                        {
                            "cidr": "0.0.0.0/0",
                            "from_group_id": "",
                            "from_port": 80,
                            "ip_protocol": "tcp",
                            "self": false,
                            "to_port": 80
                        },
                        {
                            "cidr": "54.237.254.192/29",
                            "from_group_id": "",
                            "from_port": 2811,
                            "ip_protocol": "tcp",
                            "self": false,
                            "to_port": 2811
                        }
                    ],
                    "timeouts": null
                },
                "after_unknown": {
                    "id": true,
                    "region": true,
                    "rule": [
                        {
                            "id": true
                        },
                        {
                            "id": true
                        },
                        {
                            "id": true
                        },
                        {
                            "id": true
                        },
                        {
                            "id": true
                        },
                        {
                            "id": true
                        },
                        {
                            "id": true
                        },
                        {
                            "id": true
                        },
                        {
                            "id": true
                        }
                    ]
                },
                "before_sensitive": false,
                "after_sensitive": {
                    "rule": [
                        {},
                        {},
                        {},
                        {},
                        {},
                        {},
                        {},
                        {},
                        {}
                    ]
                }
            }
        },
        {
            "address": "module.openstack.openstack_compute_volume_attach_v2.attachments[\"mgmt1-nfs-home\"]",
            "module_address": "module.openstack",
            "mode": "managed",
            "type": "openstack_compute_volume_attach_v2",
            "name": "attachments",
            "index": "mgmt1-nfs-home",
            "provider_name": "registry.terraform.io/terraform-provider-openstack/openstack",
            "change": {
                "actions": [
                    "create"
                ],
                "before": null,
                "after": {
                    "multiattach": null,
                    "timeouts": null,
                    "vendor_options": []
                },
                "after_unknown": {
                    "device": true,
                    "id": true,
                    "instance_id": true,
                    "region": true,
                    "vendor_options": [],
                    "volume_id": true
                },
                "before_sensitive": false,
                "after_sensitive": {
                    "vendor_options": []
                }
            }
        },
        {
            "address": "module.openstack.openstack_compute_volume_attach_v2.attachments[\"mgmt1-nfs-project\"]",
            "module_address": "module.openstack",
            "mode": "managed",
            "type": "openstack_compute_volume_attach_v2",
            "name": "attachments",
            "index": "mgmt1-nfs-project",
            "provider_name": "registry.terraform.io/terraform-provider-openstack/openstack",
            "change": {
                "actions": [
                    "create"
                ],
                "before": null,
                "after": {
                    "multiattach": null,
                    "timeouts": null,
                    "vendor_options": []
                },
                "after_unknown": {
                    "device": true,
                    "id": true,
                    "instance_id": true,
                    "region": true,
                    "vendor_options": [],
                    "volume_id": true
                },
                "before_sensitive": false,
                "after_sensitive": {
                    "vendor_options": []
                }
            }
        },
        {
            "address": "module.openstack.openstack_compute_volume_attach_v2.attachments[\"mgmt1-nfs-scratch\"]",
            "module_address": "module.openstack",
            "mode": "managed",
            "type": "openstack_compute_volume_attach_v2",
            "name": "attachments",
            "index": "mgmt1-nfs-scratch",
            "provider_name": "registry.terraform.io/terraform-provider-openstack/openstack",
            "change": {
                "actions": [
                    "create"
                ],
                "before": null,
                "after": {
                    "multiattach": null,
                    "timeouts": null,
                    "vendor_options": []
                },
                "after_unknown": {
                    "device": true,
                    "id": true,
                    "instance_id": true,
                    "region": true,
                    "vendor_options": [],
                    "volume_id": true
                },
                "before_sensitive": false,
                "after_sensitive": {
                    "vendor_options": []
                }
            }
        },
        {
            "address": "module.openstack.openstack_networking_floatingip_v2.fip[\"login1\"]",
            "module_address": "module.openstack",
            "mode": "managed",
            "type": "openstack_networking_floatingip_v2",
            "name": "fip",
            "index": "login1",
            "provider_name": "registry.terraform.io/terraform-provider-openstack/openstack",
            "change": {
                "actions": [
                    "create"
                ],
                "before": null,
                "after": {
                    "description": null,
                    "pool": "Public-Network",
                    "subnet_ids": null,
                    "tags": null,
                    "timeouts": null,
                    "value_specs": null
                },
                "after_unknown": {
                    "address": true,
                    "all_tags": true,
                    "dns_domain": true,
                    "dns_name": true,
                    "fixed_ip": true,
                    "id": true,
                    "port_id": true,
                    "region": true,
                    "subnet_id": true,
                    "tenant_id": true
                },
                "before_sensitive": false,
                "after_sensitive": {
                    "all_tags": []
                }
            }
        },
        {
            "address": "module.openstack.openstack_networking_port_v2.nic[\"login1\"]",
            "module_address": "module.openstack",
            "mode": "managed",
            "type": "openstack_networking_port_v2",
            "name": "nic",
            "index": "login1",
            "provider_name": "registry.terraform.io/terraform-provider-openstack/openstack",
            "change": {
                "actions": [
                    "create"
                ],
                "before": null,
                "after": {
                    "allowed_address_pairs": [],
                    "description": null,
                    "extra_dhcp_option": [],
                    "fixed_ip": [
                        {
                            "ip_address": null,
                            "subnet_id": "b70582fc-c0f6-45fa-a022-e45affb90106"
                        }
                    ],
                    "name": "missingfloatingips-login1-port",
                    "network_id": "f2b11478-de5c-4610-8646-a39142a91f0a",
                    "no_fixed_ip": null,
                    "no_security_groups": null,
                    "tags": null,
                    "timeouts": null,
                    "value_specs": null
                },
                "after_unknown": {
                    "admin_state_up": true,
                    "all_fixed_ips": true,
                    "all_security_group_ids": true,
                    "all_tags": true,
                    "allowed_address_pairs": [],
                    "binding": true,
                    "device_id": true,
                    "device_owner": true,
                    "dns_assignment": true,
                    "dns_name": true,
                    "extra_dhcp_option": [],
                    "fixed_ip": [
                        {}
                    ],
                    "id": true,
                    "mac_address": true,
                    "port_security_enabled": true,
                    "qos_policy_id": true,
                    "region": true,
                    "security_group_ids": true,
                    "tenant_id": true
                },
                "before_sensitive": false,
                "after_sensitive": {
                    "all_fixed_ips": [],
                    "all_security_group_ids": [],
                    "all_tags": [],
                    "allowed_address_pairs": [],
                    "binding": [],
                    "dns_assignment": [],
                    "extra_dhcp_option": [],
                    "fixed_ip": [
                        {}
                    ],
                    "security_group_ids": []
                }
            }
        },
        {
            "address": "module.openstack.openstack_networking_port_v2.nic[\"mgmt1\"]",
            "module_address": "module.openstack",
            "mode": "managed",
            "type": "openstack_networking_port_v2",
            "name": "nic",
            "index": "mgmt1",
            "provider_name": "registry.terraform.io/terraform-provider-openstack/openstack",
            "change": {
                "actions": [
                    "create"
                ],
                "before": null,
                "after": {
                    "allowed_address_pairs": [],
                    "description": null,
                    "extra_dhcp_option": [],
                    "fixed_ip": [
                        {
                            "ip_address": null,
                            "subnet_id": "b70582fc-c0f6-45fa-a022-e45affb90106"
                        }
                    ],
                    "name": "missingfloatingips-mgmt1-port",
                    "network_id": "f2b11478-de5c-4610-8646-a39142a91f0a",
                    "no_fixed_ip": null,
                    "no_security_groups": null,
                    "tags": null,
                    "timeouts": null,
                    "value_specs": null
                },
                "after_unknown": {
                    "admin_state_up": true,
                    "all_fixed_ips": true,
                    "all_security_group_ids": true,
                    "all_tags": true,
                    "allowed_address_pairs": [],
                    "binding": true,
                    "device_id": true,
                    "device_owner": true,
                    "dns_assignment": true,
                    "dns_name": true,
                    "extra_dhcp_option": [],
                    "fixed_ip": [
                        {}
                    ],
                    "id": true,
                    "mac_address": true,
                    "port_security_enabled": true,
                    "qos_policy_id": true,
                    "region": true,
                    "security_group_ids": true,
                    "tenant_id": true
                },
                "before_sensitive": false,
                "after_sensitive": {
                    "all_fixed_ips": [],
                    "all_security_group_ids": [],
                    "all_tags": [],
                    "allowed_address_pairs": [],
                    "binding": [],
                    "dns_assignment": [],
                    "extra_dhcp_option": [],
                    "fixed_ip": [
                        {}
                    ],
                    "security_group_ids": []
                }
            }
        },
        {
            "address": "module.openstack.openstack_networking_port_v2.nic[\"node1\"]",
            "module_address": "module.openstack",
            "mode": "managed",
            "type": "openstack_networking_port_v2",
            "name": "nic",
            "index": "node1",
            "provider_name": "registry.terraform.io/terraform-provider-openstack/openstack",
            "change": {
                "actions": [
                    "create"
                ],
                "before": null,
                "after": {
                    "allowed_address_pairs": [],
                    "description": null,
                    "extra_dhcp_option": [],
                    "fixed_ip": [
                        {
                            "ip_address": null,
                            "subnet_id": "b70582fc-c0f6-45fa-a022-e45affb90106"
                        }
                    ],
                    "name": "missingfloatingips-node1-port",
                    "network_id": "f2b11478-de5c-4610-8646-a39142a91f0a",
                    "no_fixed_ip": null,
                    "no_security_groups": null,
                    "tags": null,
                    "timeouts": null,
                    "value_specs": null
                },
                "after_unknown": {
                    "admin_state_up": true,
                    "all_fixed_ips": true,
                    "all_security_group_ids": true,
                    "all_tags": true,
                    "allowed_address_pairs": [],
                    "binding": true,
                    "device_id": true,
                    "device_owner": true,
                    "dns_assignment": true,
                    "dns_name": true,
                    "extra_dhcp_option": [],
                    "fixed_ip": [
                        {}
                    ],
                    "id": true,
                    "mac_address": true,
                    "port_security_enabled": true,
                    "qos_policy_id": true,
                    "region": true,
                    "security_group_ids": true,
                    "tenant_id": true
                },
                "before_sensitive": false,
                "after_sensitive": {
                    "all_fixed_ips": [],
                    "all_security_group_ids": [],
                    "all_tags": [],
                    "allowed_address_pairs": [],
                    "binding": [],
                    "dns_assignment": [],
                    "extra_dhcp_option": [],
                    "fixed_ip": [
                        {}
                    ],
                    "security_group_ids": []
                }
            }
        },
        {
            "address": "module.openstack.openstack_networking_port_v2.nic[\"node2\"]",
            "module_address": "module.openstack",
            "mode": "managed",
            "type": "openstack_networking_port_v2",
            "name": "nic",
            "index": "node2",
            "provider_name": "registry.terraform.io/terraform-provider-openstack/openstack",
            "change": {
                "actions": [
                    "create"
                ],
                "before": null,
                "after": {
                    "allowed_address_pairs": [],
                    "description": null,
                    "extra_dhcp_option": [],
                    "fixed_ip": [
                        {
                            "ip_address": null,
                            "subnet_id": "b70582fc-c0f6-45fa-a022-e45affb90106"
                        }
                    ],
                    "name": "missingfloatingips-node2-port",
                    "network_id": "f2b11478-de5c-4610-8646-a39142a91f0a",
                    "no_fixed_ip": null,
                    "no_security_groups": null,
                    "tags": null,
                    "timeouts": null,
                    "value_specs": null
                },
                "after_unknown": {
                    "admin_state_up": true,
                    "all_fixed_ips": true,
                    "all_security_group_ids": true,
                    "all_tags": true,
                    "allowed_address_pairs": [],
                    "binding": true,
                    "device_id": true,
                    "device_owner": true,
                    "dns_assignment": true,
                    "dns_name": true,
                    "extra_dhcp_option": [],
                    "fixed_ip": [
                        {}
                    ],
                    "id": true,
                    "mac_address": true,
                    "port_security_enabled": true,
                    "qos_policy_id": true,
                    "region": true,
                    "security_group_ids": true,
                    "tenant_id": true
                },
                "before_sensitive": false,
                "after_sensitive": {
                    "all_fixed_ips": [],
                    "all_security_group_ids": [],
                    "all_tags": [],
                    "allowed_address_pairs": [],
                    "binding": [],
                    "dns_assignment": [],
                    "extra_dhcp_option": [],
                    "fixed_ip": [
                        {}
                    ],
                    "security_group_ids": []
                }
            }
        },
        {
            "address": "module.openstack.openstack_networking_port_v2.nic[\"node3\"]",
            "module_address": "module.openstack",
            "mode": "managed",
            "type": "openstack_networking_port_v2",
            "name": "nic",
            "index": "node3",
            "provider_name": "registry.terraform.io/terraform-provider-openstack/openstack",
            "change": {
                "actions": [
                    "create"
                ],
                "before": null,
                "after": {
                    "allowed_address_pairs": [],
                    "description": null,
                    "extra_dhcp_option": [],
                    "fixed_ip": [
                        {
                            "ip_address": null,
                            "subnet_id": "b70582fc-c0f6-45fa-a022-e45affb90106"
                        }
                    ],
                    "name": "missingfloatingips-node3-port",
                    "network_id": "f2b11478-de5c-4610-8646-a39142a91f0a",
                    "no_fixed_ip": null,
                    "no_security_groups": null,
                    "tags": null,
                    "timeouts": null,
                    "value_specs": null
                },
                "after_unknown": {
                    "admin_state_up": true,
                    "all_fixed_ips": true,
                    "all_security_group_ids": true,
                    "all_tags": true,
                    "allowed_address_pairs": [],
                    "binding": true,
                    "device_id": true,
                    "device_owner": true,
                    "dns_assignment": true,
                    "dns_name": true,
                    "extra_dhcp_option": [],
                    "fixed_ip": [
                        {}
                    ],
                    "id": true,
                    "mac_address": true,
                    "port_security_enabled": true,
                    "qos_policy_id": true,
                    "region": true,
                    "security_group_ids": true,
                    "tenant_id": true
                },
                "before_sensitive": false,
                "after_sensitive": {
                    "all_fixed_ips": [],
                    "all_security_group_ids": [],
                    "all_tags": [],
                    "allowed_address_pairs": [],
                    "binding": [],
                    "dns_assignment": [],
                    "extra_dhcp_option": [],
                    "fixed_ip": [
                        {}
                    ],
                    "security_group_ids": []
                }
            }
        }
    ],
    "prior_state": {
        "format_version": "0.2",
        "terraform_version": "1.0.7",
        "values": {
            "root_module": {
                "child_modules": [
                    {
                        "resources": [
                            {
                                "address": "module.openstack.data.external.keystone",
                                "mode": "data",
                                "type": "external",
                                "name": "keystone",
                                "provider_name": "registry.terraform.io/hashicorp/external",
                                "schema_version": 0,
                                "values": {
                                    "id": "-",
                                    "program": [
                                        "python",
                                        ".terraform/modules/openstack/openstack/external/keystone.py"
                                    ],
                                    "query": null,
                                    "result": {
                                        "auth_url": "https://arbutus.cloud.computecanada.ca:5000/v3",
                                        "name": "arbutus"
                                    },
                                    "working_dir": null
                                },
                                "sensitive_values": {
                                    "program": [
                                        false,
                                        false
                                    ],
                                    "result": {}
                                }
                            },
                            {
                                "address": "module.openstack.data.openstack_compute_flavor_v2.flavors[\"login1\"]",
                                "mode": "data",
                                "type": "openstack_compute_flavor_v2",
                                "name": "flavors",
                                "index": "login1",
                                "provider_name": "registry.terraform.io/terraform-provider-openstack/openstack",
                                "schema_version": 0,
                                "values": {
                                    "disk": 20,
                                    "extra_specs": {
                                        "aggregate_instance_extra_specs:persistent": "true",
                                        "quota:cpu_period": "1000000",
                                        "quota:cpu_quota": "950000",
                                        "quota:disk_read_bytes_sec": "115343360",
                                        "quota:disk_read_iops_sec": "2500",
                                        "quota:disk_write_bytes_sec": "115343360",
                                        "quota:disk_write_iops_sec": "2000"
                                    },
                                    "flavor_id": "d2e0247d-3869-4f17-b9d0-9735f4f1b57a",
                                    "id": "d2e0247d-3869-4f17-b9d0-9735f4f1b57a",
                                    "is_public": false,
                                    "min_disk": null,
                                    "min_ram": null,
                                    "name": "p4-6gb",
                                    "ram": 6144,
                                    "region": null,
                                    "rx_tx_factor": 1,
                                    "swap": 0,
                                    "vcpus": 4
                                },
                                "sensitive_values": {
                                    "extra_specs": {}
                                }
                            },
                            {
                                "address": "module.openstack.data.openstack_compute_flavor_v2.flavors[\"mgmt1\"]",
                                "mode": "data",
                                "type": "openstack_compute_flavor_v2",
                                "name": "flavors",
                                "index": "mgmt1",
                                "provider_name": "registry.terraform.io/terraform-provider-openstack/openstack",
                                "schema_version": 0,
                                "values": {
                                    "disk": 20,
                                    "extra_specs": {
                                        "aggregate_instance_extra_specs:persistent": "true",
                                        "quota:cpu_period": "1000000",
                                        "quota:cpu_quota": "950000",
                                        "quota:disk_read_bytes_sec": "115343360",
                                        "quota:disk_read_iops_sec": "2500",
                                        "quota:disk_write_bytes_sec": "115343360",
                                        "quota:disk_write_iops_sec": "2000"
                                    },
                                    "flavor_id": "d2e0247d-3869-4f17-b9d0-9735f4f1b57a",
                                    "id": "d2e0247d-3869-4f17-b9d0-9735f4f1b57a",
                                    "is_public": false,
                                    "min_disk": null,
                                    "min_ram": null,
                                    "name": "p4-6gb",
                                    "ram": 6144,
                                    "region": null,
                                    "rx_tx_factor": 1,
                                    "swap": 0,
                                    "vcpus": 4
                                },
                                "sensitive_values": {
                                    "extra_specs": {}
                                }
                            },
                            {
                                "address": "module.openstack.data.openstack_compute_flavor_v2.flavors[\"node1\"]",
                                "mode": "data",
                                "type": "openstack_compute_flavor_v2",
                                "name": "flavors",
                                "index": "node1",
                                "provider_name": "registry.terraform.io/terraform-provider-openstack/openstack",
                                "schema_version": 0,
                                "values": {
                                    "disk": 20,
                                    "extra_specs": {
                                        "aggregate_instance_extra_specs:persistent": "true",
                                        "quota:cpu_period": "1000000",
                                        "quota:cpu_quota": "950000",
                                        "quota:disk_read_bytes_sec": "115343360",
                                        "quota:disk_read_iops_sec": "2500",
                                        "quota:disk_write_bytes_sec": "115343360",
                                        "quota:disk_write_iops_sec": "2000"
                                    },
                                    "flavor_id": "6bc1a373-efc5-4234-a4ae-db70407cb594",
                                    "id": "6bc1a373-efc5-4234-a4ae-db70407cb594",
                                    "is_public": false,
                                    "min_disk": null,
                                    "min_ram": null,
                                    "name": "p2-3gb",
                                    "ram": 3072,
                                    "region": null,
                                    "rx_tx_factor": 1,
                                    "swap": 0,
                                    "vcpus": 2
                                },
                                "sensitive_values": {
                                    "extra_specs": {}
                                }
                            },
                            {
                                "address": "module.openstack.data.openstack_compute_flavor_v2.flavors[\"node2\"]",
                                "mode": "data",
                                "type": "openstack_compute_flavor_v2",
                                "name": "flavors",
                                "index": "node2",
                                "provider_name": "registry.terraform.io/terraform-provider-openstack/openstack",
                                "schema_version": 0,
                                "values": {
                                    "disk": 20,
                                    "extra_specs": {
                                        "aggregate_instance_extra_specs:persistent": "true",
                                        "quota:cpu_period": "1000000",
                                        "quota:cpu_quota": "950000",
                                        "quota:disk_read_bytes_sec": "115343360",
                                        "quota:disk_read_iops_sec": "2500",
                                        "quota:disk_write_bytes_sec": "115343360",
                                        "quota:disk_write_iops_sec": "2000"
                                    },
                                    "flavor_id": "6bc1a373-efc5-4234-a4ae-db70407cb594",
                                    "id": "6bc1a373-efc5-4234-a4ae-db70407cb594",
                                    "is_public": false,
                                    "min_disk": null,
                                    "min_ram": null,
                                    "name": "p2-3gb",
                                    "ram": 3072,
                                    "region": null,
                                    "rx_tx_factor": 1,
                                    "swap": 0,
                                    "vcpus": 2
                                },
                                "sensitive_values": {
                                    "extra_specs": {}
                                }
                            },
                            {
                                "address": "module.openstack.data.openstack_compute_flavor_v2.flavors[\"node3\"]",
                                "mode": "data",
                                "type": "openstack_compute_flavor_v2",
                                "name": "flavors",
                                "index": "node3",
                                "provider_name": "registry.terraform.io/terraform-provider-openstack/openstack",
                                "schema_version": 0,
                                "values": {
                                    "disk": 20,
                                    "extra_specs": {
                                        "aggregate_instance_extra_specs:persistent": "true",
                                        "quota:cpu_period": "1000000",
                                        "quota:cpu_quota": "950000",
                                        "quota:disk_read_bytes_sec": "115343360",
                                        "quota:disk_read_iops_sec": "2500",
                                        "quota:disk_write_bytes_sec": "115343360",
                                        "quota:disk_write_iops_sec": "2000"
                                    },
                                    "flavor_id": "6bc1a373-efc5-4234-a4ae-db70407cb594",
                                    "id": "6bc1a373-efc5-4234-a4ae-db70407cb594",
                                    "is_public": false,
                                    "min_disk": null,
                                    "min_ram": null,
                                    "name": "p2-3gb",
                                    "ram": 3072,
                                    "region": null,
                                    "rx_tx_factor": 1,
                                    "swap": 0,
                                    "vcpus": 2
                                },
                                "sensitive_values": {
                                    "extra_specs": {}
                                }
                            },
                            {
                                "address": "module.openstack.data.openstack_images_image_v2.image",
                                "mode": "data",
                                "type": "openstack_images_image_v2",
                                "name": "image",
                                "provider_name": "registry.terraform.io/terraform-provider-openstack/openstack",
                                "schema_version": 0,
                                "values": {
                                    "checksum": "8b9411110b8cc5596eb17c60c991ef03",
                                    "container_format": "bare",
                                    "created_at": "2021-05-26T18:03:56Z",
                                    "disk_format": "qcow2",
                                    "file": "/v2/images/4cade8a8-d7df-40e8-8bd3-f58e2e17b523/file",
                                    "hidden": false,
                                    "id": "4cade8a8-d7df-40e8-8bd3-f58e2e17b523",
                                    "member_status": null,
                                    "metadata": {},
                                    "min_disk_gb": 0,
                                    "min_ram_mb": 0,
                                    "most_recent": false,
                                    "name": "Rocky-8.7-x64-2023-02",
                                    "owner": "3c3b4fb0ff154c65992f9b5f1aed44ea",
                                    "properties": null,
                                    "protected": true,
                                    "region": "RegionOne",
                                    "schema": "/v2/schemas/image",
                                    "size_bytes": 888995840,
                                    "size_max": null,
                                    "size_min": null,
                                    "sort_direction": "asc",
                                    "sort_key": "name",
                                    "tag": null,
                                    "tags": [],
                                    "updated_at": "2021-09-21T07:06:22Z",
                                    "visibility": "public"
                                },
                                "sensitive_values": {
                                    "metadata": {},
                                    "tags": []
                                }
                            },
                            {
                                "address": "module.openstack.data.openstack_networking_network_v2.ext_network",
                                "mode": "data",
                                "type": "openstack_networking_network_v2",
                                "name": "ext_network",
                                "provider_name": "registry.terraform.io/terraform-provider-openstack/openstack",
                                "schema_version": 0,
                                "values": {
                                    "admin_state_up": "true",
                                    "all_tags": [],
                                    "availability_zone_hints": [],
                                    "description": "",
                                    "dns_domain": "",
                                    "external": true,
                                    "id": "6621bf61-6094-4b24-a9a0-f5794c3a881e",
                                    "matching_subnet_cidr": null,
                                    "mtu": 1500,
                                    "name": "Public-Network",
                                    "network_id": null,
                                    "region": "RegionOne",
                                    "shared": "false",
                                    "status": null,
                                    "subnets": [
                                        "1f6a472c-c1bf-42a4-9473-7ec1a543f0a8",
                                        "420e1bf0-575c-4498-9bee-85e24ce8c1fc"
                                    ],
                                    "tags": null,
                                    "tenant_id": "3c3b4fb0ff154c65992f9b5f1aed44ea",
                                    "transparent_vlan": false
                                },
                                "sensitive_values": {
                                    "all_tags": [],
                                    "availability_zone_hints": [],
                                    "subnets": [
                                        false,
                                        false
                                    ]
                                }
                            },
                            {
                                "address": "module.openstack.data.openstack_networking_network_v2.int_network",
                                "mode": "data",
                                "type": "openstack_networking_network_v2",
                                "name": "int_network",
                                "provider_name": "registry.terraform.io/terraform-provider-openstack/openstack",
                                "schema_version": 0,
                                "values": {
                                    "admin_state_up": "true",
                                    "all_tags": [],
                                    "availability_zone_hints": [],
                                    "description": "",
                                    "dns_domain": "",
                                    "external": false,
                                    "id": "f2b11478-de5c-4610-8646-a39142a91f0a",
                                    "matching_subnet_cidr": null,
                                    "mtu": 1500,
                                    "name": "ipm-500-network",
                                    "network_id": null,
                                    "region": "RegionOne",
                                    "shared": "false",
                                    "status": null,
                                    "subnets": [
                                        "b70582fc-c0f6-45fa-a022-e45affb90106"
                                    ],
                                    "tags": null,
                                    "tenant_id": "dde6409100e4490f935cf5bf7f3e75ed",
                                    "transparent_vlan": false
                                },
                                "sensitive_values": {
                                    "all_tags": [],
                                    "availability_zone_hints": [],
                                    "subnets": [
                                        false
                                    ]
                                }
                            },
                            {
                                "address": "module.openstack.data.openstack_networking_subnet_v2.subnet",
                                "mode": "data",
                                "type": "openstack_networking_subnet_v2",
                                "name": "subnet",
                                "provider_name": "registry.terraform.io/terraform-provider-openstack/openstack",
                                "schema_version": 0,
                                "values": {
                                    "all_tags": [],
                                    "allocation_pools": [
                                        {
                                            "end": "192.168.126.254",
                                            "start": "192.168.126.2"
                                        }
                                    ],
                                    "cidr": "192.168.126.0/24",
                                    "description": "",
                                    "dhcp_disabled": null,
                                    "dhcp_enabled": null,
                                    "dns_nameservers": [],
                                    "enable_dhcp": true,
                                    "gateway_ip": "192.168.126.1",
                                    "host_routes": [],
                                    "id": "b70582fc-c0f6-45fa-a022-e45affb90106",
                                    "ip_version": 4,
                                    "ipv6_address_mode": "",
                                    "ipv6_ra_mode": "",
                                    "name": "ipm-500-subnet",
                                    "network_id": "f2b11478-de5c-4610-8646-a39142a91f0a",
                                    "region": "RegionOne",
                                    "subnet_id": null,
                                    "subnetpool_id": "",
                                    "tags": null,
                                    "tenant_id": "dde6409100e4490f935cf5bf7f3e75ed"
                                },
                                "sensitive_values": {
                                    "all_tags": [],
                                    "allocation_pools": [
                                        {}
                                    ],
                                    "dns_nameservers": [],
                                    "host_routes": []
                                }
                            }
                        ],
                        "address": "module.openstack"
                    }
                ]
            }
        }
    },
    "configuration": {
        "provider_config": {
            "module.openstack.module.cluster_config:null": {
                "name": "null",
                "module_address": "module.openstack.module.cluster_config"
            },
            "module.openstack.module.cluster_config:random": {
                "name": "random",
                "module_address": "module.openstack.module.cluster_config"
            },
            "module.openstack.module.instance_config:random": {
                "name": "random",
                "module_address": "module.openstack.module.instance_config"
            },
            "module.openstack.module.instance_config:tls": {
                "name": "tls",
                "module_address": "module.openstack.module.instance_config"
            },
            "module.openstack:openstack": {
                "name": "openstack",
                "module_address": "module.openstack"
            }
        },
        "root_module": {
            "module_calls": {
                "openstack": {
                    "source": "git::https://github.com/ComputeCanada/magic_castle.git//openstack?ref=11.8",
                    "expressions": {
                        "cluster_name": {
                            "constant_value": "missingfloatingips"
                        },
                        "config_git_url": {
                            "constant_value": "https://github.com/ComputeCanada/puppet-magic_castle.git"
                        },
                        "config_version": {
                            "constant_value": "11.8"
                        },
                        "domain": {
                            "constant_value": "c3.ca"
                        },
                        "generate_ssh_key": {
                            "constant_value": true
                        },
                        "guest_passwd": {
                            "constant_value": "password-123"
                        },
                        "image": {
                            "constant_value": "Rocky-8.7-x64-2023-02"
                        },
                        "instances": {
                            "constant_value": {
                                "login": {
                                    "count": 1,
                                    "tags": [
                                        "login",
                                        "proxy",
                                        "public"
                                    ],
                                    "type": "p4-6gb"
                                },
                                "mgmt": {
                                    "count": 1,
                                    "tags": [
                                        "mgmt",
                                        "nfs",
                                        "puppet"
                                    ],
                                    "type": "p4-6gb"
                                },
                                "node": {
                                    "count": 3,
                                    "tags": [
                                        "node"
                                    ],
                                    "type": "p2-3gb"
                                }
                            }
                        },
                        "nb_users": {
                            "constant_value": 17
                        },
                        "public_keys": {
                            "constant_value": [
                                "ssh-rsa FAKE"
                            ]
                        },
                        "volumes": {
                            "constant_value": {
                                "nfs": {
                                    "home": {
                                        "size": 50
                                    },
                                    "project": {
                                        "size": 1
                                    },
                                    "scratch": {
                                        "size": 1
                                    }
                                }
                            }
                        }
                    },
                    "module": {
                        "outputs": {
                            "accounts": {
                                "expression": {
                                    "references": [
                                        "var.nb_users",
                                        "var.nb_users",
                                        "var.nb_users",
                                        "module.cluster_config.guest_passwd",
                                        "module.cluster_config",
                                        "module.cluster_config.freeipa_passwd",
                                        "module.cluster_config",
                                        "var.sudoer_username"
                                    ]
                                }
                            },
                            "cluster_name": {
                                "expression": {
                                    "references": [
                                        "var.cluster_name"
                                    ]
                                }
                            },
                            "domain": {
                                "expression": {
                                    "references": [
                                        "var.domain"
                                    ]
                                }
                            },
                            "public_instances": {
                                "expression": {
                                    "references": [
                                        "module.cluster_config.public_instances",
                                        "module.cluster_config"
                                    ]
                                }
                            },
                            "public_ip": {
                                "expression": {
                                    "references": [
                                        "module.cluster_config.public_instances",
                                        "module.cluster_config"
                                    ]
                                }
                            },
                            "ssh_private_key": {
                                "sensitive": true,
                                "expression": {
                                    "references": [
                                        "module.instance_config.ssh_key.private",
                                        "module.instance_config.ssh_key",
                                        "module.instance_config"
                                    ]
                                }
                            }
                        },
                        "resources": [
                            {
                                "address": "openstack_blockstorage_volume_v3.volumes",
                                "mode": "managed",
                                "type": "openstack_blockstorage_volume_v3",
                                "name": "volumes",
                                "provider_config_key": "openstack:openstack",
                                "expressions": {
                                    "description": {
                                        "references": [
                                            "var.cluster_name",
                                            "each.key"
                                        ]
                                    },
                                    "name": {
                                        "references": [
                                            "var.cluster_name",
                                            "each.key"
                                        ]
                                    },
                                    "size": {
                                        "references": [
                                            "each.value.size",
                                            "each.value"
                                        ]
                                    },
                                    "snapshot_id": {
                                        "references": [
                                            "each.value"
                                        ]
                                    },
                                    "volume_type": {
                                        "references": [
                                            "each.value"
                                        ]
                                    }
                                },
                                "schema_version": 0,
                                "for_each_expression": {
                                    "references": [
                                        "module.design.volumes",
                                        "module.design"
                                    ]
                                }
                            },
                            {
                                "address": "openstack_compute_floatingip_associate_v2.fip",
                                "mode": "managed",
                                "type": "openstack_compute_floatingip_associate_v2",
                                "name": "fip",
                                "provider_config_key": "openstack:openstack",
                                "expressions": {
                                    "floating_ip": {
                                        "references": [
                                            "local.public_ip",
                                            "each.key"
                                        ]
                                    },
                                    "instance_id": {
                                        "references": [
                                            "openstack_compute_instance_v2.instances",
                                            "each.key"
                                        ]
                                    }
                                },
                                "schema_version": 0,
                                "for_each_expression": {
                                    "references": [
                                        "module.design.instances",
                                        "module.design"
                                    ]
                                }
                            },
                            {
                                "address": "openstack_compute_instance_v2.instances",
                                "mode": "managed",
                                "type": "openstack_compute_instance_v2",
                                "name": "instances",
                                "provider_config_key": "openstack:openstack",
                                "expressions": {
                                    "flavor_name": {
                                        "references": [
                                            "each.value.type",
                                            "each.value"
                                        ]
                                    },
                                    "image_id": {
                                        "references": [
                                            "each.value",
                                            "data.openstack_compute_flavor_v2.flavors",
                                            "each.key",
                                            "data.openstack_images_image_v2.image.id",
                                            "data.openstack_images_image_v2.image"
                                        ]
                                    },
                                    "key_pair": {
                                        "references": [
                                            "openstack_compute_keypair_v2.keypair.name",
                                            "openstack_compute_keypair_v2.keypair"
                                        ]
                                    },
                                    "metadata": {
                                        "constant_value": {}
                                    },
                                    "name": {
                                        "references": [
                                            "var.cluster_name",
                                            "each.key"
                                        ]
                                    },
                                    "network": [
                                        {
                                            "port": {
                                                "references": [
                                                    "openstack_networking_port_v2.nic",
                                                    "each.key"
                                                ]
                                            }
                                        }
                                    ],
                                    "user_data": {
                                        "references": [
                                            "module.instance_config.user_data",
                                            "module.instance_config",
                                            "each.key"
                                        ]
                                    }
                                },
                                "schema_version": 0,
                                "for_each_expression": {
                                    "references": [
                                        "module.design.instances",
                                        "module.design"
                                    ]
                                }
                            },
                            {
                                "address": "openstack_compute_keypair_v2.keypair",
                                "mode": "managed",
                                "type": "openstack_compute_keypair_v2",
                                "name": "keypair",
                                "provider_config_key": "openstack:openstack",
                                "expressions": {
                                    "name": {
                                        "references": [
                                            "var.cluster_name"
                                        ]
                                    },
                                    "public_key": {
                                        "references": [
                                            "var.public_keys[0]",
                                            "var.public_keys"
                                        ]
                                    }
                                },
                                "schema_version": 0
                            },
                            {
                                "address": "openstack_compute_secgroup_v2.secgroup",
                                "mode": "managed",
                                "type": "openstack_compute_secgroup_v2",
                                "name": "secgroup",
                                "provider_config_key": "openstack:openstack",
                                "expressions": {
                                    "description": {
                                        "references": [
                                            "var.cluster_name"
                                        ]
                                    },
                                    "name": {
                                        "references": [
                                            "var.cluster_name"
                                        ]
                                    },
                                    "rule": [
                                        {
                                            "from_port": {
                                                "constant_value": -1
                                            },
                                            "ip_protocol": {
                                                "constant_value": "icmp"
                                            },
                                            "self": {
                                                "constant_value": true
                                            },
                                            "to_port": {
                                                "constant_value": -1
                                            }
                                        },
                                        {
                                            "from_port": {
                                                "constant_value": 1
                                            },
                                            "ip_protocol": {
                                                "constant_value": "tcp"
                                            },
                                            "self": {
                                                "constant_value": true
                                            },
                                            "to_port": {
                                                "constant_value": 65535
                                            }
                                        },
                                        {
                                            "from_port": {
                                                "constant_value": 1
                                            },
                                            "ip_protocol": {
                                                "constant_value": "udp"
                                            },
                                            "self": {
                                                "constant_value": true
                                            },
                                            "to_port": {
                                                "constant_value": 65535
                                            }
                                        }
                                    ]
                                },
                                "schema_version": 0
                            },
                            {
                                "address": "openstack_compute_volume_attach_v2.attachments",
                                "mode": "managed",
                                "type": "openstack_compute_volume_attach_v2",
                                "name": "attachments",
                                "provider_config_key": "openstack:openstack",
                                "expressions": {
                                    "instance_id": {
                                        "references": [
                                            "openstack_compute_instance_v2.instances",
                                            "each.value.instance",
                                            "each.value"
                                        ]
                                    },
                                    "volume_id": {
                                        "references": [
                                            "openstack_blockstorage_volume_v3.volumes",
                                            "each.key"
                                        ]
                                    }
                                },
                                "schema_version": 0,
                                "for_each_expression": {
                                    "references": [
                                        "module.design.volumes",
                                        "module.design"
                                    ]
                                }
                            },
                            {
                                "address": "openstack_networking_floatingip_v2.fip",
                                "mode": "managed",
                                "type": "openstack_networking_floatingip_v2",
                                "name": "fip",
                                "provider_config_key": "openstack:openstack",
                                "expressions": {
                                    "pool": {
                                        "references": [
                                            "data.openstack_networking_network_v2.ext_network.name",
                                            "data.openstack_networking_network_v2.ext_network"
                                        ]
                                    }
                                },
                                "schema_version": 0,
                                "for_each_expression": {
                                    "references": [
                                        "module.design.instances",
                                        "module.design",
                                        "var.os_floating_ips"
                                    ]
                                }
                            },
                            {
                                "address": "openstack_networking_port_v2.nic",
                                "mode": "managed",
                                "type": "openstack_networking_port_v2",
                                "name": "nic",
                                "provider_config_key": "openstack:openstack",
                                "expressions": {
                                    "fixed_ip": [
                                        {
                                            "subnet_id": {
                                                "references": [
                                                    "local.subnet.id",
                                                    "local.subnet"
                                                ]
                                            }
                                        }
                                    ],
                                    "name": {
                                        "references": [
                                            "var.cluster_name",
                                            "each.key"
                                        ]
                                    },
                                    "network_id": {
                                        "references": [
                                            "local.network.id",
                                            "local.network"
                                        ]
                                    },
                                    "security_group_ids": {
                                        "references": [
                                            "openstack_compute_secgroup_v2.secgroup.id",
                                            "openstack_compute_secgroup_v2.secgroup"
                                        ]
                                    }
                                },
                                "schema_version": 0,
                                "for_each_expression": {
                                    "references": [
                                        "module.design.instances",
                                        "module.design"
                                    ]
                                }
                            },
                            {
                                "address": "data.external.keystone",
                                "mode": "data",
                                "type": "external",
                                "name": "keystone",
                                "provider_config_key": "openstack:external",
                                "expressions": {
                                    "program": {
                                        "references": [
                                            "path.module"
                                        ]
                                    }
                                },
                                "schema_version": 0
                            },
                            {
                                "address": "data.openstack_compute_flavor_v2.flavors",
                                "mode": "data",
                                "type": "openstack_compute_flavor_v2",
                                "name": "flavors",
                                "provider_config_key": "openstack:openstack",
                                "expressions": {
                                    "name": {
                                        "references": [
                                            "each.value.type",
                                            "each.value"
                                        ]
                                    }
                                },
                                "schema_version": 0,
                                "for_each_expression": {
                                    "references": [
                                        "module.design.instances",
                                        "module.design"
                                    ]
                                }
                            },
                            {
                                "address": "data.openstack_images_image_v2.image",
                                "mode": "data",
                                "type": "openstack_images_image_v2",
                                "name": "image",
                                "provider_config_key": "openstack:openstack",
                                "expressions": {
                                    "name": {
                                        "references": [
                                            "var.image"
                                        ]
                                    }
                                },
                                "schema_version": 0
                            },
                            {
                                "address": "data.openstack_networking_network_v2.ext_network",
                                "mode": "data",
                                "type": "openstack_networking_network_v2",
                                "name": "ext_network",
                                "provider_config_key": "openstack:openstack",
                                "expressions": {
                                    "external": {
                                        "constant_value": true
                                    },
                                    "name": {
                                        "references": [
                                            "var.os_ext_network"
                                        ]
                                    }
                                },
                                "schema_version": 0
                            },
                            {
                                "address": "data.openstack_networking_network_v2.int_network",
                                "mode": "data",
                                "type": "openstack_networking_network_v2",
                                "name": "int_network",
                                "provider_config_key": "openstack:openstack",
                                "expressions": {
                                    "external": {
                                        "constant_value": false
                                    },
                                    "name": {
                                        "references": [
                                            "var.os_int_network"
                                        ]
                                    }
                                },
                                "schema_version": 0
                            },
                            {
                                "address": "data.openstack_networking_subnet_v2.subnet",
                                "mode": "data",
                                "type": "openstack_networking_subnet_v2",
                                "name": "subnet",
                                "provider_config_key": "openstack:openstack",
                                "expressions": {
                                    "name": {
                                        "references": [
                                            "var.os_int_subnet"
                                        ]
                                    },
                                    "network_id": {
                                        "references": [
                                            "data.openstack_networking_network_v2.int_network.id",
                                            "data.openstack_networking_network_v2.int_network"
                                        ]
                                    }
                                },
                                "schema_version": 0
                            }
                        ],
                        "module_calls": {
                            "cluster_config": {
                                "source": "../common/cluster_config",
                                "expressions": {
                                    "cloud_provider": {
                                        "references": [
                                            "local.cloud_provider"
                                        ]
                                    },
                                    "cloud_region": {
                                        "references": [
                                            "local.cloud_region"
                                        ]
                                    },
                                    "cluster_name": {
                                        "references": [
                                            "var.cluster_name"
                                        ]
                                    },
                                    "domain_name": {
                                        "references": [
                                            "module.design.domain_name",
                                            "module.design"
                                        ]
                                    },
                                    "guest_passwd": {
                                        "references": [
                                            "var.guest_passwd"
                                        ]
                                    },
                                    "hieradata": {
                                        "references": [
                                            "var.hieradata"
                                        ]
                                    },
                                    "instances": {
                                        "references": [
                                            "local.all_instances"
                                        ]
                                    },
                                    "nb_users": {
                                        "references": [
                                            "var.nb_users"
                                        ]
                                    },
                                    "public_keys": {
                                        "references": [
                                            "var.public_keys"
                                        ]
                                    },
                                    "software_stack": {
                                        "references": [
                                            "var.software_stack"
                                        ]
                                    },
                                    "sudoer_username": {
                                        "references": [
                                            "var.sudoer_username"
                                        ]
                                    },
                                    "tf_ssh_key": {
                                        "references": [
                                            "module.instance_config.ssh_key",
                                            "module.instance_config"
                                        ]
                                    },
                                    "volume_devices": {
                                        "references": [
                                            "local.volume_devices"
                                        ]
                                    }
                                },
                                "module": {
                                    "outputs": {
                                        "freeipa_passwd": {
                                            "expression": {
                                                "references": [
                                                    "random_string.freeipa_passwd.result",
                                                    "random_string.freeipa_passwd"
                                                ]
                                            }
                                        },
                                        "guest_passwd": {
                                            "expression": {
                                                "references": [
                                                    "var.guest_passwd",
                                                    "var.guest_passwd",
                                                    "random_pet.guest_passwd[0].id",
                                                    "random_pet.guest_passwd[0]",
                                                    "random_pet.guest_passwd"
                                                ]
                                            }
                                        },
                                        "public_instances": {
                                            "expression": {
                                                "references": [
                                                    "local.public_instances"
                                                ]
                                            }
                                        }
                                    },
                                    "resources": [
                                        {
                                            "address": "null_resource.deploy_hieradata",
                                            "mode": "managed",
                                            "type": "null_resource",
                                            "name": "deploy_hieradata",
                                            "provider_config_key": "cluster_config:null",
                                            "provisioners": [
                                                {
                                                    "type": "file",
                                                    "expressions": {
                                                        "content": {
                                                            "references": [
                                                                "local.hieradata"
                                                            ]
                                                        },
                                                        "destination": {
                                                            "constant_value": "terraform_data.yaml"
                                                        }
                                                    }
                                                },
                                                {
                                                    "type": "file",
                                                    "expressions": {
                                                        "content": {
                                                            "references": [
                                                                "local.facts"
                                                            ]
                                                        },
                                                        "destination": {
                                                            "constant_value": "terraform_facts.yaml"
                                                        }
                                                    }
                                                },
                                                {
                                                    "type": "file",
                                                    "expressions": {
                                                        "content": {
                                                            "references": [
                                                                "var.hieradata"
                                                            ]
                                                        },
                                                        "destination": {
                                                            "constant_value": "user_data.yaml"
                                                        }
                                                    }
                                                },
                                                {
                                                    "type": "remote-exec",
                                                    "expressions": {
                                                        "inline": {
                                                            "constant_value": [
                                                                "sudo mkdir -p /etc/puppetlabs/data",
                                                                "sudo mkdir -p /etc/puppetlabs/facts",
                                                                "sudo install -m 650 terraform_data.yaml user_data.yaml /etc/puppetlabs/data/",
                                                                "sudo install -m 650 terraform_facts.yaml /etc/puppetlabs/facts/",
                                                                "sudo chgrp puppet /etc/puppetlabs/data/terraform_data.yaml /etc/puppetlabs/data/user_data.yaml \u0026\u003e /dev/null || true",
                                                                "sudo chgrp puppet /etc/puppetlabs/facts/terraform_facts.yaml \u0026\u003e /dev/null || true",
                                                                "rm -f terraform_data.yaml user_data.yaml terraform_facts.yaml",
                                                                "[ -f /usr/local/bin/consul ] \u0026\u0026 [ -f /usr/bin/jq ] \u0026\u0026 consul event -token=$(sudo jq -r .acl_agent_token /etc/consul/config.json) -name=puppet || true"
                                                            ]
                                                        }
                                                    }
                                                }
                                            ],
                                            "expressions": {
                                                "triggers": {
                                                    "references": [
                                                        "var.hieradata",
                                                        "local.hieradata",
                                                        "local.facts",
                                                        "local.puppetserver_id"
                                                    ]
                                                }
                                            },
                                            "schema_version": 0,
                                            "count_expression": {
                                                "references": [
                                                    "local.all_tags",
                                                    "local.all_tags"
                                                ]
                                            }
                                        },
                                        {
                                            "address": "random_pet.guest_passwd",
                                            "mode": "managed",
                                            "type": "random_pet",
                                            "name": "guest_passwd",
                                            "provider_config_key": "cluster_config:random",
                                            "expressions": {
                                                "length": {
                                                    "constant_value": 4
                                                },
                                                "separator": {
                                                    "constant_value": "."
                                                }
                                            },
                                            "schema_version": 0,
                                            "count_expression": {
                                                "references": [
                                                    "var.guest_passwd"
                                                ]
                                            }
                                        },
                                        {
                                            "address": "random_string.freeipa_passwd",
                                            "mode": "managed",
                                            "type": "random_string",
                                            "name": "freeipa_passwd",
                                            "provider_config_key": "cluster_config:random",
                                            "expressions": {
                                                "length": {
                                                    "constant_value": 16
                                                },
                                                "special": {
                                                    "constant_value": false
                                                }
                                            },
                                            "schema_version": 1
                                        },
                                        {
                                            "address": "random_string.munge_key",
                                            "mode": "managed",
                                            "type": "random_string",
                                            "name": "munge_key",
                                            "provider_config_key": "cluster_config:random",
                                            "expressions": {
                                                "length": {
                                                    "constant_value": 32
                                                },
                                                "special": {
                                                    "constant_value": false
                                                }
                                            },
                                            "schema_version": 1
                                        },
                                        {
                                            "address": "random_uuid.consul_token",
                                            "mode": "managed",
                                            "type": "random_uuid",
                                            "name": "consul_token",
                                            "provider_config_key": "cluster_config:random",
                                            "schema_version": 0
                                        }
                                    ],
                                    "variables": {
                                        "cloud_provider": {},
                                        "cloud_region": {},
                                        "cluster_name": {},
                                        "domain_name": {},
                                        "guest_passwd": {},
                                        "hieradata": {},
                                        "instances": {},
                                        "nb_users": {},
                                        "public_keys": {},
                                        "software_stack": {},
                                        "sudoer_username": {},
                                        "tf_ssh_key": {},
                                        "volume_devices": {}
                                    }
                                }
                            },
                            "design": {
                                "source": "../common/design",
                                "expressions": {
                                    "cluster_name": {
                                        "references": [
                                            "var.cluster_name"
                                        ]
                                    },
                                    "domain": {
                                        "references": [
                                            "var.domain"
                                        ]
                                    },
                                    "instances": {
                                        "references": [
                                            "var.instances"
                                        ]
                                    },
                                    "volumes": {
                                        "references": [
                                            "var.volumes"
                                        ]
                                    }
                                },
                                "module": {
                                    "outputs": {
                                        "domain_name": {
                                            "expression": {
                                                "references": [
                                                    "local.domain_name"
                                                ]
                                            }
                                        },
                                        "instances": {
                                            "expression": {
                                                "references": [
                                                    "local.instances"
                                                ]
                                            }
                                        },
                                        "volume_per_instance": {
                                            "expression": {
                                                "references": [
                                                    "local.volume_per_instance"
                                                ]
                                            }
                                        },
                                        "volumes": {
                                            "expression": {
                                                "references": [
                                                    "local.volumes"
                                                ]
                                            }
                                        }
                                    },
                                    "variables": {
                                        "cluster_name": {},
                                        "domain": {},
                                        "instances": {},
                                        "volumes": {}
                                    }
                                }
                            },
                            "instance_config": {
                                "source": "../common/instance_config",
                                "expressions": {
                                    "config_git_url": {
                                        "references": [
                                            "var.config_git_url"
                                        ]
                                    },
                                    "config_version": {
                                        "references": [
                                            "var.config_version"
                                        ]
                                    },
                                    "generate_ssh_key": {
                                        "references": [
                                            "var.generate_ssh_key"
                                        ]
                                    },
                                    "instances": {
                                        "references": [
                                            "module.design.instances",
                                            "module.design"
                                        ]
                                    },
                                    "public_keys": {
                                        "references": [
                                            "var.public_keys"
                                        ]
                                    },
                                    "puppetserver_ip": {
                                        "references": [
                                            "local.puppetserver_ip"
                                        ]
                                    },
                                    "sudoer_username": {
                                        "references": [
                                            "var.sudoer_username"
                                        ]
                                    }
                                },
                                "module": {
                                    "outputs": {
                                        "rsa_hostkeys": {
                                            "expression": {
                                                "references": [
                                                    "var.instances",
                                                    "tls_private_key.rsa_hostkeys"
                                                ]
                                            }
                                        },
                                        "ssh_key": {
                                            "expression": {
                                                "references": [
                                                    "local.ssh_key"
                                                ]
                                            }
                                        },
                                        "user_data": {
                                            "sensitive": true,
                                            "expression": {
                                                "references": [
                                                    "local.user_data"
                                                ]
                                            }
                                        }
                                    },
                                    "resources": [
                                        {
                                            "address": "random_string.puppetserver_password",
                                            "mode": "managed",
                                            "type": "random_string",
                                            "name": "puppetserver_password",
                                            "provider_config_key": "instance_config:random",
                                            "expressions": {
                                                "length": {
                                                    "constant_value": 32
                                                },
                                                "special": {
                                                    "constant_value": false
                                                }
                                            },
                                            "schema_version": 1
                                        },
                                        {
                                            "address": "tls_private_key.rsa_hostkeys",
                                            "mode": "managed",
                                            "type": "tls_private_key",
                                            "name": "rsa_hostkeys",
                                            "provider_config_key": "instance_config:tls",
                                            "expressions": {
                                                "algorithm": {
                                                    "constant_value": "RSA"
                                                },
                                                "rsa_bits": {
                                                    "constant_value": 4096
                                                }
                                            },
                                            "schema_version": 0,
                                            "for_each_expression": {
                                                "references": [
                                                    "var.instances"
                                                ]
                                            }
                                        },
                                        {
                                            "address": "tls_private_key.ssh",
                                            "mode": "managed",
                                            "type": "tls_private_key",
                                            "name": "ssh",
                                            "provider_config_key": "instance_config:tls",
                                            "expressions": {
                                                "algorithm": {
                                                    "constant_value": "RSA"
                                                },
                                                "rsa_bits": {
                                                    "constant_value": 4096
                                                }
                                            },
                                            "schema_version": 0,
                                            "count_expression": {
                                                "references": [
                                                    "var.generate_ssh_key"
                                                ]
                                            }
                                        }
                                    ],
                                    "variables": {
                                        "config_git_url": {},
                                        "config_version": {},
                                        "generate_ssh_key": {},
                                        "instances": {},
                                        "public_keys": {},
                                        "puppetserver_ip": {},
                                        "sudoer_username": {}
                                    }
                                }
                            }
                        },
                        "variables": {
                            "cluster_name": {
                                "description": "Name by which this cluster will be known as."
                            },
                            "config_git_url": {
                                "description": "URL to the Magic Castle Puppet configuration git repo"
                            },
                            "config_version": {
                                "description": "Tag, branch, or commit that specifies which Puppet configuration revision is to be used"
                            },
                            "domain": {
                                "description": "String which when combined with cluster_name will formed the cluster FQDN"
                            },
                            "firewall_rules": {
                                "default": [
                                    {
                                        "cidr": "0.0.0.0/0",
                                        "from_port": 22,
                                        "ip_protocol": "tcp",
                                        "name": "SSH",
                                        "to_port": 22
                                    },
                                    {
                                        "cidr": "0.0.0.0/0",
                                        "from_port": 80,
                                        "ip_protocol": "tcp",
                                        "name": "HTTP",
                                        "to_port": 80
                                    },
                                    {
                                        "cidr": "0.0.0.0/0",
                                        "from_port": 443,
                                        "ip_protocol": "tcp",
                                        "name": "HTTPS",
                                        "to_port": 443
                                    },
                                    {
                                        "cidr": "54.237.254.192/29",
                                        "from_port": 2811,
                                        "ip_protocol": "tcp",
                                        "name": "Globus",
                                        "to_port": 2811
                                    },
                                    {
                                        "cidr": "0.0.0.0/0",
                                        "from_port": 7512,
                                        "ip_protocol": "tcp",
                                        "name": "MyProxy",
                                        "to_port": 7512
                                    },
                                    {
                                        "cidr": "0.0.0.0/0",
                                        "from_port": 50000,
                                        "ip_protocol": "tcp",
                                        "name": "GridFTP",
                                        "to_port": 51000
                                    }
                                ],
                                "description": "List of login external firewall rules defined as map of 5 values name, from_port, to_port, ip_protocol and cidr"
                            },
                            "generate_ssh_key": {
                                "default": false,
                                "description": "If set to true, Terraform will generate an ssh key pair to connect to the cluster. Default: false"
                            },
                            "guest_passwd": {
                                "default": "",
                                "description": "Guest accounts common password. If left blank, the password is randomly generated."
                            },
                            "hieradata": {
                                "default": "---",
                                "description": "String formatted as YAML defining hiera key-value pairs to be included in the puppet environment"
                            },
                            "image": {
                                "description": "Name of the operating system image that will be used to create a boot disk for the instances"
                            },
                            "instances": {
                                "description": "Map that defines the parameters for each type of instance of the cluster"
                            },
                            "nb_users": {
                                "default": 0,
                                "description": "Number of user accounts with a common password that will be created"
                            },
                            "os_ext_network": {
                                "default": null
                            },
                            "os_floating_ips": {
                                "default": {}
                            },
                            "os_int_network": {
                                "default": null
                            },
                            "os_int_subnet": {
                                "default": null
                            },
                            "public_keys": {
                                "description": "List of SSH public keys that can log in as {sudoer_username}"
                            },
                            "software_stack": {
                                "default": "computecanada",
                                "description": "Provider of research computing software stack (can be 'computecanada' or 'eessi')"
                            },
                            "sudoer_username": {
                                "default": "centos",
                                "description": "Username of the administrative account"
                            },
                            "volumes": {
                                "description": "Map that defines the volumes to be attached to the instances"
                            }
                        }
                    }
                }
            }
        }
    }
}