{
    "format_version": "0.1",
    "terraform_version": "0.12.24",
    "planned_values": {},
    "resource_changes": [
        {
            "address": "module.openstack.data.template_cloudinit_config.login_config[0]",
            "module_address": "module.openstack",
            "mode": "data",
            "type": "template_cloudinit_config",
            "name": "login_config",
            "index": 0,
            "provider_name": "template",
            "change": {
                "actions": [
                    "read"
                ],
                "before": null,
                "after": {
                    "base64_encode": null,
                    "gzip": null,
                    "part": [
                        {
                            "content_type": "text/cloud-config",
                            "filename": "ssh_keys.yaml",
                            "merge_type": "list(append)+dict(recurse_array)+str()"
                        },
                        {
                            "content_type": "text/cloud-config",
                            "filename": "login.yaml",
                            "merge_type": "list(append)+dict(recurse_array)+str()"
                        }
                    ]
                },
                "after_unknown": {
                    "id": true,
                    "part": [
                        {
                            "content": true
                        },
                        {
                            "content": true
                        }
                    ],
                    "rendered": true
                }
            }
        },
        {
            "address": "module.openstack.data.template_cloudinit_config.mgmt_config[0]",
            "module_address": "module.openstack",
            "mode": "data",
            "type": "template_cloudinit_config",
            "name": "mgmt_config",
            "index": 0,
            "provider_name": "template",
            "change": {
                "actions": [
                    "read"
                ],
                "before": null,
                "after": {
                    "base64_encode": null,
                    "gzip": null,
                    "part": [
                        {
                            "content_type": "text/cloud-config",
                            "filename": "mgmt.yaml",
                            "merge_type": "list(append)+dict(recurse_array)+str()"
                        }
                    ]
                },
                "after_unknown": {
                    "id": true,
                    "part": [
                        {
                            "content": true
                        }
                    ],
                    "rendered": true
                }
            }
        },
        {
            "address": "module.openstack.data.template_cloudinit_config.node_config[\"node1\"]",
            "module_address": "module.openstack",
            "mode": "data",
            "type": "template_cloudinit_config",
            "name": "node_config",
            "index": "node1",
            "provider_name": "template",
            "change": {
                "actions": [
                    "read"
                ],
                "before": null,
                "after": {
                    "base64_encode": null,
                    "gzip": null,
                    "part": [
                        {
                            "content_type": "text/cloud-config",
                            "filename": "node.yaml",
                            "merge_type": "list(append)+dict(recurse_array)+str()"
                        }
                    ]
                },
                "after_unknown": {
                    "id": true,
                    "part": [
                        {
                            "content": true
                        }
                    ],
                    "rendered": true
                }
            }
        },
        {
            "address": "module.openstack.data.template_cloudinit_config.node_config[\"node2\"]",
            "module_address": "module.openstack",
            "mode": "data",
            "type": "template_cloudinit_config",
            "name": "node_config",
            "index": "node2",
            "provider_name": "template",
            "change": {
                "actions": [
                    "read"
                ],
                "before": null,
                "after": {
                    "base64_encode": null,
                    "gzip": null,
                    "part": [
                        {
                            "content_type": "text/cloud-config",
                            "filename": "node.yaml",
                            "merge_type": "list(append)+dict(recurse_array)+str()"
                        }
                    ]
                },
                "after_unknown": {
                    "id": true,
                    "part": [
                        {
                            "content": true
                        }
                    ],
                    "rendered": true
                }
            }
        },
        {
            "address": "module.openstack.data.template_cloudinit_config.node_config[\"node3\"]",
            "module_address": "module.openstack",
            "mode": "data",
            "type": "template_cloudinit_config",
            "name": "node_config",
            "index": "node3",
            "provider_name": "template",
            "change": {
                "actions": [
                    "read"
                ],
                "before": null,
                "after": {
                    "base64_encode": null,
                    "gzip": null,
                    "part": [
                        {
                            "content_type": "text/cloud-config",
                            "filename": "node.yaml",
                            "merge_type": "list(append)+dict(recurse_array)+str()"
                        }
                    ]
                },
                "after_unknown": {
                    "id": true,
                    "part": [
                        {
                            "content": true
                        }
                    ],
                    "rendered": true
                }
            }
        },
        {
            "address": "module.openstack.data.template_file.hieradata",
            "module_address": "module.openstack",
            "mode": "data",
            "type": "template_file",
            "name": "hieradata",
            "provider_name": "template",
            "change": {
                "actions": [
                    "read"
                ],
                "before": null,
                "after": {
                    "filename": null,
                    "template": "FAKE",
                    "vars": {
                        "cluster_name": "missingfloatingips",
                        "domain_name": "missingfloatingips.c3.ca",
                        "nb_users": "17",
                        "sudoer_username": "centos"
                    }
                },
                "after_unknown": {
                    "id": true,
                    "rendered": true,
                    "vars": {
                        "consul_token": true,
                        "freeipa_passwd": true,
                        "guest_passwd": true,
                        "home_dev": true,
                        "mgmt1_ip": true,
                        "munge_key": true,
                        "project_dev": true,
                        "scratch_dev": true
                    }
                }
            }
        },
        {
            "address": "module.openstack.openstack_blockstorage_volume_v2.home[0]",
            "module_address": "module.openstack",
            "mode": "managed",
            "type": "openstack_blockstorage_volume_v2",
            "name": "home",
            "index": 0,
            "provider_name": "openstack",
            "change": {
                "actions": [
                    "create"
                ],
                "before": null,
                "after": {
                    "consistency_group_id": null,
                    "description": "missingfloatingips /home",
                    "image_id": null,
                    "name": "missingfloatingips-home",
                    "scheduler_hints": [],
                    "size": 50,
                    "snapshot_id": null,
                    "source_replica": null,
                    "source_vol_id": null,
                    "timeouts": null
                },
                "after_unknown": {
                    "attachment": true,
                    "availability_zone": true,
                    "id": true,
                    "metadata": true,
                    "region": true,
                    "scheduler_hints": [],
                    "volume_type": true
                }
            }
        },
        {
            "address": "module.openstack.openstack_blockstorage_volume_v2.project[0]",
            "module_address": "module.openstack",
            "mode": "managed",
            "type": "openstack_blockstorage_volume_v2",
            "name": "project",
            "index": 0,
            "provider_name": "openstack",
            "change": {
                "actions": [
                    "create"
                ],
                "before": null,
                "after": {
                    "consistency_group_id": null,
                    "description": "missingfloatingips /project",
                    "image_id": null,
                    "name": "missingfloatingips-project",
                    "scheduler_hints": [],
                    "size": 1,
                    "snapshot_id": null,
                    "source_replica": null,
                    "source_vol_id": null,
                    "timeouts": null
                },
                "after_unknown": {
                    "attachment": true,
                    "availability_zone": true,
                    "id": true,
                    "metadata": true,
                    "region": true,
                    "scheduler_hints": [],
                    "volume_type": true
                }
            }
        },
        {
            "address": "module.openstack.openstack_blockstorage_volume_v2.scratch[0]",
            "module_address": "module.openstack",
            "mode": "managed",
            "type": "openstack_blockstorage_volume_v2",
            "name": "scratch",
            "index": 0,
            "provider_name": "openstack",
            "change": {
                "actions": [
                    "create"
                ],
                "before": null,
                "after": {
                    "consistency_group_id": null,
                    "description": "missingfloatingips /scratch",
                    "image_id": null,
                    "name": "missingfloatingips-scratch",
                    "scheduler_hints": [],
                    "size": 1,
                    "snapshot_id": null,
                    "source_replica": null,
                    "source_vol_id": null,
                    "timeouts": null
                },
                "after_unknown": {
                    "attachment": true,
                    "availability_zone": true,
                    "id": true,
                    "metadata": true,
                    "region": true,
                    "scheduler_hints": [],
                    "volume_type": true
                }
            }
        },
        {
            "address": "module.openstack.openstack_compute_floatingip_associate_v2.fip[0]",
            "module_address": "module.openstack",
            "mode": "managed",
            "type": "openstack_compute_floatingip_associate_v2",
            "name": "fip",
            "index": 0,
            "provider_name": "openstack",
            "change": {
                "actions": [
                    "create"
                ],
                "before": null,
                "after": {
                    "fixed_ip": null,
                    "timeouts": null,
                    "wait_until_associated": null
                },
                "after_unknown": {
                    "floating_ip": true,
                    "id": true,
                    "instance_id": true,
                    "region": true
                }
            }
        },
        {
            "address": "module.openstack.openstack_compute_instance_v2.login[0]",
            "module_address": "module.openstack",
            "mode": "managed",
            "type": "openstack_compute_instance_v2",
            "name": "login",
            "index": 0,
            "provider_name": "openstack",
            "change": {
                "actions": [
                    "create"
                ],
                "before": null,
                "after": {
                    "admin_pass": null,
                    "availability_zone_hints": null,
                    "block_device": [
                        {
                            "boot_index": 0,
                            "delete_on_termination": true,
                            "destination_type": "volume",
                            "device_type": null,
                            "disk_bus": null,
                            "guest_format": null,
                            "source_type": "image",
                            "uuid": "3330f3a3-e52b-4f7d-80a8-57233c9259e7",
                            "volume_size": 10,
                            "volume_type": null
                        }
                    ],
                    "config_drive": null,
                    "flavor_name": "p4-6gb",
                    "floating_ip": null,
                    "force_delete": false,
                    "key_pair": "missingfloatingips-key",
                    "metadata": null,
                    "name": "missingfloatingips-login1",
                    "network": [
                        {
                            "access_network": false
                        }
                    ],
                    "personality": [],
                    "power_state": "active",
                    "scheduler_hints": [],
                    "security_groups": [
                        "missingfloatingips-secgroup"
                    ],
                    "stop_before_destroy": false,
                    "tags": null,
                    "timeouts": null,
                    "vendor_options": [],
                    "volume": []
                },
                "after_unknown": {
                    "access_ip_v4": true,
                    "access_ip_v6": true,
                    "all_metadata": true,
                    "all_tags": true,
                    "availability_zone": true,
                    "block_device": [
                        {}
                    ],
                    "flavor_id": true,
                    "id": true,
                    "image_id": true,
                    "image_name": true,
                    "network": [
                        {
                            "fixed_ip_v4": true,
                            "fixed_ip_v6": true,
                            "floating_ip": true,
                            "mac": true,
                            "name": true,
                            "port": true,
                            "uuid": true
                        }
                    ],
                    "personality": [],
                    "region": true,
                    "scheduler_hints": [],
                    "security_groups": [
                        false
                    ],
                    "user_data": true,
                    "vendor_options": [],
                    "volume": []
                }
            }
        },
        {
            "address": "module.openstack.openstack_compute_instance_v2.mgmt[0]",
            "module_address": "module.openstack",
            "mode": "managed",
            "type": "openstack_compute_instance_v2",
            "name": "mgmt",
            "index": 0,
            "provider_name": "openstack",
            "change": {
                "actions": [
                    "create"
                ],
                "before": null,
                "after": {
                    "admin_pass": null,
                    "availability_zone_hints": null,
                    "block_device": [
                        {
                            "boot_index": 0,
                            "delete_on_termination": true,
                            "destination_type": "volume",
                            "device_type": null,
                            "disk_bus": null,
                            "guest_format": null,
                            "source_type": "image",
                            "uuid": "3330f3a3-e52b-4f7d-80a8-57233c9259e7",
                            "volume_size": 10,
                            "volume_type": null
                        }
                    ],
                    "config_drive": null,
                    "flavor_name": "p4-6gb",
                    "floating_ip": null,
                    "force_delete": false,
                    "key_pair": "missingfloatingips-key",
                    "metadata": null,
                    "name": "missingfloatingips-mgmt1",
                    "network": [
                        {
                            "access_network": false
                        }
                    ],
                    "personality": [],
                    "power_state": "active",
                    "scheduler_hints": [],
                    "stop_before_destroy": false,
                    "tags": null,
                    "timeouts": null,
                    "vendor_options": [],
                    "volume": []
                },
                "after_unknown": {
                    "access_ip_v4": true,
                    "access_ip_v6": true,
                    "all_metadata": true,
                    "all_tags": true,
                    "availability_zone": true,
                    "block_device": [
                        {}
                    ],
                    "flavor_id": true,
                    "id": true,
                    "image_id": true,
                    "image_name": true,
                    "network": [
                        {
                            "fixed_ip_v4": true,
                            "fixed_ip_v6": true,
                            "floating_ip": true,
                            "mac": true,
                            "name": true,
                            "port": true,
                            "uuid": true
                        }
                    ],
                    "personality": [],
                    "region": true,
                    "scheduler_hints": [],
                    "security_groups": true,
                    "user_data": true,
                    "vendor_options": [],
                    "volume": []
                }
            }
        },
        {
            "address": "module.openstack.openstack_compute_instance_v2.node[\"node1\"]",
            "module_address": "module.openstack",
            "mode": "managed",
            "type": "openstack_compute_instance_v2",
            "name": "node",
            "index": "node1",
            "provider_name": "openstack",
            "change": {
                "actions": [
                    "create"
                ],
                "before": null,
                "after": {
                    "admin_pass": null,
                    "availability_zone_hints": null,
                    "block_device": [
                        {
                            "device_type": null,
                            "disk_bus": null,
                            "guest_format": null,
                            "volume_type": null
                        }
                    ],
                    "config_drive": null,
                    "floating_ip": null,
                    "force_delete": false,
                    "key_pair": "missingfloatingips-key",
                    "metadata": null,
                    "network": [
                        {
                            "access_network": false
                        },
                        {}
                    ],
                    "personality": [],
                    "power_state": "active",
                    "scheduler_hints": [],
                    "security_groups": [
                        "missingfloatingips-secgroup"
                    ],
                    "stop_before_destroy": false,
                    "tags": null,
                    "timeouts": null,
                    "vendor_options": [],
                    "volume": []
                },
                "after_unknown": {
                    "access_ip_v4": true,
                    "access_ip_v6": true,
                    "all_metadata": true,
                    "all_tags": true,
                    "availability_zone": true,
                    "block_device": [
                        {
                            "boot_index": true,
                            "delete_on_termination": true,
                            "destination_type": true,
                            "source_type": true,
                            "uuid": true,
                            "volume_size": true
                        }
                    ],
                    "flavor_id": true,
                    "flavor_name": true,
                    "id": true,
                    "image_id": true,
                    "image_name": true,
                    "name": true,
                    "network": [
                        {
                            "fixed_ip_v4": true,
                            "fixed_ip_v6": true,
                            "floating_ip": true,
                            "mac": true,
                            "name": true,
                            "port": true,
                            "uuid": true
                        },
                        {
                            "access_network": true,
                            "fixed_ip_v4": true,
                            "fixed_ip_v6": true,
                            "floating_ip": true,
                            "mac": true,
                            "name": true,
                            "port": true,
                            "uuid": true
                        }
                    ],
                    "personality": [],
                    "region": true,
                    "scheduler_hints": [],
                    "security_groups": [
                        false
                    ],
                    "user_data": true,
                    "vendor_options": [],
                    "volume": []
                }
            }
        },
        {
            "address": "module.openstack.openstack_compute_instance_v2.node[\"node2\"]",
            "module_address": "module.openstack",
            "mode": "managed",
            "type": "openstack_compute_instance_v2",
            "name": "node",
            "index": "node2",
            "provider_name": "openstack",
            "change": {
                "actions": [
                    "create"
                ],
                "before": null,
                "after": {
                    "admin_pass": null,
                    "availability_zone_hints": null,
                    "block_device": [
                        {
                            "device_type": null,
                            "disk_bus": null,
                            "guest_format": null,
                            "volume_type": null
                        }
                    ],
                    "config_drive": null,
                    "floating_ip": null,
                    "force_delete": false,
                    "key_pair": "missingfloatingips-key",
                    "metadata": null,
                    "network": [
                        {
                            "access_network": false
                        },
                        {}
                    ],
                    "personality": [],
                    "power_state": "active",
                    "scheduler_hints": [],
                    "security_groups": [
                        "missingfloatingips-secgroup"
                    ],
                    "stop_before_destroy": false,
                    "tags": null,
                    "timeouts": null,
                    "vendor_options": [],
                    "volume": []
                },
                "after_unknown": {
                    "access_ip_v4": true,
                    "access_ip_v6": true,
                    "all_metadata": true,
                    "all_tags": true,
                    "availability_zone": true,
                    "block_device": [
                        {
                            "boot_index": true,
                            "delete_on_termination": true,
                            "destination_type": true,
                            "source_type": true,
                            "uuid": true,
                            "volume_size": true
                        }
                    ],
                    "flavor_id": true,
                    "flavor_name": true,
                    "id": true,
                    "image_id": true,
                    "image_name": true,
                    "name": true,
                    "network": [
                        {
                            "fixed_ip_v4": true,
                            "fixed_ip_v6": true,
                            "floating_ip": true,
                            "mac": true,
                            "name": true,
                            "port": true,
                            "uuid": true
                        },
                        {
                            "access_network": true,
                            "fixed_ip_v4": true,
                            "fixed_ip_v6": true,
                            "floating_ip": true,
                            "mac": true,
                            "name": true,
                            "port": true,
                            "uuid": true
                        }
                    ],
                    "personality": [],
                    "region": true,
                    "scheduler_hints": [],
                    "security_groups": [
                        false
                    ],
                    "user_data": true,
                    "vendor_options": [],
                    "volume": []
                }
            }
        },
        {
            "address": "module.openstack.openstack_compute_instance_v2.node[\"node3\"]",
            "module_address": "module.openstack",
            "mode": "managed",
            "type": "openstack_compute_instance_v2",
            "name": "node",
            "index": "node3",
            "provider_name": "openstack",
            "change": {
                "actions": [
                    "create"
                ],
                "before": null,
                "after": {
                    "admin_pass": null,
                    "availability_zone_hints": null,
                    "block_device": [
                        {
                            "device_type": null,
                            "disk_bus": null,
                            "guest_format": null,
                            "volume_type": null
                        }
                    ],
                    "config_drive": null,
                    "floating_ip": null,
                    "force_delete": false,
                    "key_pair": "missingfloatingips-key",
                    "metadata": null,
                    "network": [
                        {
                            "access_network": false
                        },
                        {}
                    ],
                    "personality": [],
                    "power_state": "active",
                    "scheduler_hints": [],
                    "security_groups": [
                        "missingfloatingips-secgroup"
                    ],
                    "stop_before_destroy": false,
                    "tags": null,
                    "timeouts": null,
                    "vendor_options": [],
                    "volume": []
                },
                "after_unknown": {
                    "access_ip_v4": true,
                    "access_ip_v6": true,
                    "all_metadata": true,
                    "all_tags": true,
                    "availability_zone": true,
                    "block_device": [
                        {
                            "boot_index": true,
                            "delete_on_termination": true,
                            "destination_type": true,
                            "source_type": true,
                            "uuid": true,
                            "volume_size": true
                        }
                    ],
                    "flavor_id": true,
                    "flavor_name": true,
                    "id": true,
                    "image_id": true,
                    "image_name": true,
                    "name": true,
                    "network": [
                        {
                            "fixed_ip_v4": true,
                            "fixed_ip_v6": true,
                            "floating_ip": true,
                            "mac": true,
                            "name": true,
                            "port": true,
                            "uuid": true
                        },
                        {
                            "access_network": true,
                            "fixed_ip_v4": true,
                            "fixed_ip_v6": true,
                            "floating_ip": true,
                            "mac": true,
                            "name": true,
                            "port": true,
                            "uuid": true
                        }
                    ],
                    "personality": [],
                    "region": true,
                    "scheduler_hints": [],
                    "security_groups": [
                        false
                    ],
                    "user_data": true,
                    "vendor_options": [],
                    "volume": []
                }
            }
        },
        {
            "address": "module.openstack.openstack_compute_keypair_v2.keypair",
            "module_address": "module.openstack",
            "mode": "managed",
            "type": "openstack_compute_keypair_v2",
            "name": "keypair",
            "provider_name": "openstack",
            "change": {
                "actions": [
                    "create"
                ],
                "before": null,
                "after": {
                    "name": "missingfloatingips-key",
                    "public_key": "ssh-rsa FAKE FAKE",
                    "value_specs": null
                },
                "after_unknown": {
                    "fingerprint": true,
                    "id": true,
                    "private_key": true,
                    "region": true
                }
            }
        },
        {
            "address": "module.openstack.openstack_compute_secgroup_v2.secgroup_1",
            "module_address": "module.openstack",
            "mode": "managed",
            "type": "openstack_compute_secgroup_v2",
            "name": "secgroup_1",
            "provider_name": "openstack",
            "change": {
                "actions": [
                    "create"
                ],
                "before": null,
                "after": {
                    "description": "Slurm+JupyterHub security group",
                    "name": "missingfloatingips-secgroup",
                    "rule": [
                        {
                            "cidr": "",
                            "from_group_id": "",
                            "from_port": -1,
                            "ip_protocol": "icmp",
                            "self": true,
                            "to_port": -1
                        },
                        {
                            "cidr": "",
                            "from_group_id": "",
                            "from_port": 1,
                            "ip_protocol": "tcp",
                            "self": true,
                            "to_port": 65535
                        },
                        {
                            "cidr": "",
                            "from_group_id": "",
                            "from_port": 1,
                            "ip_protocol": "udp",
                            "self": true,
                            "to_port": 65535
                        },
                        {
                            "cidr": "0.0.0.0/0",
                            "from_group_id": "",
                            "from_port": 22,
                            "ip_protocol": "tcp",
                            "self": false,
                            "to_port": 22
                        },
                        {
                            "cidr": "0.0.0.0/0",
                            "from_group_id": "",
                            "from_port": 443,
                            "ip_protocol": "tcp",
                            "self": false,
                            "to_port": 443
                        },
                        {
                            "cidr": "0.0.0.0/0",
                            "from_group_id": "",
                            "from_port": 50000,
                            "ip_protocol": "tcp",
                            "self": false,
                            "to_port": 51000
                        },
                        {
                            "cidr": "0.0.0.0/0",
                            "from_group_id": "",
                            "from_port": 7512,
                            "ip_protocol": "tcp",
                            "self": false,
                            "to_port": 7512
                        },
                        {
                            "cidr": "0.0.0.0/0",
                            "from_group_id": "",
                            "from_port": 80,
                            "ip_protocol": "tcp",
                            "self": false,
                            "to_port": 80
                        },
                        {
                            "cidr": "54.237.254.192/29",
                            "from_group_id": "",
                            "from_port": 2811,
                            "ip_protocol": "tcp",
                            "self": false,
                            "to_port": 2811
                        }
                    ],
                    "timeouts": null
                },
                "after_unknown": {
                    "id": true,
                    "region": true,
                    "rule": [
                        {
                            "id": true
                        },
                        {
                            "id": true
                        },
                        {
                            "id": true
                        },
                        {
                            "id": true
                        },
                        {
                            "id": true
                        },
                        {
                            "id": true
                        },
                        {
                            "id": true
                        },
                        {
                            "id": true
                        },
                        {
                            "id": true
                        }
                    ]
                }
            }
        },
        {
            "address": "module.openstack.openstack_compute_volume_attach_v2.va_home[0]",
            "module_address": "module.openstack",
            "mode": "managed",
            "type": "openstack_compute_volume_attach_v2",
            "name": "va_home",
            "index": 0,
            "provider_name": "openstack",
            "change": {
                "actions": [
                    "create"
                ],
                "before": null,
                "after": {
                    "multiattach": null,
                    "timeouts": null
                },
                "after_unknown": {
                    "device": true,
                    "id": true,
                    "instance_id": true,
                    "region": true,
                    "volume_id": true
                }
            }
        },
        {
            "address": "module.openstack.openstack_compute_volume_attach_v2.va_project[0]",
            "module_address": "module.openstack",
            "mode": "managed",
            "type": "openstack_compute_volume_attach_v2",
            "name": "va_project",
            "index": 0,
            "provider_name": "openstack",
            "change": {
                "actions": [
                    "create"
                ],
                "before": null,
                "after": {
                    "multiattach": null,
                    "timeouts": null
                },
                "after_unknown": {
                    "device": true,
                    "id": true,
                    "instance_id": true,
                    "region": true,
                    "volume_id": true
                }
            }
        },
        {
            "address": "module.openstack.openstack_compute_volume_attach_v2.va_scratch[0]",
            "module_address": "module.openstack",
            "mode": "managed",
            "type": "openstack_compute_volume_attach_v2",
            "name": "va_scratch",
            "index": 0,
            "provider_name": "openstack",
            "change": {
                "actions": [
                    "create"
                ],
                "before": null,
                "after": {
                    "multiattach": null,
                    "timeouts": null
                },
                "after_unknown": {
                    "device": true,
                    "id": true,
                    "instance_id": true,
                    "region": true,
                    "volume_id": true
                }
            }
        },
        {
            "address": "module.openstack.openstack_networking_floatingip_v2.fip[0]",
            "module_address": "module.openstack",
            "mode": "managed",
            "type": "openstack_networking_floatingip_v2",
            "name": "fip",
            "index": 0,
            "provider_name": "openstack",
            "change": {
                "actions": [
                    "create"
                ],
                "before": null,
                "after": {
                    "description": null,
                    "pool": "Public-Network",
                    "subnet_id": null,
                    "tags": null,
                    "timeouts": null,
                    "value_specs": null
                },
                "after_unknown": {
                    "address": true,
                    "all_tags": true,
                    "dns_domain": true,
                    "dns_name": true,
                    "fixed_ip": true,
                    "id": true,
                    "port_id": true,
                    "region": true,
                    "tenant_id": true
                }
            }
        },
        {
            "address": "module.openstack.openstack_networking_port_v2.port_login[0]",
            "module_address": "module.openstack",
            "mode": "managed",
            "type": "openstack_networking_port_v2",
            "name": "port_login",
            "index": 0,
            "provider_name": "openstack",
            "change": {
                "actions": [
                    "create"
                ],
                "before": null,
                "after": {
                    "allowed_address_pairs": [],
                    "description": null,
                    "extra_dhcp_option": [],
                    "fixed_ip": [
                        {
                            "ip_address": null,
                            "subnet_id": "b70582fc-c0f6-45fa-a022-e45affb90106"
                        }
                    ],
                    "name": "missingfloatingips-port-login1",
                    "network_id": "f2b11478-de5c-4610-8646-a39142a91f0a",
                    "no_fixed_ip": null,
                    "no_security_groups": null,
                    "tags": null,
                    "timeouts": null,
                    "value_specs": null
                },
                "after_unknown": {
                    "admin_state_up": true,
                    "all_fixed_ips": true,
                    "all_security_group_ids": true,
                    "all_tags": true,
                    "allowed_address_pairs": [],
                    "binding": true,
                    "device_id": true,
                    "device_owner": true,
                    "dns_assignment": true,
                    "dns_name": true,
                    "extra_dhcp_option": [],
                    "fixed_ip": [
                        {}
                    ],
                    "id": true,
                    "mac_address": true,
                    "port_security_enabled": true,
                    "qos_policy_id": true,
                    "region": true,
                    "security_group_ids": true,
                    "tenant_id": true
                }
            }
        },
        {
            "address": "module.openstack.openstack_networking_port_v2.port_mgmt[0]",
            "module_address": "module.openstack",
            "mode": "managed",
            "type": "openstack_networking_port_v2",
            "name": "port_mgmt",
            "index": 0,
            "provider_name": "openstack",
            "change": {
                "actions": [
                    "create"
                ],
                "before": null,
                "after": {
                    "allowed_address_pairs": [],
                    "description": null,
                    "extra_dhcp_option": [],
                    "fixed_ip": [
                        {
                            "ip_address": null,
                            "subnet_id": "b70582fc-c0f6-45fa-a022-e45affb90106"
                        }
                    ],
                    "name": "missingfloatingips-port-mgmt1",
                    "network_id": "f2b11478-de5c-4610-8646-a39142a91f0a",
                    "no_fixed_ip": null,
                    "no_security_groups": null,
                    "tags": null,
                    "timeouts": null,
                    "value_specs": null
                },
                "after_unknown": {
                    "admin_state_up": true,
                    "all_fixed_ips": true,
                    "all_security_group_ids": true,
                    "all_tags": true,
                    "allowed_address_pairs": [],
                    "binding": true,
                    "device_id": true,
                    "device_owner": true,
                    "dns_assignment": true,
                    "dns_name": true,
                    "extra_dhcp_option": [],
                    "fixed_ip": [
                        {}
                    ],
                    "id": true,
                    "mac_address": true,
                    "port_security_enabled": true,
                    "qos_policy_id": true,
                    "region": true,
                    "security_group_ids": true,
                    "tenant_id": true
                }
            }
        },
        {
            "address": "module.openstack.openstack_networking_port_v2.port_node[\"node1\"]",
            "module_address": "module.openstack",
            "mode": "managed",
            "type": "openstack_networking_port_v2",
            "name": "port_node",
            "index": "node1",
            "provider_name": "openstack",
            "change": {
                "actions": [
                    "create"
                ],
                "before": null,
                "after": {
                    "allowed_address_pairs": [],
                    "description": null,
                    "extra_dhcp_option": [],
                    "fixed_ip": [
                        {
                            "ip_address": null,
                            "subnet_id": "b70582fc-c0f6-45fa-a022-e45affb90106"
                        }
                    ],
                    "name": "missingfloatingips-port-node1",
                    "network_id": "f2b11478-de5c-4610-8646-a39142a91f0a",
                    "no_fixed_ip": null,
                    "no_security_groups": null,
                    "tags": null,
                    "timeouts": null,
                    "value_specs": null
                },
                "after_unknown": {
                    "admin_state_up": true,
                    "all_fixed_ips": true,
                    "all_security_group_ids": true,
                    "all_tags": true,
                    "allowed_address_pairs": [],
                    "binding": true,
                    "device_id": true,
                    "device_owner": true,
                    "dns_assignment": true,
                    "dns_name": true,
                    "extra_dhcp_option": [],
                    "fixed_ip": [
                        {}
                    ],
                    "id": true,
                    "mac_address": true,
                    "port_security_enabled": true,
                    "qos_policy_id": true,
                    "region": true,
                    "security_group_ids": true,
                    "tenant_id": true
                }
            }
        },
        {
            "address": "module.openstack.openstack_networking_port_v2.port_node[\"node2\"]",
            "module_address": "module.openstack",
            "mode": "managed",
            "type": "openstack_networking_port_v2",
            "name": "port_node",
            "index": "node2",
            "provider_name": "openstack",
            "change": {
                "actions": [
                    "create"
                ],
                "before": null,
                "after": {
                    "allowed_address_pairs": [],
                    "description": null,
                    "extra_dhcp_option": [],
                    "fixed_ip": [
                        {
                            "ip_address": null,
                            "subnet_id": "b70582fc-c0f6-45fa-a022-e45affb90106"
                        }
                    ],
                    "name": "missingfloatingips-port-node2",
                    "network_id": "f2b11478-de5c-4610-8646-a39142a91f0a",
                    "no_fixed_ip": null,
                    "no_security_groups": null,
                    "tags": null,
                    "timeouts": null,
                    "value_specs": null
                },
                "after_unknown": {
                    "admin_state_up": true,
                    "all_fixed_ips": true,
                    "all_security_group_ids": true,
                    "all_tags": true,
                    "allowed_address_pairs": [],
                    "binding": true,
                    "device_id": true,
                    "device_owner": true,
                    "dns_assignment": true,
                    "dns_name": true,
                    "extra_dhcp_option": [],
                    "fixed_ip": [
                        {}
                    ],
                    "id": true,
                    "mac_address": true,
                    "port_security_enabled": true,
                    "qos_policy_id": true,
                    "region": true,
                    "security_group_ids": true,
                    "tenant_id": true
                }
            }
        },
        {
            "address": "module.openstack.openstack_networking_port_v2.port_node[\"node3\"]",
            "module_address": "module.openstack",
            "mode": "managed",
            "type": "openstack_networking_port_v2",
            "name": "port_node",
            "index": "node3",
            "provider_name": "openstack",
            "change": {
                "actions": [
                    "create"
                ],
                "before": null,
                "after": {
                    "allowed_address_pairs": [],
                    "description": null,
                    "extra_dhcp_option": [],
                    "fixed_ip": [
                        {
                            "ip_address": null,
                            "subnet_id": "b70582fc-c0f6-45fa-a022-e45affb90106"
                        }
                    ],
                    "name": "missingfloatingips-port-node3",
                    "network_id": "f2b11478-de5c-4610-8646-a39142a91f0a",
                    "no_fixed_ip": null,
                    "no_security_groups": null,
                    "tags": null,
                    "timeouts": null,
                    "value_specs": null
                },
                "after_unknown": {
                    "admin_state_up": true,
                    "all_fixed_ips": true,
                    "all_security_group_ids": true,
                    "all_tags": true,
                    "allowed_address_pairs": [],
                    "binding": true,
                    "device_id": true,
                    "device_owner": true,
                    "dns_assignment": true,
                    "dns_name": true,
                    "extra_dhcp_option": [],
                    "fixed_ip": [
                        {}
                    ],
                    "id": true,
                    "mac_address": true,
                    "port_security_enabled": true,
                    "qos_policy_id": true,
                    "region": true,
                    "security_group_ids": true,
                    "tenant_id": true
                }
            }
        },
        {
            "address": "module.openstack.random_pet.guest_passwd[0]",
            "module_address": "module.openstack",
            "mode": "managed",
            "type": "random_pet",
            "name": "guest_passwd",
            "index": 0,
            "provider_name": "random",
            "change": {
                "actions": [
                    "create"
                ],
                "before": null,
                "after": {
                    "keepers": null,
                    "length": 4,
                    "prefix": null,
                    "separator": "."
                },
                "after_unknown": {
                    "id": true
                }
            }
        },
        {
            "address": "module.openstack.random_string.freeipa_passwd",
            "module_address": "module.openstack",
            "mode": "managed",
            "type": "random_string",
            "name": "freeipa_passwd",
            "provider_name": "random",
            "change": {
                "actions": [
                    "create"
                ],
                "before": null,
                "after": {
                    "keepers": null,
                    "length": 16,
                    "lower": true,
                    "min_lower": 0,
                    "min_numeric": 0,
                    "min_special": 0,
                    "min_upper": 0,
                    "number": true,
                    "override_special": null,
                    "special": false,
                    "upper": true
                },
                "after_unknown": {
                    "id": true,
                    "result": true
                }
            }
        },
        {
            "address": "module.openstack.random_string.munge_key",
            "module_address": "module.openstack",
            "mode": "managed",
            "type": "random_string",
            "name": "munge_key",
            "provider_name": "random",
            "change": {
                "actions": [
                    "create"
                ],
                "before": null,
                "after": {
                    "keepers": null,
                    "length": 32,
                    "lower": true,
                    "min_lower": 0,
                    "min_numeric": 0,
                    "min_special": 0,
                    "min_upper": 0,
                    "number": true,
                    "override_special": null,
                    "special": false,
                    "upper": true
                },
                "after_unknown": {
                    "id": true,
                    "result": true
                }
            }
        },
        {
            "address": "module.openstack.random_string.puppetmaster_password",
            "module_address": "module.openstack",
            "mode": "managed",
            "type": "random_string",
            "name": "puppetmaster_password",
            "provider_name": "random",
            "change": {
                "actions": [
                    "create"
                ],
                "before": null,
                "after": {
                    "keepers": null,
                    "length": 32,
                    "lower": true,
                    "min_lower": 0,
                    "min_numeric": 0,
                    "min_special": 0,
                    "min_upper": 0,
                    "number": true,
                    "override_special": null,
                    "special": false,
                    "upper": true
                },
                "after_unknown": {
                    "id": true,
                    "result": true
                }
            }
        },
        {
            "address": "module.openstack.random_uuid.consul_token",
            "module_address": "module.openstack",
            "mode": "managed",
            "type": "random_uuid",
            "name": "consul_token",
            "provider_name": "random",
            "change": {
                "actions": [
                    "create"
                ],
                "before": null,
                "after": {
                    "keepers": null
                },
                "after_unknown": {
                    "id": true,
                    "result": true
                }
            }
        },
        {
            "address": "module.openstack.tls_private_key.login_rsa",
            "module_address": "module.openstack",
            "mode": "managed",
            "type": "tls_private_key",
            "name": "login_rsa",
            "provider_name": "tls",
            "change": {
                "actions": [
                    "create"
                ],
                "before": null,
                "after": {
                    "algorithm": "RSA",
                    "ecdsa_curve": "P224",
                    "rsa_bits": 4096
                },
                "after_unknown": {
                    "id": true,
                    "private_key_pem": true,
                    "public_key_fingerprint_md5": true,
                    "public_key_openssh": true,
                    "public_key_pem": true
                }
            }
        }
    ],
    "output_changes": {},
    "prior_state": {},
    "configuration": {}
}