{
  "version": 4,
  "terraform_version": "1.0.7",
  "serial": 28,
  "lineage": "17fb0735-c8a6-b031-d592-528473dd36a7",
  "outputs": {},
  "resources": [
    {
      "module": "module.openstack",
      "mode": "data",
      "type": "external",
      "name": "keystone",
      "provider": "provider[\"registry.terraform.io/hashicorp/external\"]",
      "instances": [
        {
          "schema_version": 0,
          "attributes": {
            "id": "-",
            "program": [
              "python",
              ".terraform/modules/openstack/openstack/external/keystone.py"
            ],
            "query": null,
            "result": {
              "auth_url": "https://arbutus.cloud.computecanada.ca:5000/v3",
              "name": "arbutus"
            },
            "working_dir": null
          },
          "sensitive_attributes": []
        }
      ]
    },
    {
      "module": "module.openstack",
      "mode": "data",
      "type": "openstack_compute_flavor_v2",
      "name": "flavors",
      "provider": "provider[\"registry.terraform.io/terraform-provider-openstack/openstack\"]",
      "instances": []
    },
    {
      "module": "module.openstack",
      "mode": "data",
      "type": "openstack_images_image_v2",
      "name": "image",
      "provider": "provider[\"registry.terraform.io/terraform-provider-openstack/openstack\"]",
      "instances": [
        {
          "schema_version": 0,
          "attributes": {
            "checksum": "8b9411110b8cc5596eb17c60c991ef03",
            "container_format": "bare",
            "created_at": "2021-05-26T18:03:56Z",
            "disk_format": "qcow2",
            "file": "/v2/images/4cade8a8-d7df-40e8-8bd3-f58e2e17b523/file",
            "hidden": false,
            "id": "4cade8a8-d7df-40e8-8bd3-f58e2e17b523",
            "member_status": null,
            "metadata": {},
            "min_disk_gb": 0,
            "min_ram_mb": 0,
            "most_recent": false,
            "name": "CentOS-7-x64-2021-11",
            "owner": "3c3b4fb0ff154c65992f9b5f1aed44ea",
            "properties": null,
            "protected": true,
            "region": "RegionOne",
            "schema": "/v2/schemas/image",
            "size_bytes": 888995840,
            "size_max": null,
            "size_min": null,
            "sort_direction": "asc",
            "sort_key": "name",
            "tag": null,
            "tags": [],
            "updated_at": "2021-09-21T07:06:22Z",
            "visibility": "public"
          },
          "sensitive_attributes": []
        }
      ]
    },
    {
      "module": "module.openstack",
      "mode": "data",
      "type": "openstack_networking_network_v2",
      "name": "ext_network",
      "provider": "provider[\"registry.terraform.io/terraform-provider-openstack/openstack\"]",
      "instances": [
        {
          "schema_version": 0,
          "attributes": {
            "admin_state_up": "true",
            "all_tags": [],
            "availability_zone_hints": [],
            "description": "",
            "dns_domain": "",
            "external": true,
            "id": "6621bf61-6094-4b24-a9a0-f5794c3a881e",
            "matching_subnet_cidr": null,
            "mtu": 1500,
            "name": "Public-Network",
            "network_id": null,
            "region": "RegionOne",
            "shared": "false",
            "status": null,
            "subnets": [
              "1f6a472c-c1bf-42a4-9473-7ec1a543f0a8",
              "420e1bf0-575c-4498-9bee-85e24ce8c1fc"
            ],
            "tags": null,
            "tenant_id": "3c3b4fb0ff154c65992f9b5f1aed44ea",
            "transparent_vlan": false
          },
          "sensitive_attributes": []
        }
      ]
    },
    {
      "module": "module.openstack",
      "mode": "data",
      "type": "openstack_networking_network_v2",
      "name": "int_network",
      "provider": "provider[\"registry.terraform.io/terraform-provider-openstack/openstack\"]",
      "instances": [
        {
          "schema_version": 0,
          "attributes": {
            "admin_state_up": "true",
            "all_tags": [],
            "availability_zone_hints": [],
            "description": "",
            "dns_domain": "",
            "external": false,
            "id": "f2b11478-de5c-4610-8646-a39142a91f0a",
            "matching_subnet_cidr": null,
            "mtu": 1500,
            "name": "ipm-500-network",
            "network_id": null,
            "region": "RegionOne",
            "shared": "false",
            "status": null,
            "subnets": [
              "b70582fc-c0f6-45fa-a022-e45affb90106"
            ],
            "tags": null,
            "tenant_id": "dde6409100e4490f935cf5bf7f3e75ed",
            "transparent_vlan": false
          },
          "sensitive_attributes": []
        }
      ]
    },
    {
      "module": "module.openstack",
      "mode": "data",
      "type": "openstack_networking_subnet_v2",
      "name": "subnet",
      "provider": "provider[\"registry.terraform.io/terraform-provider-openstack/openstack\"]",
      "instances": [
        {
          "schema_version": 0,
          "attributes": {
            "all_tags": [],
            "allocation_pools": [
              {
                "end": "192.168.126.254",
                "start": "192.168.126.2"
              }
            ],
            "cidr": "192.168.126.0/24",
            "description": "",
            "dhcp_disabled": null,
            "dhcp_enabled": null,
            "dns_nameservers": [],
            "enable_dhcp": true,
            "gateway_ip": "192.168.126.1",
            "host_routes": [],
            "id": "b70582fc-c0f6-45fa-a022-e45affb90106",
            "ip_version": 4,
            "ipv6_address_mode": "",
            "ipv6_ra_mode": "",
            "name": "ipm-500-subnet",
            "network_id": "f2b11478-de5c-4610-8646-a39142a91f0a",
            "region": "RegionOne",
            "subnet_id": null,
            "subnetpool_id": "",
            "tags": null,
            "tenant_id": "dde6409100e4490f935cf5bf7f3e75ed"
          },
          "sensitive_attributes": []
        }
      ]
    },
    {
      "module": "module.openstack",
      "mode": "managed",
      "type": "openstack_blockstorage_volume_v3",
      "name": "volumes",
      "provider": "provider[\"registry.terraform.io/terraform-provider-openstack/openstack\"]",
      "instances": [
        {
          "index_key": "mgmt1-nfs-home",
          "schema_version": 0,
          "attributes": {
            "attachment": [],
            "availability_zone": "nova",
            "consistency_group_id": null,
            "description": "missingnodes mgmt1-nfs-home",
            "enable_online_resize": null,
            "id": "63d09969-d550-41d4-bf1b-fcb3c684faea",
            "image_id": null,
            "metadata": {},
            "multiattach": null,
            "name": "missingnodes-mgmt1-nfs-home",
            "region": "RegionOne",
            "scheduler_hints": [],
            "size": 100,
            "snapshot_id": "",
            "source_replica": null,
            "source_vol_id": "",
            "timeouts": null,
            "volume_type": "Default"
          },
          "sensitive_attributes": [],
          "private": "eyJlMmJmYjczMC1lY2FhLTExZTYtOGY4OC0zNDM2M2JjN2M0YzAiOnsiY3JlYXRlIjo2MDAwMDAwMDAwMDAsImRlbGV0ZSI6NjAwMDAwMDAwMDAwfX0="
        },
        {
          "index_key": "mgmt1-nfs-project",
          "schema_version": 0,
          "attributes": {
            "attachment": [],
            "availability_zone": "nova",
            "consistency_group_id": null,
            "description": "missingnodes mgmt1-nfs-project",
            "enable_online_resize": null,
            "id": "12ad09dd-50d4-445a-8033-21954ab1ee1e",
            "image_id": null,
            "metadata": {},
            "multiattach": null,
            "name": "missingnodes-mgmt1-nfs-project",
            "region": "RegionOne",
            "scheduler_hints": [],
            "size": 50,
            "snapshot_id": "",
            "source_replica": null,
            "source_vol_id": "",
            "timeouts": null,
            "volume_type": "Default"
          },
          "sensitive_attributes": [],
          "private": "eyJlMmJmYjczMC1lY2FhLTExZTYtOGY4OC0zNDM2M2JjN2M0YzAiOnsiY3JlYXRlIjo2MDAwMDAwMDAwMDAsImRlbGV0ZSI6NjAwMDAwMDAwMDAwfX0="
        },
        {
          "index_key": "mgmt1-nfs-scratch",
          "schema_version": 0,
          "attributes": {
            "attachment": [],
            "availability_zone": "nova",
            "consistency_group_id": null,
            "description": "missingnodes mgmt1-nfs-scratch",
            "enable_online_resize": null,
            "id": "f53219de-0c0c-4165-b37f-6aa7dd62133c",
            "image_id": null,
            "metadata": {},
            "multiattach": null,
            "name": "missingnodes-mgmt1-nfs-scratch",
            "region": "RegionOne",
            "scheduler_hints": [],
            "size": 50,
            "snapshot_id": "",
            "source_replica": null,
            "source_vol_id": "",
            "timeouts": null,
            "volume_type": "Default"
          },
          "sensitive_attributes": [],
          "private": "eyJlMmJmYjczMC1lY2FhLTExZTYtOGY4OC0zNDM2M2JjN2M0YzAiOnsiY3JlYXRlIjo2MDAwMDAwMDAwMDAsImRlbGV0ZSI6NjAwMDAwMDAwMDAwfX0="
        }
      ]
    },
    {
      "module": "module.openstack",
      "mode": "managed",
      "type": "openstack_compute_floatingip_associate_v2",
      "name": "fip",
      "provider": "provider[\"registry.terraform.io/terraform-provider-openstack/openstack\"]",
      "instances": [
        {
          "index_key": "login1",
          "schema_version": 0,
          "attributes": {
            "fixed_ip": "",
            "floating_ip": "206.12.99.29",
            "id": "206.12.99.29/a9cf97d4-952a-4301-b09a-c98f5e553c53/",
            "instance_id": "a9cf97d4-952a-4301-b09a-c98f5e553c53",
            "region": "RegionOne",
            "timeouts": null,
            "wait_until_associated": null
          },
          "sensitive_attributes": [],
          "private": "eyJlMmJmYjczMC1lY2FhLTExZTYtOGY4OC0zNDM2M2JjN2M0YzAiOnsiY3JlYXRlIjo2MDAwMDAwMDAwMDB9fQ==",
          "dependencies": [
            "module.openstack.data.openstack_compute_flavor_v2.flavors",
            "module.openstack.data.openstack_images_image_v2.image",
            "module.openstack.module.instance_config.random_string.puppetserver_password",
            "module.openstack.module.instance_config.tls_private_key.rsa_hostkeys",
            "module.openstack.module.instance_config.tls_private_key.ssh",
            "module.openstack.openstack_compute_instance_v2.instances",
            "module.openstack.openstack_compute_keypair_v2.keypair",
            "module.openstack.openstack_networking_floatingip_v2.fip",
            "module.openstack.openstack_networking_port_v2.nic"
          ]
        }
      ]
    },
    {
      "module": "module.openstack",
      "mode": "managed",
      "type": "openstack_compute_instance_v2",
      "name": "instances",
      "provider": "provider[\"registry.terraform.io/terraform-provider-openstack/openstack\"]",
      "instances": []
    },
    {
      "module": "module.openstack",
      "mode": "managed",
      "type": "openstack_compute_keypair_v2",
      "name": "keypair",
      "provider": "provider[\"registry.terraform.io/terraform-provider-openstack/openstack\"]",
      "instances": [
        {
          "schema_version": 0,
          "attributes": {
            "fingerprint": "34:a7:25:aa:82:ab:97:6f:19:d7:e7:03:b4:c4:bd:75",
            "id": "missingnodes-key",
            "name": "missingnodes-key",
            "private_key": "",
            "public_key": "ssh-rsa FAKE",
            "region": "RegionOne",
            "value_specs": null
          },
          "sensitive_attributes": [],
          "private": "bnVsbA=="
        }
      ]
    },
    {
      "module": "module.openstack",
      "mode": "managed",
      "type": "openstack_compute_secgroup_v2",
      "name": "secgroup",
      "provider": "provider[\"registry.terraform.io/terraform-provider-openstack/openstack\"]",
      "instances": [
        {
          "schema_version": 0,
          "attributes": {
            "description": "missingnodes security group",
            "id": "96df2357-1abf-40f0-aa9d-abfa7b0a4eb1",
            "name": "missingnodes-secgroup",
            "region": "RegionOne",
            "rule": [
              {
                "cidr": "",
                "from_group_id": "",
                "from_port": -1,
                "id": "324e01f0-0bfa-4b16-8b78-1e7ec1440eb7",
                "ip_protocol": "icmp",
                "self": true,
                "to_port": -1
              },
              {
                "cidr": "",
                "from_group_id": "",
                "from_port": 1,
                "id": "c3c2f6c7-8c70-493d-92a3-3dbda8f89832",
                "ip_protocol": "udp",
                "self": true,
                "to_port": 65535
              },
              {
                "cidr": "",
                "from_group_id": "",
                "from_port": 1,
                "id": "db51f476-5beb-4d48-9d14-87d85894ac51",
                "ip_protocol": "tcp",
                "self": true,
                "to_port": 65535
              },
              {
                "cidr": "0.0.0.0/0",
                "from_group_id": "",
                "from_port": 22,
                "id": "27b56fc5-451b-402c-ba8a-70f54fba3287",
                "ip_protocol": "tcp",
                "self": false,
                "to_port": 22
              },
              {
                "cidr": "0.0.0.0/0",
                "from_group_id": "",
                "from_port": 443,
                "id": "3cdd9c19-2782-48a4-ba4b-a8fe436169f8",
                "ip_protocol": "tcp",
                "self": false,
                "to_port": 443
              },
              {
                "cidr": "0.0.0.0/0",
                "from_group_id": "",
                "from_port": 50000,
                "id": "5182bc9f-f6ad-4dc4-b5c4-cda99547b2e4",
                "ip_protocol": "tcp",
                "self": false,
                "to_port": 51000
              },
              {
                "cidr": "0.0.0.0/0",
                "from_group_id": "",
                "from_port": 7512,
                "id": "373d9d97-0262-40f9-a47f-a14c85ec245e",
                "ip_protocol": "tcp",
                "self": false,
                "to_port": 7512
              },
              {
                "cidr": "0.0.0.0/0",
                "from_group_id": "",
                "from_port": 80,
                "id": "a8ad7880-1e8d-4747-8c0c-a400c3051d30",
                "ip_protocol": "tcp",
                "self": false,
                "to_port": 80
              },
              {
                "cidr": "54.237.254.192/29",
                "from_group_id": "",
                "from_port": 2811,
                "id": "8d064651-cdce-4b85-81f7-7c9744baf53e",
                "ip_protocol": "tcp",
                "self": false,
                "to_port": 2811
              }
            ],
            "timeouts": null
          },
          "sensitive_attributes": [],
          "private": "eyJlMmJmYjczMC1lY2FhLTExZTYtOGY4OC0zNDM2M2JjN2M0YzAiOnsiZGVsZXRlIjo2MDAwMDAwMDAwMDB9fQ=="
        }
      ]
    },
    {
      "module": "module.openstack",
      "mode": "managed",
      "type": "openstack_compute_volume_attach_v2",
      "name": "attachments",
      "provider": "provider[\"registry.terraform.io/terraform-provider-openstack/openstack\"]",
      "instances": [
        {
          "index_key": "mgmt1-nfs-home",
          "schema_version": 0,
          "attributes": {
            "device": "/dev/vdc",
            "id": "ae693c3f-485a-4c38-9dcc-16e658a70765/63d09969-d550-41d4-bf1b-fcb3c684faea",
            "instance_id": "ae693c3f-485a-4c38-9dcc-16e658a70765",
            "multiattach": null,
            "region": "RegionOne",
            "timeouts": null,
            "vendor_options": [],
            "volume_id": "63d09969-d550-41d4-bf1b-fcb3c684faea"
          },
          "sensitive_attributes": [],
          "private": "eyJlMmJmYjczMC1lY2FhLTExZTYtOGY4OC0zNDM2M2JjN2M0YzAiOnsiY3JlYXRlIjo2MDAwMDAwMDAwMDAsImRlbGV0ZSI6NjAwMDAwMDAwMDAwfX0=",
          "dependencies": [
            "module.openstack.data.openstack_compute_flavor_v2.flavors",
            "module.openstack.data.openstack_images_image_v2.image",
            "module.openstack.module.instance_config.random_string.puppetserver_password",
            "module.openstack.module.instance_config.tls_private_key.rsa_hostkeys",
            "module.openstack.module.instance_config.tls_private_key.ssh",
            "module.openstack.openstack_blockstorage_volume_v3.volumes",
            "module.openstack.openstack_compute_instance_v2.instances",
            "module.openstack.openstack_compute_keypair_v2.keypair",
            "module.openstack.openstack_networking_port_v2.nic"
          ]
        },
        {
          "index_key": "mgmt1-nfs-project",
          "schema_version": 0,
          "attributes": {
            "device": "/dev/vdd",
            "id": "ae693c3f-485a-4c38-9dcc-16e658a70765/12ad09dd-50d4-445a-8033-21954ab1ee1e",
            "instance_id": "ae693c3f-485a-4c38-9dcc-16e658a70765",
            "multiattach": null,
            "region": "RegionOne",
            "timeouts": null,
            "vendor_options": [],
            "volume_id": "12ad09dd-50d4-445a-8033-21954ab1ee1e"
          },
          "sensitive_attributes": [],
          "private": "eyJlMmJmYjczMC1lY2FhLTExZTYtOGY4OC0zNDM2M2JjN2M0YzAiOnsiY3JlYXRlIjo2MDAwMDAwMDAwMDAsImRlbGV0ZSI6NjAwMDAwMDAwMDAwfX0=",
          "dependencies": [
            "module.openstack.data.openstack_compute_flavor_v2.flavors",
            "module.openstack.data.openstack_images_image_v2.image",
            "module.openstack.module.instance_config.random_string.puppetserver_password",
            "module.openstack.module.instance_config.tls_private_key.rsa_hostkeys",
            "module.openstack.module.instance_config.tls_private_key.ssh",
            "module.openstack.openstack_blockstorage_volume_v3.volumes",
            "module.openstack.openstack_compute_instance_v2.instances",
            "module.openstack.openstack_compute_keypair_v2.keypair",
            "module.openstack.openstack_networking_port_v2.nic"
          ]
        },
        {
          "index_key": "mgmt1-nfs-scratch",
          "schema_version": 0,
          "attributes": {
            "device": "/dev/vdb",
            "id": "ae693c3f-485a-4c38-9dcc-16e658a70765/f53219de-0c0c-4165-b37f-6aa7dd62133c",
            "instance_id": "ae693c3f-485a-4c38-9dcc-16e658a70765",
            "multiattach": null,
            "region": "RegionOne",
            "timeouts": null,
            "vendor_options": [],
            "volume_id": "f53219de-0c0c-4165-b37f-6aa7dd62133c"
          },
          "sensitive_attributes": [],
          "private": "eyJlMmJmYjczMC1lY2FhLTExZTYtOGY4OC0zNDM2M2JjN2M0YzAiOnsiY3JlYXRlIjo2MDAwMDAwMDAwMDAsImRlbGV0ZSI6NjAwMDAwMDAwMDAwfX0=",
          "dependencies": [
            "module.openstack.data.openstack_compute_flavor_v2.flavors",
            "module.openstack.data.openstack_images_image_v2.image",
            "module.openstack.module.instance_config.random_string.puppetserver_password",
            "module.openstack.module.instance_config.tls_private_key.rsa_hostkeys",
            "module.openstack.module.instance_config.tls_private_key.ssh",
            "module.openstack.openstack_blockstorage_volume_v3.volumes",
            "module.openstack.openstack_compute_instance_v2.instances",
            "module.openstack.openstack_compute_keypair_v2.keypair",
            "module.openstack.openstack_networking_port_v2.nic"
          ]
        }
      ]
    },
    {
      "module": "module.openstack",
      "mode": "managed",
      "type": "openstack_networking_floatingip_v2",
      "name": "fip",
      "provider": "provider[\"registry.terraform.io/terraform-provider-openstack/openstack\"]",
      "instances": [
        {
          "index_key": "login1",
          "schema_version": 0,
          "attributes": {
            "address": "206.12.99.29",
            "all_tags": [],
            "description": "",
            "dns_domain": "",
            "dns_name": "",
            "fixed_ip": "",
            "id": "764f4345-c854-4177-91ba-8ee8a5e77b7d",
            "pool": "Public-Network",
            "port_id": "",
            "region": "RegionOne",
            "subnet_id": null,
            "subnet_ids": null,
            "tags": [],
            "tenant_id": "dde6409100e4490f935cf5bf7f3e75ed",
            "timeouts": null,
            "value_specs": null
          },
          "sensitive_attributes": [],
          "private": "eyJlMmJmYjczMC1lY2FhLTExZTYtOGY4OC0zNDM2M2JjN2M0YzAiOnsiY3JlYXRlIjo2MDAwMDAwMDAwMDAsImRlbGV0ZSI6NjAwMDAwMDAwMDAwfX0=",
          "dependencies": [
            "module.openstack.data.openstack_networking_network_v2.ext_network"
          ]
        }
      ]
    },
    {
      "module": "module.openstack",
      "mode": "managed",
      "type": "openstack_networking_port_v2",
      "name": "nic",
      "provider": "provider[\"registry.terraform.io/terraform-provider-openstack/openstack\"]",
      "instances": []
    },
    {
      "module": "module.openstack.module.cluster_config",
      "mode": "managed",
      "type": "null_resource",
      "name": "deploy_hieradata",
      "provider": "provider[\"registry.terraform.io/hashicorp/null\"]",
      "instances": [
        {
          "index_key": 0,
          "schema_version": 0,
          "attributes": {
            "id": "8295367935135186979",
            "triggers": {
              "facts": "037bfb9b9f4e36bc1b606daef1817b8c",
              "hieradata": "d55cced7f82fc03b8987a88c0f47b0a9",
              "puppetserver": "ae693c3f-485a-4c38-9dcc-16e658a70765",
              "user_data": "9efc314b65237d5d646e1b817372afc6"
            }
          },
          "sensitive_attributes": [],
          "private": "bnVsbA==",
          "dependencies": [
            "module.openstack.data.external.keystone",
            "module.openstack.data.openstack_compute_flavor_v2.flavors",
            "module.openstack.data.openstack_images_image_v2.image",
            "module.openstack.module.cluster_config.random_pet.guest_passwd",
            "module.openstack.module.cluster_config.random_string.freeipa_passwd",
            "module.openstack.module.cluster_config.random_string.munge_key",
            "module.openstack.module.cluster_config.random_uuid.consul_token",
            "module.openstack.module.instance_config.random_string.puppetserver_password",
            "module.openstack.module.instance_config.tls_private_key.rsa_hostkeys",
            "module.openstack.module.instance_config.tls_private_key.ssh",
            "module.openstack.openstack_blockstorage_volume_v3.volumes",
            "module.openstack.openstack_compute_instance_v2.instances",
            "module.openstack.openstack_compute_keypair_v2.keypair",
            "module.openstack.openstack_networking_floatingip_v2.fip",
            "module.openstack.openstack_networking_port_v2.nic"
          ]
        }
      ]
    },
    {
      "module": "module.openstack.module.cluster_config",
      "mode": "managed",
      "type": "random_string",
      "name": "freeipa_passwd",
      "provider": "provider[\"registry.terraform.io/hashicorp/random\"]",
      "instances": [
        {
          "schema_version": 1,
          "attributes": {
            "id": "FAKE",
            "keepers": null,
            "length": 16,
            "lower": true,
            "min_lower": 0,
            "min_numeric": 0,
            "min_special": 0,
            "min_upper": 0,
            "number": true,
            "override_special": null,
            "result": "FAKE",
            "special": false,
            "upper": true
          },
          "sensitive_attributes": [],
          "private": "eyJzY2hlbWFfdmVyc2lvbiI6IjEifQ=="
        }
      ]
    },
    {
      "module": "module.openstack.module.cluster_config",
      "mode": "managed",
      "type": "random_string",
      "name": "munge_key",
      "provider": "provider[\"registry.terraform.io/hashicorp/random\"]",
      "instances": [
        {
          "schema_version": 1,
          "attributes": {
            "id": "5fC7e9Ri4LIFhnewHGZY4JeRd7f40OP3",
            "keepers": null,
            "length": 32,
            "lower": true,
            "min_lower": 0,
            "min_numeric": 0,
            "min_special": 0,
            "min_upper": 0,
            "number": true,
            "override_special": null,
            "result": "5fC7e9Ri4LIFhnewHGZY4JeRd7f40OP3",
            "special": false,
            "upper": true
          },
          "sensitive_attributes": [],
          "private": "eyJzY2hlbWFfdmVyc2lvbiI6IjEifQ=="
        }
      ]
    },
    {
      "module": "module.openstack.module.cluster_config",
      "mode": "managed",
      "type": "random_uuid",
      "name": "consul_token",
      "provider": "provider[\"registry.terraform.io/hashicorp/random\"]",
      "instances": [
        {
          "schema_version": 0,
          "attributes": {
            "id": "a6440be4-8727-a16f-b232-6962a41d792c",
            "keepers": null,
            "result": "a6440be4-8727-a16f-b232-6962a41d792c"
          },
          "sensitive_attributes": [],
          "private": "bnVsbA=="
        }
      ]
    },
    {
      "module": "module.openstack.module.instance_config",
      "mode": "managed",
      "type": "random_string",
      "name": "puppetserver_password",
      "provider": "provider[\"registry.terraform.io/hashicorp/random\"]",
      "instances": [
        {
          "schema_version": 1,
          "attributes": {
            "id": "Qt6yIm8xgys5uiQs4bSgngJTeP61dnYY",
            "keepers": null,
            "length": 32,
            "lower": true,
            "min_lower": 0,
            "min_numeric": 0,
            "min_special": 0,
            "min_upper": 0,
            "number": true,
            "override_special": null,
            "result": "Qt6yIm8xgys5uiQs4bSgngJTeP61dnYY",
            "special": false,
            "upper": true
          },
          "sensitive_attributes": [],
          "private": "eyJzY2hlbWFfdmVyc2lvbiI6IjEifQ=="
        }
      ]
    },
    {
      "module": "module.openstack.module.instance_config",
      "mode": "managed",
      "type": "tls_private_key",
      "name": "rsa_hostkeys",
      "provider": "provider[\"registry.terraform.io/hashicorp/tls\"]",
      "instances": [
        {
          "index_key": "login",
          "schema_version": 0,
          "attributes": {
            "algorithm": "RSA",
            "ecdsa_curve": "P224",
            "id": "5d22a0863e94caca89612097ad9a9b5ec04bfc41",
            "private_key_pem": "-----BEGIN RSA PRIVATE KEY-----\nFAKEn-----END RSA PRIVATE KEY-----\n",
            "public_key_fingerprint_md5": "29:1e:44:81:8f:60:8f:6b:d3:53:01:17:4b:05:cb:1c",
            "public_key_openssh": "ssh-rsa AAAAB3NzaC1yc2EAAAADAQABAAACAQCnccQwxKq+9MzipVs/32hhfgnp+YaUzlUXLc7LSPnrP5cGcxRGoDTxCbxN8JGsJ18XhlBgFktSHIHS0sDVWHwrI7+snA3QfZqJTK3eDcUT3YV5VzF1IfXwUIkY1D2W+Nbvx9udsNxNVRnZtFBfRwpwMvMhzRcKkKtjOAcUJuGpPWtY4bh+4sRWaJKYX0tnDcgygPhRMOYzEpX7hwh5Lv5ZYyWqAndtmrlrfnp0QXdXrPKOkJehwFpBCoFrzDW2wJRuOLEp3wVSzM/82LPyyx3Q3uKlziLd5I2WHae/jYHK/TLJgmBsG4N8Ga5oMUIDhOlt6Y6tWoLeu3hdiR7TSOTNYjgfMjRB/1xrZSph6gp9Sp+B6y6AjaR3RgqpDF6Ghv0u4fc71WPoMLRSIxVqGZ+Vna1NKykOjIF26BJDRdYNUMmDSoynacusqQMQ0vorHgNZ3cIq1/OwzMa5On1zm8IAKAweaqBlNeutaQBjijieHkisLlodhoVlsDv21OB+D4jqdSGy4Bk+dX2sbidNsd+jL3ZEFYvs6Sdq7x2PLaZbayMGYoA4tpYBEDSEIj03yP0t0yo+VUJyvPbHPMgmEZFxyRKtJ+Uu00EOqe7+t+5OR5au1DTkzc+dovUw//niy/1hlEeX/6JjtPfEspYT8yKyNklyJMS7hKoWPfE1ztJEaw==\n",
            "public_key_pem": "-----BEGIN PUBLIC KEY-----\nFAKE\n-----END PUBLIC KEY-----\n",
            "rsa_bits": 4096
          },
          "sensitive_attributes": [],
          "private": "bnVsbA=="
        },
        {
          "index_key": "mgmt",
          "schema_version": 0,
          "attributes": {
            "algorithm": "RSA",
            "ecdsa_curve": "P224",
            "id": "abcddcdbab68a367ed674275ccbdc3adff297290",
            "private_key_pem": "-----BEGIN RSA PRIVATE KEY-----\nFAKEn-----END RSA PRIVATE KEY-----\n",
            "public_key_fingerprint_md5": "93:41:1d:10:80:0b:93:70:ca:fd:fa:94:72:7f:0a:09",
            "public_key_openssh": "ssh-rsa AAAAB3NzaC1yc2EAAAADAQABAAACAQC6o4frlIJ3hU2MB6xPM7bbpnJ5MIb/UYPI3lRDd8VSWVe0fXFX+H+TCltY1AD6YEbeS2ndMHpmN740w1i/uClZ5UL01bGVNole0mAhzXj/CPAnSmt3KrkPbnGfHMD0qOBwCMHERyhu38rFPpEbul5f0g16G9Aut1Vllqkk2ZG/31Q4evRD1PkMW+33NTGDVU8oEFGXXPXL/0ANAh5P9VC3XzWESfiIdYI5bZ4U3k13h3xIaeaQ9h9I1CvhiA9yZub8KW+0PCuUvg1+ScJMTlaP6u8ZDD3YOVHx/G90tWbU8s38fzyScslNia/yXqhF5qEYy9Szb6sLYr/TUJm+q46Yd/XqBy3Vm+Esg5vlgWb4ZwfX4z+HA5qjO3Hv52oLaNaScV2Uqu0LSeVG3Ue591cePh6mbHqWhbnXtmN6pnqMHqgQIhCjU++lbPlp9V+LDEW3pF2NShm13zKgYlrZg/vej6E6lv32RI9f9E/mBbFi3D36lYqZzdooUW4keQ76Q7wP7D8uc+tHwM9bLTo3gyq5+Wq2XSuRMFjH1kQwZtGInHo7pKNRDamql8iKE00c3p46iM+7YWzOTt8WyjwbxNwQ3DbYwHlWYk+wThoSJ/u1EVwTzLV5bwUkTi05y03sG51TC/lWJf3+8GOhBL945MAuklShIRiCNlmGz7Dk8u9lDw==\n",
            "public_key_pem": "-----BEGIN PUBLIC KEY-----\nFAKE\n-----END PUBLIC KEY-----\n",
            "rsa_bits": 4096
          },
          "sensitive_attributes": [],
          "private": "bnVsbA=="
        },
        {
          "index_key": "node",
          "schema_version": 0,
          "attributes": {
            "algorithm": "RSA",
            "ecdsa_curve": "P224",
            "id": "743334fb4555c2f1c1150eecb8c13ec49aa993cf",
            "private_key_pem": "-----BEGIN RSA PRIVATE KEY-----\nFAKE\n-----END RSA PRIVATE KEY-----\n",
            "public_key_fingerprint_md5": "ed:c4:01:64:d5:16:43:e1:53:f8:59:1f:65:6f:06:18",
            "public_key_openssh": "ssh-rsa AAAAB3NzaC1yc2EAAAADAQABAAACAQCmPJ/eso0xt9LRI+3DpZ+WAN5zQV+OKaRo5kadD9WjhwB61NC/PHKeUN93vnzOfUgsXE0JH6waYqtuqWDrxDDSLm6lg1Eh4aNVQi/Ord7zMi6ROIjlROvoOnTewxVV7WvJts8KMlzXV35ux14acHlWWN6yGT4qRKzE82YSN1r7q7B1aduKu5lsnoB0d/l1/5SNJFVudhKN0cUeT76L6CD1MTvDPmcXb2yh6S1oEvlQoFGe0pq2UncWYtRZLt7ytCu7kGkzLFPQxfAMEuf9QuelnZoR6kAw7B6fvwzeI3G7C/0uHV+r5EFZ1WfzSFsMma9di/nAMuaCVVmx+0FH9yjGqwpAGj2SkEbERfobt6hWLtrJS6rrSeikNtayMgKoWV5n+5ynLdh8LXxYG8eTSTYGpOTRva1PFveBJSoaKIAvflqib/nIEAWrhWbhmRPHB8JeDiSrAjF3MCAoWHyP1PKVn6PiZOYwuSrfrELV5Nh+5CEUHtotZB4M53GJSKf/8dW2E912Lnv5lzcFelSBsUGAnVrtnNAVJpBWZqMk+TP1l85gZaN4E2jF9KpVZaGPnagAqlEOFn6RWNzPH3AkyuT8Rj9jVGKRJV66iWnmY9zzFtKqugg7GQWd9f8UxcrMbu7BUnDG/kXKBmjjZadZdECaZ+o/rMT1xq43JA+7Ab7rbQ==\n",
            "public_key_pem": "-----BEGIN PUBLIC KEY-----\nMIICIjANBgkqhkiG9w0BAQEFAAOCAg8AMIICCgKCAgEApjyf3rKNMbfS0SPtw6Wf\nlgDec0FfjimkaOZGnQ/Vo4cAetTQvzxynlDfd758zn1ILFxNCR+sGmKrbqlg68Qw\n0i5upYNRIeGjVUIvzq3e8zIukTiI5UTr6Dp03sMVVe1rybbPCjJc11d+bsdeGnB5\nVljeshk+KkSsxPNmEjda+6uwdWnbiruZbJ6AdHf5df+UjSRVbnYSjdHFHk++i+gg\n9TE7wz5nF29soektaBL5UKBRntKatlJ3FmLUWS7e8rQru5BpMyxT0MXwDBLn/ULn\npZ2aEepAMOwen78M3iNxuwv9Lh1fq+RBWdVn80hbDJmvXYv5wDLmglVZsftBR/co\nxqsKQBo9kpBGxEX6G7eoVi7ayUuq60nopDbWsjICqFleZ/ucpy3YfC18WBvHk0k2\nBqTk0b2tTxb3gSUqGiiAL35aom/5yBAFq4Vm4ZkTxwfCXg4kqwIxdzAgKFh8j9Ty\nlZ+j4mTmMLkq36xC1eTYfuQhFB7aLWQeDOdxiUin//HVthPddi57+Zc3BXpUgbFB\ngJ1a7ZzQFSaQVmajJPkz9ZfOYGWjeBNoxfSqVWWhj52oAKpRDhZ+kVjczx9wJMrk\n/EY/Y1RikSVeuolp5mPc8xbSqroIOxkFnfX/FMXKzG7uwVJwxv5FygZo42WnWXRA\nmmfqP6zE9cauNyQPuwG+620CAwEAAQ==\n-----END PUBLIC KEY-----\n",
            "rsa_bits": 4096
          },
          "sensitive_attributes": [],
          "private": "bnVsbA=="
        }
      ]
    },
    {
      "module": "module.openstack.module.instance_config",
      "mode": "managed",
      "type": "tls_private_key",
      "name": "ssh",
      "provider": "provider[\"registry.terraform.io/hashicorp/tls\"]",
      "instances": [
        {
          "index_key": 0,
          "schema_version": 0,
          "attributes": {
            "algorithm": "RSA",
            "ecdsa_curve": "P224",
            "id": "49ad49dfdd3233ae0ab56863e1a07301e87d3dbc",
            "private_key_pem": "-----BEGIN RSA PRIVATE KEY-----\nMIIJJwIBAAKCAgEAsumfayPV5LB/HLmjv/wR8+q1gktgIANktCJwN9ZbAnGoJaP5\nSEpGEvFFPJZXOPKkOaOks+G/gJ/buExO8LoDkOArU5noJ1Rd5+lMJE9CaA1WTJ3d\nNV8A6CXeLpMJh8oMygu/CPf+GvX7NfKMYrQrbaokT6M6Lm33oQD5rIHsmT/TjtCg\nrrxElbDjU/MXp2UYAomSZq2HxoafrwieDOx1SYvQWfp17qMF/lUCc4ZTy3F8Fkm8\nNxpgddNTzcva2n+NPyHkGMb7MfqWrJmv70PSdI6+4XD4o7Tro9tLb8dYyORzJmKm\nKc9hL98g+eH4pjTMOdVJSXNfRFRKt4rBGEx04RCkVPPbrS+E779rebNthiLF4e3F\ni1rv+rCvKD5HPI33cgXhcrDKO9rgnuzKVutC5DpB/db43hDVHGDp6zu8daGGWEec\nrYsoZQMc3aE2mQ7Ph2ij4J++0us06FnSIH//awtzNU9iAYunEZCSleXZ+aRFaZRf\nmsnU1grwIIcfCuQd4FzV+N8LusyfuGO438tLYK+wxpDvxlhknFdHVfzkQ1TP7DTu\nJSAL9aRAArpyVugoa/3dioq0aL/MkV7Bc/iBMbW2VZbGO0U2tDIcGBD4libPX3FW\ntOW8NLCU0MN2QuwEZroPvzZwbhzj9WwZfNkMQTVvtD+k8Q23/sNHvc8LBUUCAwEA\nAQKCAgAvSypk+/gSl8VCJqBuo4drXuPUKXCjhcIdC+12FSfBoaG9MXc38MpNP5H5\nzhQIbbuTsPpcwpQIwDkooqNLZyCCL3/Efa6sltSr9TO3dWwsbToezqwm65Ily7zL\nuvqN9o8i6a/6AvQc1GEvhYounUnNl2g51QAQPelzmfpl64JLkF+wJN4U0peeqj+t\ndVkPWt3Z7dvRYJW/mN6lOjXtXKQ0aM0Ou/Jovpda/8XCHAQSh1Ex4xPpzQMqok5I\n3FZh483GnoLZOeA0+fTSc13adacwQHucxGw1eiHAErwCNEP39supnfImozchnG3v\nIBjGdrZ1ozfYPrM0MMP/eKJKdgt+8eZAb3+blk1A8vtps14SlmjXMwH7+kZMEvTg\nZwFxAFiaG7el14pSMNTK0pbVMXBzK3UjJGOBv1Z1UB5EhB0au6Go4FeMtr1uJ3YW\nrsSm/RQWIfshsxM+K6UC/JVVCPzv+deLgt3lb/Y34rbD0TnIgN1EGy2ipgFdQAqw\nlS+UB9/amVzIhr9nR1t4D4vquDjEJFKMQKOle9W8DDSUBaKi8vrSpf1PTmjI/kqW\nj3SyiXfYl4d4vmRIqXC+X/Ma2QMVARXjppOJ0xWN7E1AQW1V/PT9MVW7bD7JMdoB\nPMj3kMVmnMm3GijeXLH3qxnR0i9p4rt+jaGxE3Zqav/qwo9JEQKCAQEA0SZWtFRl\nnj7PrSPD4pLm1V9kjuXqCCdtLugbGLqHst0l4dHNVi7sv4SBGVJ5X96rYoLtVtlb\n0vK1NYZRVDS74h+gAeAjZ1dn8F13LAkY+DXD+tK8CS4Ihauyybj0eCMg3CVZk7ZQ\nwJobKh59WdD1ZfR+EEmajViBhgkrsVqaYmr2hnM6zYqpe1LiGfkwbENBib4ndh0W\nKjWa42C0emd4Z8yx0xm3FRaWz6Ihw85R4D5Q5zfS4B/JN8a85ZQiedSfzFu3pken\newmloTrxnHElUovaja9bFmGTWqMcgE6pL9LNBR8JND7lXr8WftDkeTpU2LZCuyj7\n/0Nx+PuGZvfm6wKCAQEA2v1Wh+B8+TvZ9waP8fVPf5eV2Ads49ydcqG0P7UjAhc/\nIdkf5fuSU3gUfvo0E2Be+CImww3c313P/YbhNqchHjS00IR9KUgjexIuDik38zVK\nSNr1rqsEOK88g58lyj1zSIz3a2FTyaMZ2gfy1fTk4GzdNH/0tyLZusBKP784TWOr\n0HvlFksDJli5/VJM5NyNmz0mLicurkipHZfGxk4Wj6dZV9dOmeHQc4HZP8Tp7Vbl\nA2B/P8GALZ/t4T7kM3WRrDFZIUVpyKX6gCn2xiJ927oAGL/Phn/Y8pgb1rd3TuMs\nFjp69fVajkLVZQQTFYCHjNGKcdyAPZKMpq4D8gEYjwKCAQAhapW51C40PWbjC+7V\nOZFmEAq6BiQBT4NTVkRWDB94RXsy/FlpZq/u3ZXe3N2FoscRQ0f2c14Hcz3eompG\nIPLP6yuegRhG/6Ect2I+B+oUZkq8vYTLlq5H5Sn4rvNoanxqkBEi16NJUpX6gcqX\nWhqLQqgNpCTsZnKzXq27dXVrOhnPW4POqVPw30o+yiChe5FyF46ogXc0IUJxB9du\nIzAKrZrP1rD4zpYj8Iyig0lzoaE9gB7SLmHw5nDx4VwsyPsLJLBQAezRbLYo74kA\n7NcAvFWcA6NzDP4FIkCAg5DmkjCtm8rVrSLqo29NrcSDVf2Obnh0/NRecYE5Pb64\nnu0nAoIBAF7hgttOVXd7Ch4wdq+j1LT4jZDS7sfvLzyaeUldBvUB83WL6HkxvZ1y\nmpbFe0il6Z/i1B6Q5BDXSaWUCgIu+Xdn6Kurq7r2KYFKSDAUhcxXW38jd20dZa/V\npQd2Ld5pL4jQouagfbgQdcP0y68N8xiVsmXrxrCOZf23ELR7+j31oFytQX2eNJgp\nuzPZs705HhWTsfYvPdd/Xd6XgyUqcjX9kQUxITolD7bsHJ+3ho8xpfoHljqecRXT\nhDKimCb/moUbwH1c4M9xso5TIDuKeDN6bE5M1PJ2dB3v76fhR80jOlfLMLlee8TF\nikXBNS+Mx64on65jliCXXV9eaBEzjlsCggEAKjo2jPyXduHul6A+3t2hydqGN8Aa\ncwbe7gnrquToR4JMiLoHK3gqUgRJ6d2a5UVrGKDgKIs1aHKo2PM+gwJqT+GIgJT6\nsWYE1ioS1nioTJthi/t587wok3wtyumCpIcs6+QJTO2J2Uo79rRZSxpU8QzOpfET\nbkbpx0DbqkgGOBKc2ocX3R7yAcvPAjFwQGxickDDFd+KXUO0HDsUnWHBEAee1NKp\n04mv9daJ21s9cxqccrNogz+GKUCUiCSYrUaJvSHl7uAQHp2aN6Yr228I2kfECzy5\n2w3gnkBEW4TcXHFHgD+OzvfEEPohGhdI1fc8OG1F693onDmXbJdQxvdnsQ==\n-----END RSA PRIVATE KEY-----\n",
            "public_key_fingerprint_md5": "b9:4c:5b:34:d8:d5:90:3d:e5:32:2d:de:fb:af:1d:cc",
            "public_key_openssh": "ssh-rsa AAAAB3NzaC1yc2EAAAADAQABAAACAQCy6Z9rI9XksH8cuaO//BHz6rWCS2AgA2S0InA31lsCcaglo/lISkYS8UU8llc48qQ5o6Sz4b+An9u4TE7wugOQ4CtTmegnVF3n6UwkT0JoDVZMnd01XwDoJd4ukwmHygzKC78I9/4a9fs18oxitCttqiRPozoubfehAPmsgeyZP9OO0KCuvESVsONT8xenZRgCiZJmrYfGhp+vCJ4M7HVJi9BZ+nXuowX+VQJzhlPLcXwWSbw3GmB101PNy9raf40/IeQYxvsx+pasma/vQ9J0jr7hcPijtOuj20tvx1jI5HMmYqYpz2Ev3yD54fimNMw51UlJc19EVEq3isEYTHThEKRU89utL4Tvv2t5s22GIsXh7cWLWu/6sK8oPkc8jfdyBeFysMo72uCe7MpW60LkOkH91vjeENUcYOnrO7x1oYZYR5ytiyhlAxzdoTaZDs+HaKPgn77S6zToWdIgf/9rC3M1T2IBi6cRkJKV5dn5pEVplF+aydTWCvAghx8K5B3gXNX43wu6zJ+4Y7jfy0tgr7DGkO/GWGScV0dV/ORDVM/sNO4lIAv1pEACunJW6Chr/d2KirRov8yRXsFz+IExtbZVlsY7RTa0MhwYEPiWJs9fcVa05bw0sJTQw3ZC7ARmug+/NnBuHOP1bBl82QxBNW+0P6TxDbf+w0e9zwsFRQ==\n",
            "public_key_pem": "-----BEGIN PUBLIC KEY-----\nMIICIjANBgkqhkiG9w0BAQEFAAOCAg8AMIICCgKCAgEAsumfayPV5LB/HLmjv/wR\n8+q1gktgIANktCJwN9ZbAnGoJaP5SEpGEvFFPJZXOPKkOaOks+G/gJ/buExO8LoD\nkOArU5noJ1Rd5+lMJE9CaA1WTJ3dNV8A6CXeLpMJh8oMygu/CPf+GvX7NfKMYrQr\nbaokT6M6Lm33oQD5rIHsmT/TjtCgrrxElbDjU/MXp2UYAomSZq2HxoafrwieDOx1\nSYvQWfp17qMF/lUCc4ZTy3F8Fkm8NxpgddNTzcva2n+NPyHkGMb7MfqWrJmv70PS\ndI6+4XD4o7Tro9tLb8dYyORzJmKmKc9hL98g+eH4pjTMOdVJSXNfRFRKt4rBGEx0\n4RCkVPPbrS+E779rebNthiLF4e3Fi1rv+rCvKD5HPI33cgXhcrDKO9rgnuzKVutC\n5DpB/db43hDVHGDp6zu8daGGWEecrYsoZQMc3aE2mQ7Ph2ij4J++0us06FnSIH//\nawtzNU9iAYunEZCSleXZ+aRFaZRfmsnU1grwIIcfCuQd4FzV+N8LusyfuGO438tL\nYK+wxpDvxlhknFdHVfzkQ1TP7DTuJSAL9aRAArpyVugoa/3dioq0aL/MkV7Bc/iB\nMbW2VZbGO0U2tDIcGBD4libPX3FWtOW8NLCU0MN2QuwEZroPvzZwbhzj9WwZfNkM\nQTVvtD+k8Q23/sNHvc8LBUUCAwEAAQ==\n-----END PUBLIC KEY-----\n",
            "rsa_bits": 4096
          },
          "sensitive_attributes": [],
          "private": "bnVsbA=="
        }
      ]
    }
  ]
}