{
  "version": 4,
  "terraform_version": "0.12.24",
  "serial": 26,
  "lineage": "FAKE",
  "outputs": {
    "guest_passwd": {
      "value": "password-123",
      "type": "string"
    },
    "guest_usernames": {
      "value": "user[01-10]",
      "type": "string"
    },
    "public_ip": {
      "value": [
        "100.101.102.103"
      ],
      "type": [
        "tuple",
        [
          "string"
        ]
      ]
    },
    "sudoer_username": {
      "value": "sudoer_username_fake",
      "type": "string"
    }
  },
  "resources": [
    {
      "module": "module.openstack",
      "mode": "data",
      "type": "openstack_images_image_v2",
      "name": "image",
      "provider": "module.openstack.provider.openstack",
      "instances": [
        {
          "schema_version": 0,
          "attributes": {
            "checksum": "FAKE",
            "container_format": "bare",
            "created_at": "FAKE",
            "disk_format": "FAKE",
            "file": "FAKE",
            "id": "FAKE",
            "member_status": null,
            "metadata": {},
            "min_disk_gb": 0,
            "min_ram_mb": 0,
            "most_recent": false,
            "name": "CentOS-7-x64-2019-07",
            "owner": "FAKE",
            "properties": null,
            "protected": true,
            "region": null,
            "schema": "/v2/schemas/image",
            "size_bytes": 942407680,
            "size_max": null,
            "size_min": null,
            "sort_direction": "asc",
            "sort_key": "name",
            "tag": null,
            "tags": [],
            "updated_at": "FAKE",
            "visibility": "public"
          }
        }
      ]
    },
    {
      "module": "module.openstack",
      "mode": "data",
      "type": "template_file",
      "name": "hieradata",
      "provider": "provider.template",
      "instances": [
        {
          "schema_version": 0,
          "attributes": {
            "filename": null,
            "id": "FAKE",
            "rendered": "FAKE",
            "template": "FAKE",
            "vars": {
              "cluster_name": "missing-nodes",
              "consul_token": "FAKE",
              "domain_name": "missing-nodes.example.com",
              "freeipa_passwd": "FAKE",
              "guest_passwd": "password-123",
              "mgmt1_ip": "FAKE",
              "munge_key": "FAKE",
              "nb_users": "10",
              "sudoer_username": "sudoer_username_fake"
            }
          }
        }
      ]
    },
    {
      "module": "module.openstack",
      "mode": "managed",
      "type": "openstack_blockstorage_volume_v2",
      "name": "home",
      "each": "list",
      "provider": "module.openstack.provider.openstack",
      "instances": [
        {
          "index_key": 0,
          "schema_version": 0,
          "attributes": {
            "attachment": [],
            "availability_zone": "FAKE",
            "consistency_group_id": null,
            "description": "missing-nodes /home",
            "id": "FAKE",
            "image_id": null,
            "metadata": {},
            "name": "missing-nodes-home",
            "region": "FAKE",
            "scheduler_hints": [],
            "size": 100,
            "snapshot_id": "",
            "source_replica": null,
            "source_vol_id": "",
            "timeouts": null,
            "volume_type": "Default"
          },
          "private": "FAKE"
        }
      ]
    },
    {
      "module": "module.openstack",
      "mode": "managed",
      "type": "openstack_blockstorage_volume_v2",
      "name": "project",
      "each": "list",
      "provider": "module.openstack.provider.openstack",
      "instances": [
        {
          "index_key": 0,
          "schema_version": 0,
          "attributes": {
            "attachment": [],
            "availability_zone": "FAKE",
            "consistency_group_id": null,
            "description": "missing-nodes /project",
            "id": "FAKE",
            "image_id": null,
            "metadata": {},
            "name": "missing-nodes-project",
            "region": "FAKE",
            "scheduler_hints": [],
            "size": 50,
            "snapshot_id": "",
            "source_replica": null,
            "source_vol_id": "",
            "timeouts": null,
            "volume_type": "Default"
          },
          "private": "FAKE"
        }
      ]
    },
    {
      "module": "module.openstack",
      "mode": "managed",
      "type": "openstack_blockstorage_volume_v2",
      "name": "scratch",
      "each": "list",
      "provider": "module.openstack.provider.openstack",
      "instances": [
        {
          "index_key": 0,
          "schema_version": 0,
          "attributes": {
            "attachment": [],
            "availability_zone": "nova",
            "consistency_group_id": null,
            "description": "missing-nodes /scratch",
            "id": "FAKE",
            "image_id": null,
            "metadata": {},
            "name": "missing-nodes-scratch",
            "region": "FAKE",
            "scheduler_hints": [],
            "size": 50,
            "snapshot_id": "",
            "source_replica": null,
            "source_vol_id": "",
            "timeouts": null,
            "volume_type": "Default"
          },
          "private": "FAKE"
        }
      ]
    },
    {
      "module": "module.openstack",
      "mode": "managed",
      "type": "openstack_compute_floatingip_associate_v2",
      "name": "fip",
      "each": "list",
      "provider": "module.openstack.provider.openstack",
      "instances": [
        {
          "index_key": 0,
          "schema_version": 0,
          "attributes": {
            "fixed_ip": "",
            "floating_ip": "100.101.102.103",
            "id": "FAKE",
            "instance_id": "FAKE",
            "region": "FAKE",
            "timeouts": null,
            "wait_until_associated": null
          },
          "private": "FAKE",
          "dependencies": [
            "module.openstack.openstack_compute_instance_v2.login",
            "module.openstack.openstack_compute_keypair_v2.keypair",
            "module.openstack.openstack_compute_secgroup_v2.secgroup_1",
            "module.openstack.openstack_networking_floatingip_v2.fip",
            "module.openstack.openstack_networking_port_v2.port_login",
            "module.openstack.openstack_networking_port_v2.port_mgmt",
            "module.openstack.random_string.puppetmaster_password",
            "module.openstack.tls_private_key.login_rsa"
          ]
        }
      ]
    },
    {
      "module": "module.openstack",
      "mode": "managed",
      "type": "openstack_compute_keypair_v2",
      "name": "keypair",
      "provider": "module.openstack.provider.openstack",
      "instances": [
        {
          "schema_version": 0,
          "attributes": {
            "fingerprint": "FAKE",
            "id": "missing-nodes-key",
            "name": "missing-nodes-key",
            "private_key": "-----BEGIN RSA PRIVATE KEY-----FAKE-----END RSA PRIVATE KEY-----",
            "public_key": "ssh-rsa FAKE",
            "region": "FAKE",
            "value_specs": null
          },
          "private": "FAKE"
        }
      ]
    },
    {
      "module": "module.openstack",
      "mode": "managed",
      "type": "openstack_networking_floatingip_v2",
      "name": "fip",
      "each": "list",
      "provider": "module.openstack.provider.openstack",
      "instances": [
        {
          "index_key": 0,
          "schema_version": 0,
          "attributes": {
            "address": "100.101.102.103",
            "all_tags": [],
            "description": "",
            "dns_domain": "",
            "dns_name": "",
            "fixed_ip": "",
            "id": "FAKE",
            "pool": "FAKE",
            "port_id": "",
            "region": "FAKE",
            "subnet_id": null,
            "tags": null,
            "tenant_id": "FAKE",
            "timeouts": null,
            "value_specs": null
          },
          "private": "FAKE"
        }
      ]
    },
    {
      "module": "module.openstack",
      "mode": "managed",
      "type": "random_pet",
      "name": "guest_passwd",
      "each": "list",
      "provider": "provider.random",
      "instances": [
        {
          "index_key": 0,
          "schema_version": 0,
          "attributes": {
            "id": "password-123",
            "keepers": null,
            "length": 4,
            "prefix": null,
            "separator": "."
          },
          "private": "FAKE"
        }
      ]
    },
    {
      "module": "module.openstack",
      "mode": "managed",
      "type": "tls_private_key",
      "name": "login_rsa",
      "provider": "provider.tls",
      "instances": [
        {
          "schema_version": 0,
          "attributes": {
            "algorithm": "FAKE",
            "ecdsa_curve": "FAKE",
            "id": "FAKE",
            "private_key_pem": "-----BEGIN RSA PRIVATE KEY-----FAKE-----END RSA PRIVATE KEY-----",
            "public_key_fingerprint_md5": "FAKE",
            "public_key_openssh": "ssh-rsa FAKE",
            "public_key_pem": "-----BEGIN PUBLIC KEY-----FAKE-----END PUBLIC KEY-----",
            "rsa_bits": 4096
          },
          "private": "FAKE"
        }
      ]
    }
  ]
}
