{
  "version": 4,
  "terraform_version": "1.0.7",
  "serial": 86,
  "lineage": "fb5a2bb9-ccdd-47f0-4ecd-e400628eee8d",
  "outputs": {},
  "resources": [
    {
      "module": "module.openstack",
      "mode": "data",
      "type": "external",
      "name": "keystone",
      "provider": "provider[\"registry.terraform.io/hashicorp/external\"]",
      "instances": [
        {
          "schema_version": 0,
          "attributes": {
            "id": "-",
            "program": [
              "python",
              ".terraform/modules/openstack/openstack/external/keystone.py"
            ],
            "query": null,
            "result": {
              "auth_url": "https://arbutus.cloud.computecanada.ca:5000/v3",
              "name": "arbutus"
            },
            "working_dir": null
          },
          "sensitive_attributes": []
        }
      ]
    },
    {
      "module": "module.openstack",
      "mode": "data",
      "type": "openstack_compute_flavor_v2",
      "name": "flavors",
      "provider": "provider[\"registry.terraform.io/terraform-provider-openstack/openstack\"]",
      "instances": [
        {
          "index_key": "login1",
          "schema_version": 0,
          "attributes": {
            "disk": 20,
            "extra_specs": {
              "aggregate_instance_extra_specs:persistent": "true",
              "quota:cpu_period": "1000000",
              "quota:cpu_quota": "950000",
              "quota:disk_read_bytes_sec": "115343360",
              "quota:disk_read_iops_sec": "2500",
              "quota:disk_write_bytes_sec": "115343360",
              "quota:disk_write_iops_sec": "2000"
            },
            "flavor_id": "d2e0247d-3869-4f17-b9d0-9735f4f1b57a",
            "id": "d2e0247d-3869-4f17-b9d0-9735f4f1b57a",
            "is_public": false,
            "min_disk": null,
            "min_ram": null,
            "name": "p4-6gb",
            "ram": 6144,
            "region": null,
            "rx_tx_factor": 1,
            "swap": 0,
            "vcpus": 4
          },
          "sensitive_attributes": []
        },
        {
          "index_key": "mgmt1",
          "schema_version": 0,
          "attributes": {
            "disk": 20,
            "extra_specs": {
              "aggregate_instance_extra_specs:persistent": "true",
              "quota:cpu_period": "1000000",
              "quota:cpu_quota": "950000",
              "quota:disk_read_bytes_sec": "115343360",
              "quota:disk_read_iops_sec": "2500",
              "quota:disk_write_bytes_sec": "115343360",
              "quota:disk_write_iops_sec": "2000"
            },
            "flavor_id": "d2e0247d-3869-4f17-b9d0-9735f4f1b57a",
            "id": "d2e0247d-3869-4f17-b9d0-9735f4f1b57a",
            "is_public": false,
            "min_disk": null,
            "min_ram": null,
            "name": "p4-6gb",
            "ram": 6144,
            "region": null,
            "rx_tx_factor": 1,
            "swap": 0,
            "vcpus": 4
          },
          "sensitive_attributes": []
        },
        {
          "index_key": "node1",
          "schema_version": 0,
          "attributes": {
            "disk": 20,
            "extra_specs": {
              "aggregate_instance_extra_specs:persistent": "true",
              "quota:cpu_period": "1000000",
              "quota:cpu_quota": "950000",
              "quota:disk_read_bytes_sec": "115343360",
              "quota:disk_read_iops_sec": "2500",
              "quota:disk_write_bytes_sec": "115343360",
              "quota:disk_write_iops_sec": "2000"
            },
            "flavor_id": "6bc1a373-efc5-4234-a4ae-db70407cb594",
            "id": "6bc1a373-efc5-4234-a4ae-db70407cb594",
            "is_public": false,
            "min_disk": null,
            "min_ram": null,
            "name": "p2-3gb",
            "ram": 3072,
            "region": null,
            "rx_tx_factor": 1,
            "swap": 0,
            "vcpus": 2
          },
          "sensitive_attributes": []
        }
      ]
    },
    {
      "module": "module.openstack",
      "mode": "data",
      "type": "openstack_images_image_v2",
      "name": "image",
      "provider": "provider[\"registry.terraform.io/terraform-provider-openstack/openstack\"]",
      "instances": [
        {
          "schema_version": 0,
          "attributes": {
            "checksum": "8b9411110b8cc5596eb17c60c991ef03",
            "container_format": "bare",
            "created_at": "2021-05-26T18:03:56Z",
            "disk_format": "qcow2",
            "file": "/v2/images/4cade8a8-d7df-40e8-8bd3-f58e2e17b523/file",
            "hidden": false,
            "id": "4cade8a8-d7df-40e8-8bd3-f58e2e17b523",
            "member_status": null,
            "metadata": {},
            "min_disk_gb": 0,
            "min_ram_mb": 0,
            "most_recent": false,
            "name": "Rocky-8.7-x64-2023-02",
            "owner": "3c3b4fb0ff154c65992f9b5f1aed44ea",
            "properties": null,
            "protected": true,
            "region": "RegionOne",
            "schema": "/v2/schemas/image",
            "size_bytes": 888995840,
            "size_max": null,
            "size_min": null,
            "sort_direction": "asc",
            "sort_key": "name",
            "tag": null,
            "tags": [],
            "updated_at": "2021-09-21T07:06:22Z",
            "visibility": "public"
          },
          "sensitive_attributes": []
        }
      ]
    },
    {
      "module": "module.openstack",
      "mode": "data",
      "type": "openstack_networking_network_v2",
      "name": "ext_network",
      "provider": "provider[\"registry.terraform.io/terraform-provider-openstack/openstack\"]",
      "instances": [
        {
          "schema_version": 0,
          "attributes": {
            "admin_state_up": "true",
            "all_tags": [],
            "availability_zone_hints": [],
            "description": "",
            "dns_domain": "",
            "external": true,
            "id": "6621bf61-6094-4b24-a9a0-f5794c3a881e",
            "matching_subnet_cidr": null,
            "mtu": 1500,
            "name": "Public-Network",
            "network_id": null,
            "region": "RegionOne",
            "shared": "false",
            "status": null,
            "subnets": [
              "1f6a472c-c1bf-42a4-9473-7ec1a543f0a8",
              "420e1bf0-575c-4498-9bee-85e24ce8c1fc"
            ],
            "tags": null,
            "tenant_id": "3c3b4fb0ff154c65992f9b5f1aed44ea",
            "transparent_vlan": false
          },
          "sensitive_attributes": []
        }
      ]
    },
    {
      "module": "module.openstack",
      "mode": "data",
      "type": "openstack_networking_network_v2",
      "name": "int_network",
      "provider": "provider[\"registry.terraform.io/terraform-provider-openstack/openstack\"]",
      "instances": [
        {
          "schema_version": 0,
          "attributes": {
            "admin_state_up": "true",
            "all_tags": [],
            "availability_zone_hints": [],
            "description": "",
            "dns_domain": "",
            "external": false,
            "id": "f2b11478-de5c-4610-8646-a39142a91f0a",
            "matching_subnet_cidr": null,
            "mtu": 1500,
            "name": "ipm-500-network",
            "network_id": null,
            "region": "RegionOne",
            "shared": "false",
            "status": null,
            "subnets": [
              "b70582fc-c0f6-45fa-a022-e45affb90106"
            ],
            "tags": null,
            "tenant_id": "dde6409100e4490f935cf5bf7f3e75ed",
            "transparent_vlan": false
          },
          "sensitive_attributes": []
        }
      ]
    },
    {
      "module": "module.openstack",
      "mode": "data",
      "type": "openstack_networking_subnet_v2",
      "name": "subnet",
      "provider": "provider[\"registry.terraform.io/terraform-provider-openstack/openstack\"]",
      "instances": [
        {
          "schema_version": 0,
          "attributes": {
            "all_tags": [],
            "allocation_pools": [
              {
                "end": "192.168.126.254",
                "start": "192.168.126.2"
              }
            ],
            "cidr": "192.168.126.0/24",
            "description": "",
            "dhcp_disabled": null,
            "dhcp_enabled": null,
            "dns_nameservers": [],
            "enable_dhcp": true,
            "gateway_ip": "192.168.126.1",
            "host_routes": [],
            "id": "b70582fc-c0f6-45fa-a022-e45affb90106",
            "ip_version": 4,
            "ipv6_address_mode": "",
            "ipv6_ra_mode": "",
            "name": "ipm-500-subnet",
            "network_id": "f2b11478-de5c-4610-8646-a39142a91f0a",
            "region": "RegionOne",
            "subnet_id": null,
            "subnetpool_id": "",
            "tags": null,
            "tenant_id": "dde6409100e4490f935cf5bf7f3e75ed"
          },
          "sensitive_attributes": []
        }
      ]
    },
    {
      "module": "module.openstack",
      "mode": "managed",
      "type": "openstack_blockstorage_volume_v3",
      "name": "volumes",
      "provider": "provider[\"registry.terraform.io/terraform-provider-openstack/openstack\"]",
      "instances": [
        {
          "index_key": "mgmt1-nfs-home",
          "schema_version": 0,
          "attributes": {
            "attachment": [],
            "availability_zone": "nova",
            "consistency_group_id": null,
            "description": "noowner mgmt1-nfs-home",
            "enable_online_resize": null,
            "id": "ff708e0c-e836-423a-976e-4cc9e8bf188e",
            "image_id": null,
            "metadata": {},
            "multiattach": null,
            "name": "noowner-mgmt1-nfs-home",
            "region": "RegionOne",
            "scheduler_hints": [],
            "size": 100,
            "snapshot_id": "",
            "source_replica": null,
            "source_vol_id": "",
            "timeouts": null,
            "volume_type": "Default"
          },
          "sensitive_attributes": [],
          "private": "eyJlMmJmYjczMC1lY2FhLTExZTYtOGY4OC0zNDM2M2JjN2M0YzAiOnsiY3JlYXRlIjo2MDAwMDAwMDAwMDAsImRlbGV0ZSI6NjAwMDAwMDAwMDAwfX0="
        },
        {
          "index_key": "mgmt1-nfs-project",
          "schema_version": 0,
          "attributes": {
            "attachment": [],
            "availability_zone": "nova",
            "consistency_group_id": null,
            "description": "noowner mgmt1-nfs-project",
            "enable_online_resize": null,
            "id": "5134af81-955c-4dfb-b960-e17f67ac1f3f",
            "image_id": null,
            "metadata": {},
            "multiattach": null,
            "name": "noowner-mgmt1-nfs-project",
            "region": "RegionOne",
            "scheduler_hints": [],
            "size": 50,
            "snapshot_id": "",
            "source_replica": null,
            "source_vol_id": "",
            "timeouts": null,
            "volume_type": "Default"
          },
          "sensitive_attributes": [],
          "private": "eyJlMmJmYjczMC1lY2FhLTExZTYtOGY4OC0zNDM2M2JjN2M0YzAiOnsiY3JlYXRlIjo2MDAwMDAwMDAwMDAsImRlbGV0ZSI6NjAwMDAwMDAwMDAwfX0="
        },
        {
          "index_key": "mgmt1-nfs-scratch",
          "schema_version": 0,
          "attributes": {
            "attachment": [],
            "availability_zone": "nova",
            "consistency_group_id": null,
            "description": "noowner mgmt1-nfs-scratch",
            "enable_online_resize": null,
            "id": "4e32f0d2-17bb-4553-b909-c1e9a705dc26",
            "image_id": null,
            "metadata": {},
            "multiattach": null,
            "name": "noowner-mgmt1-nfs-scratch",
            "region": "RegionOne",
            "scheduler_hints": [],
            "size": 50,
            "snapshot_id": "",
            "source_replica": null,
            "source_vol_id": "",
            "timeouts": null,
            "volume_type": "Default"
          },
          "sensitive_attributes": [],
          "private": "eyJlMmJmYjczMC1lY2FhLTExZTYtOGY4OC0zNDM2M2JjN2M0YzAiOnsiY3JlYXRlIjo2MDAwMDAwMDAwMDAsImRlbGV0ZSI6NjAwMDAwMDAwMDAwfX0="
        }
      ]
    },
    {
      "module": "module.openstack",
      "mode": "managed",
      "type": "openstack_compute_floatingip_associate_v2",
      "name": "fip",
      "provider": "provider[\"registry.terraform.io/terraform-provider-openstack/openstack\"]",
      "instances": [
        {
          "index_key": "login1",
          "schema_version": 0,
          "attributes": {
            "fixed_ip": "",
            "floating_ip": "206.12.97.98",
            "id": "206.12.97.98/6af46c78-5948-4b09-8385-3052190dfbec/",
            "instance_id": "6af46c78-5948-4b09-8385-3052190dfbec",
            "region": "RegionOne",
            "timeouts": null,
            "wait_until_associated": null
          },
          "sensitive_attributes": [],
          "private": "eyJlMmJmYjczMC1lY2FhLTExZTYtOGY4OC0zNDM2M2JjN2M0YzAiOnsiY3JlYXRlIjo2MDAwMDAwMDAwMDB9fQ==",
          "dependencies": [
            "module.openstack.data.openstack_compute_flavor_v2.flavors",
            "module.openstack.data.openstack_images_image_v2.image",
            "module.openstack.data.openstack_networking_network_v2.ext_network",
            "module.openstack.data.openstack_networking_network_v2.int_network",
            "module.openstack.data.openstack_networking_subnet_v2.subnet",
            "module.openstack.module.instance_config.random_string.puppetserver_password",
            "module.openstack.module.instance_config.tls_private_key.rsa_hostkeys",
            "module.openstack.module.instance_config.tls_private_key.ssh",
            "module.openstack.openstack_compute_instance_v2.instances",
            "module.openstack.openstack_compute_keypair_v2.keypair",
            "module.openstack.openstack_compute_secgroup_v2.secgroup",
            "module.openstack.openstack_networking_floatingip_v2.fip",
            "module.openstack.openstack_networking_port_v2.nic"
          ]
        }
      ]
    },
    {
      "module": "module.openstack",
      "mode": "managed",
      "type": "openstack_compute_instance_v2",
      "name": "instances",
      "provider": "provider[\"registry.terraform.io/terraform-provider-openstack/openstack\"]",
      "instances": [
        {
          "index_key": "login1",
          "schema_version": 0,
          "attributes": {
            "access_ip_v4": "192.168.126.221",
            "access_ip_v6": "",
            "admin_pass": null,
            "all_metadata": {},
            "all_tags": [],
            "availability_zone": "Persistent_02",
            "availability_zone_hints": null,
            "block_device": [],
            "config_drive": null,
            "flavor_id": "d2e0247d-3869-4f17-b9d0-9735f4f1b57a",
            "flavor_name": "p4-6gb",
            "floating_ip": null,
            "force_delete": false,
            "id": "6af46c78-5948-4b09-8385-3052190dfbec",
            "image_id": "4cade8a8-d7df-40e8-8bd3-f58e2e17b523",
            "image_name": "Rocky-8.7-x64-2023-02",
            "key_pair": "noowner-key",
            "metadata": null,
            "name": "noowner-login1",
            "network": [
              {
                "access_network": false,
                "fixed_ip_v4": "192.168.126.221",
                "fixed_ip_v6": "",
                "floating_ip": "",
                "mac": "fa:16:3e:c5:03:ac",
                "name": "ipm-500-network",
                "port": "ec4b8074-3227-422e-bce2-354e8e983d36",
                "uuid": "f2b11478-de5c-4610-8646-a39142a91f0a"
              }
            ],
            "network_mode": null,
            "personality": [],
            "power_state": "active",
            "region": "RegionOne",
            "scheduler_hints": [],
            "security_groups": [
              "noowner-secgroup"
            ],
            "stop_before_destroy": false,
            "tags": null,
            "timeouts": null,
            "user_data": "2a4afe21f06b91cb0b8e2c607aedeb67f2dc8761",
            "vendor_options": [],
            "volume": []
          },
          "sensitive_attributes": [
            [
              {
                "type": "get_attr",
                "value": "user_data"
              }
            ]
          ],
          "private": "eyJlMmJmYjczMC1lY2FhLTExZTYtOGY4OC0zNDM2M2JjN2M0YzAiOnsiY3JlYXRlIjoxODAwMDAwMDAwMDAwLCJkZWxldGUiOjE4MDAwMDAwMDAwMDAsInVwZGF0ZSI6MTgwMDAwMDAwMDAwMH19",
          "dependencies": [
            "module.openstack.data.openstack_compute_flavor_v2.flavors",
            "module.openstack.data.openstack_images_image_v2.image",
            "module.openstack.data.openstack_networking_network_v2.int_network",
            "module.openstack.data.openstack_networking_subnet_v2.subnet",
            "module.openstack.module.instance_config.random_string.puppetserver_password",
            "module.openstack.module.instance_config.tls_private_key.rsa_hostkeys",
            "module.openstack.module.instance_config.tls_private_key.ssh",
            "module.openstack.openstack_compute_keypair_v2.keypair",
            "module.openstack.openstack_compute_secgroup_v2.secgroup",
            "module.openstack.openstack_networking_port_v2.nic"
          ]
        },
        {
          "index_key": "mgmt1",
          "schema_version": 0,
          "attributes": {
            "access_ip_v4": "192.168.126.139",
            "access_ip_v6": "",
            "admin_pass": null,
            "all_metadata": {},
            "all_tags": [],
            "availability_zone": "Persistent_01",
            "availability_zone_hints": null,
            "block_device": [],
            "config_drive": null,
            "flavor_id": "d2e0247d-3869-4f17-b9d0-9735f4f1b57a",
            "flavor_name": "p4-6gb",
            "floating_ip": null,
            "force_delete": false,
            "id": "d88999f4-7a77-43b6-997b-1f5d0e1417a4",
            "image_id": "4cade8a8-d7df-40e8-8bd3-f58e2e17b523",
            "image_name": "Rocky-8.7-x64-2023-02",
            "key_pair": "noowner-key",
            "metadata": null,
            "name": "noowner-mgmt1",
            "network": [
              {
                "access_network": false,
                "fixed_ip_v4": "192.168.126.139",
                "fixed_ip_v6": "",
                "floating_ip": "",
                "mac": "fa:16:3e:f0:56:7d",
                "name": "ipm-500-network",
                "port": "9758fd63-97f7-4d94-97b8-481e01c7439a",
                "uuid": "f2b11478-de5c-4610-8646-a39142a91f0a"
              }
            ],
            "network_mode": null,
            "personality": [],
            "power_state": "active",
            "region": "RegionOne",
            "scheduler_hints": [],
            "security_groups": [
              "noowner-secgroup"
            ],
            "stop_before_destroy": false,
            "tags": null,
            "timeouts": null,
            "user_data": "bae36fb20403c9548cb318aec438de0c4a165a16",
            "vendor_options": [],
            "volume": []
          },
          "sensitive_attributes": [
            [
              {
                "type": "get_attr",
                "value": "user_data"
              }
            ]
          ],
          "private": "eyJlMmJmYjczMC1lY2FhLTExZTYtOGY4OC0zNDM2M2JjN2M0YzAiOnsiY3JlYXRlIjoxODAwMDAwMDAwMDAwLCJkZWxldGUiOjE4MDAwMDAwMDAwMDAsInVwZGF0ZSI6MTgwMDAwMDAwMDAwMH19",
          "dependencies": [
            "module.openstack.data.openstack_compute_flavor_v2.flavors",
            "module.openstack.data.openstack_images_image_v2.image",
            "module.openstack.data.openstack_networking_network_v2.int_network",
            "module.openstack.data.openstack_networking_subnet_v2.subnet",
            "module.openstack.module.instance_config.random_string.puppetserver_password",
            "module.openstack.module.instance_config.tls_private_key.rsa_hostkeys",
            "module.openstack.module.instance_config.tls_private_key.ssh",
            "module.openstack.openstack_compute_keypair_v2.keypair",
            "module.openstack.openstack_compute_secgroup_v2.secgroup",
            "module.openstack.openstack_networking_port_v2.nic"
          ]
        },
        {
          "index_key": "node1",
          "schema_version": 0,
          "attributes": {
            "access_ip_v4": "192.168.126.131",
            "access_ip_v6": "",
            "admin_pass": null,
            "all_metadata": {},
            "all_tags": [],
            "availability_zone": "Persistent_01",
            "availability_zone_hints": null,
            "block_device": [],
            "config_drive": null,
            "flavor_id": "6bc1a373-efc5-4234-a4ae-db70407cb594",
            "flavor_name": "p2-3gb",
            "floating_ip": null,
            "force_delete": false,
            "id": "7ae8da18-9cd7-4408-a5da-73e0401b864a",
            "image_id": "4cade8a8-d7df-40e8-8bd3-f58e2e17b523",
            "image_name": "Rocky-8.7-x64-2023-02",
            "key_pair": "noowner-key",
            "metadata": null,
            "name": "noowner-node1",
            "network": [
              {
                "access_network": false,
                "fixed_ip_v4": "192.168.126.131",
                "fixed_ip_v6": "",
                "floating_ip": "",
                "mac": "fa:16:3e:6b:86:a6",
                "name": "ipm-500-network",
                "port": "81ae581c-8634-422e-a2d1-71051eab0e59",
                "uuid": "f2b11478-de5c-4610-8646-a39142a91f0a"
              }
            ],
            "network_mode": null,
            "personality": [],
            "power_state": "active",
            "region": "RegionOne",
            "scheduler_hints": [],
            "security_groups": [
              "noowner-secgroup"
            ],
            "stop_before_destroy": false,
            "tags": null,
            "timeouts": null,
            "user_data": "0303f82572a9d45c796250ebd82c58b1f18d2138",
            "vendor_options": [],
            "volume": []
          },
          "sensitive_attributes": [
            [
              {
                "type": "get_attr",
                "value": "user_data"
              }
            ]
          ],
          "private": "eyJlMmJmYjczMC1lY2FhLTExZTYtOGY4OC0zNDM2M2JjN2M0YzAiOnsiY3JlYXRlIjoxODAwMDAwMDAwMDAwLCJkZWxldGUiOjE4MDAwMDAwMDAwMDAsInVwZGF0ZSI6MTgwMDAwMDAwMDAwMH19",
          "dependencies": [
            "module.openstack.data.openstack_compute_flavor_v2.flavors",
            "module.openstack.data.openstack_images_image_v2.image",
            "module.openstack.data.openstack_networking_network_v2.int_network",
            "module.openstack.data.openstack_networking_subnet_v2.subnet",
            "module.openstack.module.instance_config.random_string.puppetserver_password",
            "module.openstack.module.instance_config.tls_private_key.rsa_hostkeys",
            "module.openstack.module.instance_config.tls_private_key.ssh",
            "module.openstack.openstack_compute_keypair_v2.keypair",
            "module.openstack.openstack_compute_secgroup_v2.secgroup",
            "module.openstack.openstack_networking_port_v2.nic"
          ]
        }
      ]
    },
    {
      "module": "module.openstack",
      "mode": "managed",
      "type": "openstack_compute_keypair_v2",
      "name": "keypair",
      "provider": "provider[\"registry.terraform.io/terraform-provider-openstack/openstack\"]",
      "instances": [
        {
          "schema_version": 0,
          "attributes": {
            "fingerprint": "34:a7:25:aa:82:ab:97:6f:19:d7:e7:03:b4:c4:bd:75",
            "id": "noowner-key",
            "name": "noowner-key",
            "private_key": "",
            "public_key": "ssh-rsa FAKE",
            "region": "RegionOne",
            "value_specs": null
          },
          "sensitive_attributes": [],
          "private": "bnVsbA=="
        }
      ]
    },
    {
      "module": "module.openstack",
      "mode": "managed",
      "type": "openstack_compute_secgroup_v2",
      "name": "secgroup",
      "provider": "provider[\"registry.terraform.io/terraform-provider-openstack/openstack\"]",
      "instances": [
        {
          "schema_version": 0,
          "attributes": {
            "description": "noowner security group",
            "id": "b17aa03b-fa3b-44a2-b8e1-90a5232b99a1",
            "name": "noowner-secgroup",
            "region": "RegionOne",
            "rule": [
              {
                "cidr": "",
                "from_group_id": "",
                "from_port": -1,
                "id": "87a8751c-3ac7-4de2-8758-c569441c52af",
                "ip_protocol": "icmp",
                "self": true,
                "to_port": -1
              },
              {
                "cidr": "",
                "from_group_id": "",
                "from_port": 1,
                "id": "24bb64fb-a6d5-4553-b237-b48c1a8c17ab",
                "ip_protocol": "udp",
                "self": true,
                "to_port": 65535
              },
              {
                "cidr": "",
                "from_group_id": "",
                "from_port": 1,
                "id": "3948fe4a-2eb3-4af9-8288-62bdf69fd7e5",
                "ip_protocol": "tcp",
                "self": true,
                "to_port": 65535
              },
              {
                "cidr": "0.0.0.0/0",
                "from_group_id": "",
                "from_port": 22,
                "id": "e79b94c3-cadf-4e00-b9e8-b6c303f492c1",
                "ip_protocol": "tcp",
                "self": false,
                "to_port": 22
              },
              {
                "cidr": "0.0.0.0/0",
                "from_group_id": "",
                "from_port": 443,
                "id": "6689c3b4-80ce-4fbe-b96c-4fac4a111808",
                "ip_protocol": "tcp",
                "self": false,
                "to_port": 443
              },
              {
                "cidr": "0.0.0.0/0",
                "from_group_id": "",
                "from_port": 50000,
                "id": "c318b68e-8ee0-4453-8b95-8ff4d4eb0fdb",
                "ip_protocol": "tcp",
                "self": false,
                "to_port": 51000
              },
              {
                "cidr": "0.0.0.0/0",
                "from_group_id": "",
                "from_port": 7512,
                "id": "424369b0-85a3-4337-ba02-12211a9821d5",
                "ip_protocol": "tcp",
                "self": false,
                "to_port": 7512
              },
              {
                "cidr": "0.0.0.0/0",
                "from_group_id": "",
                "from_port": 80,
                "id": "93774464-bdd3-4cb7-b953-f632dac2ef76",
                "ip_protocol": "tcp",
                "self": false,
                "to_port": 80
              },
              {
                "cidr": "54.237.254.192/29",
                "from_group_id": "",
                "from_port": 2811,
                "id": "71a5aba7-e06d-46af-8ec7-5b9052c30492",
                "ip_protocol": "tcp",
                "self": false,
                "to_port": 2811
              }
            ],
            "timeouts": null
          },
          "sensitive_attributes": [],
          "private": "eyJlMmJmYjczMC1lY2FhLTExZTYtOGY4OC0zNDM2M2JjN2M0YzAiOnsiZGVsZXRlIjo2MDAwMDAwMDAwMDB9fQ=="
        }
      ]
    },
    {
      "module": "module.openstack",
      "mode": "managed",
      "type": "openstack_compute_volume_attach_v2",
      "name": "attachments",
      "provider": "provider[\"registry.terraform.io/terraform-provider-openstack/openstack\"]",
      "instances": [
        {
          "index_key": "mgmt1-nfs-home",
          "schema_version": 0,
          "attributes": {
            "device": "/dev/vdb",
            "id": "d88999f4-7a77-43b6-997b-1f5d0e1417a4/ff708e0c-e836-423a-976e-4cc9e8bf188e",
            "instance_id": "d88999f4-7a77-43b6-997b-1f5d0e1417a4",
            "multiattach": null,
            "region": "RegionOne",
            "timeouts": null,
            "vendor_options": [],
            "volume_id": "ff708e0c-e836-423a-976e-4cc9e8bf188e"
          },
          "sensitive_attributes": [],
          "private": "eyJlMmJmYjczMC1lY2FhLTExZTYtOGY4OC0zNDM2M2JjN2M0YzAiOnsiY3JlYXRlIjo2MDAwMDAwMDAwMDAsImRlbGV0ZSI6NjAwMDAwMDAwMDAwfX0=",
          "dependencies": [
            "module.openstack.data.openstack_compute_flavor_v2.flavors",
            "module.openstack.data.openstack_images_image_v2.image",
            "module.openstack.data.openstack_networking_network_v2.int_network",
            "module.openstack.data.openstack_networking_subnet_v2.subnet",
            "module.openstack.module.instance_config.random_string.puppetserver_password",
            "module.openstack.module.instance_config.tls_private_key.rsa_hostkeys",
            "module.openstack.module.instance_config.tls_private_key.ssh",
            "module.openstack.openstack_blockstorage_volume_v3.volumes",
            "module.openstack.openstack_compute_instance_v2.instances",
            "module.openstack.openstack_compute_keypair_v2.keypair",
            "module.openstack.openstack_compute_secgroup_v2.secgroup",
            "module.openstack.openstack_networking_port_v2.nic"
          ]
        },
        {
          "index_key": "mgmt1-nfs-project",
          "schema_version": 0,
          "attributes": {
            "device": "/dev/vdd",
            "id": "d88999f4-7a77-43b6-997b-1f5d0e1417a4/5134af81-955c-4dfb-b960-e17f67ac1f3f",
            "instance_id": "d88999f4-7a77-43b6-997b-1f5d0e1417a4",
            "multiattach": null,
            "region": "RegionOne",
            "timeouts": null,
            "vendor_options": [],
            "volume_id": "5134af81-955c-4dfb-b960-e17f67ac1f3f"
          },
          "sensitive_attributes": [],
          "private": "eyJlMmJmYjczMC1lY2FhLTExZTYtOGY4OC0zNDM2M2JjN2M0YzAiOnsiY3JlYXRlIjo2MDAwMDAwMDAwMDAsImRlbGV0ZSI6NjAwMDAwMDAwMDAwfX0=",
          "dependencies": [
            "module.openstack.data.openstack_compute_flavor_v2.flavors",
            "module.openstack.data.openstack_images_image_v2.image",
            "module.openstack.data.openstack_networking_network_v2.int_network",
            "module.openstack.data.openstack_networking_subnet_v2.subnet",
            "module.openstack.module.instance_config.random_string.puppetserver_password",
            "module.openstack.module.instance_config.tls_private_key.rsa_hostkeys",
            "module.openstack.module.instance_config.tls_private_key.ssh",
            "module.openstack.openstack_blockstorage_volume_v3.volumes",
            "module.openstack.openstack_compute_instance_v2.instances",
            "module.openstack.openstack_compute_keypair_v2.keypair",
            "module.openstack.openstack_compute_secgroup_v2.secgroup",
            "module.openstack.openstack_networking_port_v2.nic"
          ]
        },
        {
          "index_key": "mgmt1-nfs-scratch",
          "schema_version": 0,
          "attributes": {
            "device": "/dev/vdc",
            "id": "d88999f4-7a77-43b6-997b-1f5d0e1417a4/4e32f0d2-17bb-4553-b909-c1e9a705dc26",
            "instance_id": "d88999f4-7a77-43b6-997b-1f5d0e1417a4",
            "multiattach": null,
            "region": "RegionOne",
            "timeouts": null,
            "vendor_options": [],
            "volume_id": "4e32f0d2-17bb-4553-b909-c1e9a705dc26"
          },
          "sensitive_attributes": [],
          "private": "eyJlMmJmYjczMC1lY2FhLTExZTYtOGY4OC0zNDM2M2JjN2M0YzAiOnsiY3JlYXRlIjo2MDAwMDAwMDAwMDAsImRlbGV0ZSI6NjAwMDAwMDAwMDAwfX0=",
          "dependencies": [
            "module.openstack.data.openstack_compute_flavor_v2.flavors",
            "module.openstack.data.openstack_images_image_v2.image",
            "module.openstack.data.openstack_networking_network_v2.int_network",
            "module.openstack.data.openstack_networking_subnet_v2.subnet",
            "module.openstack.module.instance_config.random_string.puppetserver_password",
            "module.openstack.module.instance_config.tls_private_key.rsa_hostkeys",
            "module.openstack.module.instance_config.tls_private_key.ssh",
            "module.openstack.openstack_blockstorage_volume_v3.volumes",
            "module.openstack.openstack_compute_instance_v2.instances",
            "module.openstack.openstack_compute_keypair_v2.keypair",
            "module.openstack.openstack_compute_secgroup_v2.secgroup",
            "module.openstack.openstack_networking_port_v2.nic"
          ]
        }
      ]
    },
    {
      "module": "module.openstack",
      "mode": "managed",
      "type": "openstack_networking_floatingip_v2",
      "name": "fip",
      "provider": "provider[\"registry.terraform.io/terraform-provider-openstack/openstack\"]",
      "instances": [
        {
          "index_key": "login1",
          "schema_version": 0,
          "attributes": {
            "address": "206.12.97.98",
            "all_tags": [],
            "description": "",
            "dns_domain": "",
            "dns_name": "",
            "fixed_ip": "",
            "id": "f648fccb-d41a-4bd2-9fe8-e7d70046ce6d",
            "pool": "Public-Network",
            "port_id": "",
            "region": "RegionOne",
            "subnet_id": null,
            "subnet_ids": null,
            "tags": null,
            "tenant_id": "dde6409100e4490f935cf5bf7f3e75ed",
            "timeouts": null,
            "value_specs": null
          },
          "sensitive_attributes": [],
          "private": "eyJlMmJmYjczMC1lY2FhLTExZTYtOGY4OC0zNDM2M2JjN2M0YzAiOnsiY3JlYXRlIjo2MDAwMDAwMDAwMDAsImRlbGV0ZSI6NjAwMDAwMDAwMDAwfX0=",
          "dependencies": [
            "module.openstack.data.openstack_networking_network_v2.ext_network"
          ]
        }
      ]
    },
    {
      "module": "module.openstack",
      "mode": "managed",
      "type": "openstack_networking_port_v2",
      "name": "nic",
      "provider": "provider[\"registry.terraform.io/terraform-provider-openstack/openstack\"]",
      "instances": [
        {
          "index_key": "login1",
          "schema_version": 0,
          "attributes": {
            "admin_state_up": true,
            "all_fixed_ips": [
              "192.168.126.221"
            ],
            "all_security_group_ids": [
              "b17aa03b-fa3b-44a2-b8e1-90a5232b99a1"
            ],
            "all_tags": [],
            "allowed_address_pairs": [],
            "binding": [
              {
                "host_id": "",
                "profile": "",
                "vif_details": {},
                "vif_type": "",
                "vnic_type": "normal"
              }
            ],
            "description": "",
            "device_id": "",
            "device_owner": "",
            "dns_assignment": [
              {
                "fqdn": "host-192-168-126-221.arbutus.",
                "hostname": "host-192-168-126-221",
                "ip_address": "192.168.126.221"
              }
            ],
            "dns_name": "",
            "extra_dhcp_option": [],
            "fixed_ip": [
              {
                "ip_address": "",
                "subnet_id": "b70582fc-c0f6-45fa-a022-e45affb90106"
              }
            ],
            "id": "ec4b8074-3227-422e-bce2-354e8e983d36",
            "mac_address": "fa:16:3e:c5:03:ac",
            "name": "noowner-login1-port",
            "network_id": "f2b11478-de5c-4610-8646-a39142a91f0a",
            "no_fixed_ip": null,
            "no_security_groups": null,
            "port_security_enabled": true,
            "qos_policy_id": "",
            "region": "RegionOne",
            "security_group_ids": [
              "b17aa03b-fa3b-44a2-b8e1-90a5232b99a1"
            ],
            "tags": null,
            "tenant_id": "dde6409100e4490f935cf5bf7f3e75ed",
            "timeouts": null,
            "value_specs": null
          },
          "sensitive_attributes": [],
          "private": "eyJlMmJmYjczMC1lY2FhLTExZTYtOGY4OC0zNDM2M2JjN2M0YzAiOnsiY3JlYXRlIjo2MDAwMDAwMDAwMDAsImRlbGV0ZSI6NjAwMDAwMDAwMDAwfX0=",
          "dependencies": [
            "module.openstack.data.openstack_networking_network_v2.int_network",
            "module.openstack.data.openstack_networking_subnet_v2.subnet",
            "module.openstack.openstack_compute_secgroup_v2.secgroup"
          ]
        },
        {
          "index_key": "mgmt1",
          "schema_version": 0,
          "attributes": {
            "admin_state_up": true,
            "all_fixed_ips": [
              "192.168.126.139"
            ],
            "all_security_group_ids": [
              "b17aa03b-fa3b-44a2-b8e1-90a5232b99a1"
            ],
            "all_tags": [],
            "allowed_address_pairs": [],
            "binding": [
              {
                "host_id": "",
                "profile": "",
                "vif_details": {},
                "vif_type": "",
                "vnic_type": "normal"
              }
            ],
            "description": "",
            "device_id": "",
            "device_owner": "",
            "dns_assignment": [
              {
                "fqdn": "host-192-168-126-139.arbutus.",
                "hostname": "host-192-168-126-139",
                "ip_address": "192.168.126.139"
              }
            ],
            "dns_name": "",
            "extra_dhcp_option": [],
            "fixed_ip": [
              {
                "ip_address": "",
                "subnet_id": "b70582fc-c0f6-45fa-a022-e45affb90106"
              }
            ],
            "id": "9758fd63-97f7-4d94-97b8-481e01c7439a",
            "mac_address": "fa:16:3e:f0:56:7d",
            "name": "noowner-mgmt1-port",
            "network_id": "f2b11478-de5c-4610-8646-a39142a91f0a",
            "no_fixed_ip": null,
            "no_security_groups": null,
            "port_security_enabled": true,
            "qos_policy_id": "",
            "region": "RegionOne",
            "security_group_ids": [
              "b17aa03b-fa3b-44a2-b8e1-90a5232b99a1"
            ],
            "tags": null,
            "tenant_id": "dde6409100e4490f935cf5bf7f3e75ed",
            "timeouts": null,
            "value_specs": null
          },
          "sensitive_attributes": [],
          "private": "eyJlMmJmYjczMC1lY2FhLTExZTYtOGY4OC0zNDM2M2JjN2M0YzAiOnsiY3JlYXRlIjo2MDAwMDAwMDAwMDAsImRlbGV0ZSI6NjAwMDAwMDAwMDAwfX0=",
          "dependencies": [
            "module.openstack.data.openstack_networking_network_v2.int_network",
            "module.openstack.data.openstack_networking_subnet_v2.subnet",
            "module.openstack.openstack_compute_secgroup_v2.secgroup"
          ]
        },
        {
          "index_key": "node1",
          "schema_version": 0,
          "attributes": {
            "admin_state_up": true,
            "all_fixed_ips": [
              "192.168.126.131"
            ],
            "all_security_group_ids": [
              "b17aa03b-fa3b-44a2-b8e1-90a5232b99a1"
            ],
            "all_tags": [],
            "allowed_address_pairs": [],
            "binding": [
              {
                "host_id": "",
                "profile": "",
                "vif_details": {},
                "vif_type": "",
                "vnic_type": "normal"
              }
            ],
            "description": "",
            "device_id": "",
            "device_owner": "",
            "dns_assignment": [
              {
                "fqdn": "host-192-168-126-131.arbutus.",
                "hostname": "host-192-168-126-131",
                "ip_address": "192.168.126.131"
              }
            ],
            "dns_name": "",
            "extra_dhcp_option": [],
            "fixed_ip": [
              {
                "ip_address": "",
                "subnet_id": "b70582fc-c0f6-45fa-a022-e45affb90106"
              }
            ],
            "id": "81ae581c-8634-422e-a2d1-71051eab0e59",
            "mac_address": "fa:16:3e:6b:86:a6",
            "name": "noowner-node1-port",
            "network_id": "f2b11478-de5c-4610-8646-a39142a91f0a",
            "no_fixed_ip": null,
            "no_security_groups": null,
            "port_security_enabled": true,
            "qos_policy_id": "",
            "region": "RegionOne",
            "security_group_ids": [
              "b17aa03b-fa3b-44a2-b8e1-90a5232b99a1"
            ],
            "tags": null,
            "tenant_id": "dde6409100e4490f935cf5bf7f3e75ed",
            "timeouts": null,
            "value_specs": null
          },
          "sensitive_attributes": [],
          "private": "eyJlMmJmYjczMC1lY2FhLTExZTYtOGY4OC0zNDM2M2JjN2M0YzAiOnsiY3JlYXRlIjo2MDAwMDAwMDAwMDAsImRlbGV0ZSI6NjAwMDAwMDAwMDAwfX0=",
          "dependencies": [
            "module.openstack.data.openstack_networking_network_v2.int_network",
            "module.openstack.data.openstack_networking_subnet_v2.subnet",
            "module.openstack.openstack_compute_secgroup_v2.secgroup"
          ]
        }
      ]
    },
    {
      "module": "module.openstack.module.cluster_config",
      "mode": "managed",
      "type": "null_resource",
      "name": "deploy_hieradata",
      "provider": "provider[\"registry.terraform.io/hashicorp/null\"]",
      "instances": [
        {
          "index_key": 0,
          "schema_version": 0,
          "attributes": {
            "id": "5466136977496098730",
            "triggers": {
              "facts": "037bfb9b9f4e36bc1b606daef1817b8c",
              "hieradata": "66a1414837cf5db2796863ec6104cd60",
              "puppetserver": "d88999f4-7a77-43b6-997b-1f5d0e1417a4",
              "user_data": "9efc314b65237d5d646e1b817372afc6"
            }
          },
          "sensitive_attributes": [],
          "private": "bnVsbA==",
          "dependencies": [
            "module.openstack.data.external.keystone",
            "module.openstack.data.openstack_compute_flavor_v2.flavors",
            "module.openstack.data.openstack_images_image_v2.image",
            "module.openstack.data.openstack_networking_network_v2.ext_network",
            "module.openstack.data.openstack_networking_network_v2.int_network",
            "module.openstack.data.openstack_networking_subnet_v2.subnet",
            "module.openstack.module.cluster_config.random_pet.guest_passwd",
            "module.openstack.module.cluster_config.random_string.freeipa_passwd",
            "module.openstack.module.cluster_config.random_string.munge_key",
            "module.openstack.module.cluster_config.random_uuid.consul_token",
            "module.openstack.module.instance_config.random_string.puppetserver_password",
            "module.openstack.module.instance_config.tls_private_key.rsa_hostkeys",
            "module.openstack.module.instance_config.tls_private_key.ssh",
            "module.openstack.openstack_blockstorage_volume_v3.volumes",
            "module.openstack.openstack_compute_instance_v2.instances",
            "module.openstack.openstack_compute_keypair_v2.keypair",
            "module.openstack.openstack_compute_secgroup_v2.secgroup",
            "module.openstack.openstack_networking_floatingip_v2.fip",
            "module.openstack.openstack_networking_port_v2.nic"
          ]
        }
      ]
    },
    {
      "module": "module.openstack.module.cluster_config",
      "mode": "managed",
      "type": "random_string",
      "name": "freeipa_passwd",
      "provider": "provider[\"registry.terraform.io/hashicorp/random\"]",
      "instances": [
        {
          "schema_version": 1,
          "attributes": {
            "id": "FAKE",
            "keepers": null,
            "length": 16,
            "lower": true,
            "min_lower": 0,
            "min_numeric": 0,
            "min_special": 0,
            "min_upper": 0,
            "number": true,
            "override_special": null,
            "result": "FAKE",
            "special": false,
            "upper": true
          },
          "sensitive_attributes": [],
          "private": "eyJzY2hlbWFfdmVyc2lvbiI6IjEifQ=="
        }
      ]
    },
    {
      "module": "module.openstack.module.cluster_config",
      "mode": "managed",
      "type": "random_string",
      "name": "munge_key",
      "provider": "provider[\"registry.terraform.io/hashicorp/random\"]",
      "instances": [
        {
          "schema_version": 1,
          "attributes": {
            "id": "95xTXFn0WRBsQ1VLOxt320hMaS1otBkR",
            "keepers": null,
            "length": 32,
            "lower": true,
            "min_lower": 0,
            "min_numeric": 0,
            "min_special": 0,
            "min_upper": 0,
            "number": true,
            "override_special": null,
            "result": "95xTXFn0WRBsQ1VLOxt320hMaS1otBkR",
            "special": false,
            "upper": true
          },
          "sensitive_attributes": [],
          "private": "eyJzY2hlbWFfdmVyc2lvbiI6IjEifQ=="
        }
      ]
    },
    {
      "module": "module.openstack.module.cluster_config",
      "mode": "managed",
      "type": "random_uuid",
      "name": "consul_token",
      "provider": "provider[\"registry.terraform.io/hashicorp/random\"]",
      "instances": [
        {
          "schema_version": 0,
          "attributes": {
            "id": "a67dcbbe-ddc1-c2d4-392f-c7a9ba1b59f9",
            "keepers": null,
            "result": "a67dcbbe-ddc1-c2d4-392f-c7a9ba1b59f9"
          },
          "sensitive_attributes": [],
          "private": "bnVsbA=="
        }
      ]
    },
    {
      "module": "module.openstack.module.instance_config",
      "mode": "managed",
      "type": "random_string",
      "name": "puppetserver_password",
      "provider": "provider[\"registry.terraform.io/hashicorp/random\"]",
      "instances": [
        {
          "schema_version": 1,
          "attributes": {
            "id": "FQJO7pC9IXcx6rucXf1mU8D8doRu7DAF",
            "keepers": null,
            "length": 32,
            "lower": true,
            "min_lower": 0,
            "min_numeric": 0,
            "min_special": 0,
            "min_upper": 0,
            "number": true,
            "override_special": null,
            "result": "FQJO7pC9IXcx6rucXf1mU8D8doRu7DAF",
            "special": false,
            "upper": true
          },
          "sensitive_attributes": [],
          "private": "eyJzY2hlbWFfdmVyc2lvbiI6IjEifQ=="
        }
      ]
    },
    {
      "module": "module.openstack.module.instance_config",
      "mode": "managed",
      "type": "tls_private_key",
      "name": "rsa_hostkeys",
      "provider": "provider[\"registry.terraform.io/hashicorp/tls\"]",
      "instances": [
        {
          "index_key": "login",
          "schema_version": 0,
          "attributes": {
            "algorithm": "RSA",
            "ecdsa_curve": "P224",
            "id": "b9348336cf838fd4161441f93956b25288f696f2",
            "private_key_pem": "FAKE",
            "public_key_fingerprint_md5": "13:02:a3:e1:73:ca:99:d5:7c:36:78:98:2e:c0:79:95",
            "public_key_openssh": "ssh-rsa FAKE",
            "public_key_pem": "FAKE",
            "rsa_bits": 4096
          },
          "sensitive_attributes": [],
          "private": "bnVsbA=="
        },
        {
          "index_key": "mgmt",
          "schema_version": 0,
          "attributes": {
            "algorithm": "RSA",
            "ecdsa_curve": "P224",
            "id": "76324193ed5a0c67c3ff9c5f09df8806f8869654",
            "private_key_pem": "FAKE",
            "public_key_fingerprint_md5": "b6:71:6e:da:c6:e8:61:4f:c8:0f:07:e2:ac:ae:b2:61",
            "public_key_openssh": "ssh-rsa FAKE",
            "public_key_pem": "FAKE",
            "rsa_bits": 4096
          },
          "sensitive_attributes": [],
          "private": "bnVsbA=="
        },
        {
          "index_key": "node",
          "schema_version": 0,
          "attributes": {
            "algorithm": "RSA",
            "ecdsa_curve": "P224",
            "id": "0be4578481884ba0c7d3226c655e1dfcf4630562",
            "private_key_pem": "FAKE",
            "public_key_fingerprint_md5": "59:b2:fa:3d:62:eb:d4:2c:df:ba:d8:d2:27:7e:ef:f3",
            "public_key_openssh": "ssh-rsa FAKE",
            "public_key_pem": "FAKE",
            "rsa_bits": 4096
          },
          "sensitive_attributes": [],
          "private": "bnVsbA=="
        }
      ]
    },
    {
      "module": "module.openstack.module.instance_config",
      "mode": "managed",
      "type": "tls_private_key",
      "name": "ssh",
      "provider": "provider[\"registry.terraform.io/hashicorp/tls\"]",
      "instances": [
        {
          "index_key": 0,
          "schema_version": 0,
          "attributes": {
            "algorithm": "RSA",
            "ecdsa_curve": "P224",
            "id": "e6a1c4682698fae088a4914214bb4bb7f6e1d232",
            "private_key_pem": "FAKE",
            "public_key_fingerprint_md5": "41:d5:87:3a:90:1c:2d:e7:cc:a0:90:f4:1e:fb:b2:e2",
            "public_key_openssh": "ssh-rsa FAKE",
            "public_key_pem": "FAKE",
            "rsa_bits": 4096
          },
          "sensitive_attributes": [],
          "private": "bnVsbA=="
        }
      ]
    }
  ]
}