{
  "version": 4,
  "terraform_version": "1.0.7",
  "serial": 25,
  "lineage": "37c94544-c74b-ddc6-63e9-f00ec52c6bbe",
  "outputs": {},
  "resources": [
    {
      "module": "module.openstack",
      "mode": "data",
      "type": "external",
      "name": "keystone",
      "provider": "provider[\"registry.terraform.io/hashicorp/external\"]",
      "instances": [
        {
          "schema_version": 0,
          "attributes": {
            "id": "-",
            "program": [
              "python",
              ".terraform/modules/openstack/openstack/external/keystone.py"
            ],
            "query": null,
            "result": {
              "auth_url": "https://arbutus.cloud.computecanada.ca:5000/v3",
              "name": "arbutus"
            },
            "working_dir": null
          },
          "sensitive_attributes": []
        }
      ]
    },
    {
      "module": "module.openstack",
      "mode": "data",
      "type": "openstack_compute_flavor_v2",
      "name": "flavors",
      "provider": "provider[\"registry.terraform.io/terraform-provider-openstack/openstack\"]",
      "instances": [
        {
          "index_key": "login1",
          "schema_version": 0,
          "attributes": {
            "disk": 20,
            "extra_specs": {
              "aggregate_instance_extra_specs:persistent": "true",
              "quota:cpu_period": "1000000",
              "quota:cpu_quota": "950000",
              "quota:disk_read_bytes_sec": "115343360",
              "quota:disk_read_iops_sec": "2500",
              "quota:disk_write_bytes_sec": "115343360",
              "quota:disk_write_iops_sec": "2000"
            },
            "flavor_id": "d2e0247d-3869-4f17-b9d0-9735f4f1b57a",
            "id": "d2e0247d-3869-4f17-b9d0-9735f4f1b57a",
            "is_public": false,
            "min_disk": null,
            "min_ram": null,
            "name": "p4-6gb",
            "ram": 6144,
            "region": null,
            "rx_tx_factor": 1,
            "swap": 0,
            "vcpus": 4
          },
          "sensitive_attributes": []
        },
        {
          "index_key": "mgmt1",
          "schema_version": 0,
          "attributes": {
            "disk": 20,
            "extra_specs": {
              "aggregate_instance_extra_specs:persistent": "true",
              "quota:cpu_period": "1000000",
              "quota:cpu_quota": "950000",
              "quota:disk_read_bytes_sec": "115343360",
              "quota:disk_read_iops_sec": "2500",
              "quota:disk_write_bytes_sec": "115343360",
              "quota:disk_write_iops_sec": "2000"
            },
            "flavor_id": "d2e0247d-3869-4f17-b9d0-9735f4f1b57a",
            "id": "d2e0247d-3869-4f17-b9d0-9735f4f1b57a",
            "is_public": false,
            "min_disk": null,
            "min_ram": null,
            "name": "p4-6gb",
            "ram": 6144,
            "region": null,
            "rx_tx_factor": 1,
            "swap": 0,
            "vcpus": 4
          },
          "sensitive_attributes": []
        },
        {
          "index_key": "node1",
          "schema_version": 0,
          "attributes": {
            "disk": 20,
            "extra_specs": {
              "aggregate_instance_extra_specs:persistent": "true",
              "quota:cpu_period": "1000000",
              "quota:cpu_quota": "950000",
              "quota:disk_read_bytes_sec": "115343360",
              "quota:disk_read_iops_sec": "2500",
              "quota:disk_write_bytes_sec": "115343360",
              "quota:disk_write_iops_sec": "2000"
            },
            "flavor_id": "6bc1a373-efc5-4234-a4ae-db70407cb594",
            "id": "6bc1a373-efc5-4234-a4ae-db70407cb594",
            "is_public": false,
            "min_disk": null,
            "min_ram": null,
            "name": "p2-3gb",
            "ram": 3072,
            "region": null,
            "rx_tx_factor": 1,
            "swap": 0,
            "vcpus": 2
          },
          "sensitive_attributes": []
        }
      ]
    },
    {
      "module": "module.openstack",
      "mode": "data",
      "type": "openstack_images_image_v2",
      "name": "image",
      "provider": "provider[\"registry.terraform.io/terraform-provider-openstack/openstack\"]",
      "instances": [
        {
          "schema_version": 0,
          "attributes": {
            "checksum": "8b9411110b8cc5596eb17c60c991ef03",
            "container_format": "bare",
            "created_at": "2021-05-26T18:03:56Z",
            "disk_format": "qcow2",
            "file": "/v2/images/4cade8a8-d7df-40e8-8bd3-f58e2e17b523/file",
            "hidden": false,
            "id": "4cade8a8-d7df-40e8-8bd3-f58e2e17b523",
            "member_status": null,
            "metadata": {},
            "min_disk_gb": 0,
            "min_ram_mb": 0,
            "most_recent": false,
            "name": "CentOS-7-x64-2020-11",
            "owner": "3c3b4fb0ff154c65992f9b5f1aed44ea",
            "properties": null,
            "protected": true,
            "region": "RegionOne",
            "schema": "/v2/schemas/image",
            "size_bytes": 888995840,
            "size_max": null,
            "size_min": null,
            "sort_direction": "asc",
            "sort_key": "name",
            "tag": null,
            "tags": [],
            "updated_at": "2021-09-21T07:06:22Z",
            "visibility": "public"
          },
          "sensitive_attributes": []
        }
      ]
    },
    {
      "module": "module.openstack",
      "mode": "data",
      "type": "openstack_networking_network_v2",
      "name": "ext_network",
      "provider": "provider[\"registry.terraform.io/terraform-provider-openstack/openstack\"]",
      "instances": [
        {
          "schema_version": 0,
          "attributes": {
            "admin_state_up": "true",
            "all_tags": [],
            "availability_zone_hints": [],
            "description": "",
            "dns_domain": "",
            "external": true,
            "id": "6621bf61-6094-4b24-a9a0-f5794c3a881e",
            "matching_subnet_cidr": null,
            "mtu": 1500,
            "name": "Public-Network",
            "network_id": null,
            "region": "RegionOne",
            "shared": "false",
            "status": null,
            "subnets": [
              "1f6a472c-c1bf-42a4-9473-7ec1a543f0a8",
              "420e1bf0-575c-4498-9bee-85e24ce8c1fc"
            ],
            "tags": null,
            "tenant_id": "3c3b4fb0ff154c65992f9b5f1aed44ea",
            "transparent_vlan": false
          },
          "sensitive_attributes": []
        }
      ]
    },
    {
      "module": "module.openstack",
      "mode": "data",
      "type": "openstack_networking_network_v2",
      "name": "int_network",
      "provider": "provider[\"registry.terraform.io/terraform-provider-openstack/openstack\"]",
      "instances": [
        {
          "schema_version": 0,
          "attributes": {
            "admin_state_up": "true",
            "all_tags": [],
            "availability_zone_hints": [],
            "description": "",
            "dns_domain": "",
            "external": false,
            "id": "f2b11478-de5c-4610-8646-a39142a91f0a",
            "matching_subnet_cidr": null,
            "mtu": 1500,
            "name": "ipm-500-network",
            "network_id": null,
            "region": "RegionOne",
            "shared": "false",
            "status": null,
            "subnets": [
              "b70582fc-c0f6-45fa-a022-e45affb90106"
            ],
            "tags": null,
            "tenant_id": "dde6409100e4490f935cf5bf7f3e75ed",
            "transparent_vlan": false
          },
          "sensitive_attributes": []
        }
      ]
    },
    {
      "module": "module.openstack",
      "mode": "data",
      "type": "openstack_networking_subnet_v2",
      "name": "subnet",
      "provider": "provider[\"registry.terraform.io/terraform-provider-openstack/openstack\"]",
      "instances": [
        {
          "schema_version": 0,
          "attributes": {
            "all_tags": [],
            "allocation_pools": [
              {
                "end": "192.168.126.254",
                "start": "192.168.126.2"
              }
            ],
            "cidr": "192.168.126.0/24",
            "description": "",
            "dhcp_disabled": null,
            "dhcp_enabled": null,
            "dns_nameservers": [],
            "enable_dhcp": true,
            "gateway_ip": "192.168.126.1",
            "host_routes": [],
            "id": "b70582fc-c0f6-45fa-a022-e45affb90106",
            "ip_version": 4,
            "ipv6_address_mode": "",
            "ipv6_ra_mode": "",
            "name": "ipm-500-subnet",
            "network_id": "f2b11478-de5c-4610-8646-a39142a91f0a",
            "region": "RegionOne",
            "subnet_id": null,
            "subnetpool_id": "",
            "tags": null,
            "tenant_id": "dde6409100e4490f935cf5bf7f3e75ed"
          },
          "sensitive_attributes": []
        }
      ]
    },
    {
      "module": "module.openstack",
      "mode": "managed",
      "type": "openstack_blockstorage_volume_v3",
      "name": "volumes",
      "provider": "provider[\"registry.terraform.io/terraform-provider-openstack/openstack\"]",
      "instances": [
        {
          "index_key": "mgmt1-nfs-home",
          "schema_version": 0,
          "attributes": {
            "attachment": [],
            "availability_zone": "nova",
            "consistency_group_id": null,
            "description": "valid1 mgmt1-nfs-home",
            "enable_online_resize": null,
            "id": "65eed4e6-f067-4c47-aeba-82e3178511be",
            "image_id": null,
            "metadata": {},
            "multiattach": null,
            "name": "valid1-mgmt1-nfs-home",
            "region": "RegionOne",
            "scheduler_hints": [],
            "size": 100,
            "snapshot_id": "",
            "source_replica": null,
            "source_vol_id": "",
            "timeouts": null,
            "volume_type": "Default"
          },
          "sensitive_attributes": [],
          "private": "eyJlMmJmYjczMC1lY2FhLTExZTYtOGY4OC0zNDM2M2JjN2M0YzAiOnsiY3JlYXRlIjo2MDAwMDAwMDAwMDAsImRlbGV0ZSI6NjAwMDAwMDAwMDAwfX0="
        },
        {
          "index_key": "mgmt1-nfs-project",
          "schema_version": 0,
          "attributes": {
            "attachment": [],
            "availability_zone": "nova",
            "consistency_group_id": null,
            "description": "valid1 mgmt1-nfs-project",
            "enable_online_resize": null,
            "id": "78795503-bac7-4056-a822-678dcc9233d5",
            "image_id": null,
            "metadata": {},
            "multiattach": null,
            "name": "valid1-mgmt1-nfs-project",
            "region": "RegionOne",
            "scheduler_hints": [],
            "size": 50,
            "snapshot_id": "",
            "source_replica": null,
            "source_vol_id": "",
            "timeouts": null,
            "volume_type": "Default"
          },
          "sensitive_attributes": [],
          "private": "eyJlMmJmYjczMC1lY2FhLTExZTYtOGY4OC0zNDM2M2JjN2M0YzAiOnsiY3JlYXRlIjo2MDAwMDAwMDAwMDAsImRlbGV0ZSI6NjAwMDAwMDAwMDAwfX0="
        },
        {
          "index_key": "mgmt1-nfs-scratch",
          "schema_version": 0,
          "attributes": {
            "attachment": [],
            "availability_zone": "nova",
            "consistency_group_id": null,
            "description": "valid1 mgmt1-nfs-scratch",
            "enable_online_resize": null,
            "id": "32a6ef2a-a562-4e85-8f29-10bedd8a2180",
            "image_id": null,
            "metadata": {},
            "multiattach": null,
            "name": "valid1-mgmt1-nfs-scratch",
            "region": "RegionOne",
            "scheduler_hints": [],
            "size": 50,
            "snapshot_id": "",
            "source_replica": null,
            "source_vol_id": "",
            "timeouts": null,
            "volume_type": "Default"
          },
          "sensitive_attributes": [],
          "private": "eyJlMmJmYjczMC1lY2FhLTExZTYtOGY4OC0zNDM2M2JjN2M0YzAiOnsiY3JlYXRlIjo2MDAwMDAwMDAwMDAsImRlbGV0ZSI6NjAwMDAwMDAwMDAwfX0="
        }
      ]
    },
    {
      "module": "module.openstack",
      "mode": "managed",
      "type": "openstack_compute_floatingip_associate_v2",
      "name": "fip",
      "provider": "provider[\"registry.terraform.io/terraform-provider-openstack/openstack\"]",
      "instances": [
        {
          "index_key": "login1",
          "schema_version": 0,
          "attributes": {
            "fixed_ip": "",
            "floating_ip": "206.12.91.181",
            "id": "206.12.91.181/4f84f826-b7c2-4545-b4ea-6a4723eee564/",
            "instance_id": "4f84f826-b7c2-4545-b4ea-6a4723eee564",
            "region": "RegionOne",
            "timeouts": null,
            "wait_until_associated": null
          },
          "sensitive_attributes": [],
          "private": "eyJlMmJmYjczMC1lY2FhLTExZTYtOGY4OC0zNDM2M2JjN2M0YzAiOnsiY3JlYXRlIjo2MDAwMDAwMDAwMDB9fQ==",
          "dependencies": [
            "module.openstack.data.openstack_compute_flavor_v2.flavors",
            "module.openstack.data.openstack_images_image_v2.image",
            "module.openstack.data.openstack_networking_network_v2.ext_network",
            "module.openstack.data.openstack_networking_network_v2.int_network",
            "module.openstack.data.openstack_networking_subnet_v2.subnet",
            "module.openstack.module.instance_config.random_string.puppetserver_password",
            "module.openstack.module.instance_config.tls_private_key.rsa_hostkeys",
            "module.openstack.module.instance_config.tls_private_key.ssh",
            "module.openstack.openstack_compute_instance_v2.instances",
            "module.openstack.openstack_compute_keypair_v2.keypair",
            "module.openstack.openstack_compute_secgroup_v2.secgroup",
            "module.openstack.openstack_networking_floatingip_v2.fip",
            "module.openstack.openstack_networking_port_v2.nic"
          ]
        }
      ]
    },
    {
      "module": "module.openstack",
      "mode": "managed",
      "type": "openstack_compute_instance_v2",
      "name": "instances",
      "provider": "provider[\"registry.terraform.io/terraform-provider-openstack/openstack\"]",
      "instances": [
        {
          "index_key": "login1",
          "schema_version": 0,
          "attributes": {
            "access_ip_v4": "192.168.126.159",
            "access_ip_v6": "",
            "admin_pass": null,
            "all_metadata": {},
            "all_tags": [],
            "availability_zone": "Persistent_02",
            "availability_zone_hints": null,
            "block_device": [],
            "config_drive": null,
            "flavor_id": "d2e0247d-3869-4f17-b9d0-9735f4f1b57a",
            "flavor_name": "p4-6gb",
            "floating_ip": null,
            "force_delete": false,
            "id": "4f84f826-b7c2-4545-b4ea-6a4723eee564",
            "image_id": "4cade8a8-d7df-40e8-8bd3-f58e2e17b523",
            "image_name": "CentOS-7-x64-2020-11",
            "key_pair": "valid1-key",
            "metadata": null,
            "name": "valid1-login1",
            "network": [
              {
                "access_network": false,
                "fixed_ip_v4": "192.168.126.159",
                "fixed_ip_v6": "",
                "floating_ip": "",
                "mac": "fa:16:3e:92:e7:a7",
                "name": "ipm-500-network",
                "port": "a5e788bc-3cf3-41fd-b46e-85568e182484",
                "uuid": "f2b11478-de5c-4610-8646-a39142a91f0a"
              }
            ],
            "network_mode": null,
            "personality": [],
            "power_state": "active",
            "region": "RegionOne",
            "scheduler_hints": [],
            "security_groups": [
              "valid1-secgroup"
            ],
            "stop_before_destroy": false,
            "tags": null,
            "timeouts": null,
            "user_data": "ddfb0bd099ca48ea551c1d360b7fb98182958af4",
            "vendor_options": [],
            "volume": []
          },
          "sensitive_attributes": [
            [
              {
                "type": "get_attr",
                "value": "user_data"
              }
            ]
          ],
          "private": "eyJlMmJmYjczMC1lY2FhLTExZTYtOGY4OC0zNDM2M2JjN2M0YzAiOnsiY3JlYXRlIjoxODAwMDAwMDAwMDAwLCJkZWxldGUiOjE4MDAwMDAwMDAwMDAsInVwZGF0ZSI6MTgwMDAwMDAwMDAwMH19",
          "dependencies": [
            "module.openstack.data.openstack_compute_flavor_v2.flavors",
            "module.openstack.data.openstack_images_image_v2.image",
            "module.openstack.data.openstack_networking_network_v2.int_network",
            "module.openstack.data.openstack_networking_subnet_v2.subnet",
            "module.openstack.module.instance_config.random_string.puppetserver_password",
            "module.openstack.module.instance_config.tls_private_key.rsa_hostkeys",
            "module.openstack.module.instance_config.tls_private_key.ssh",
            "module.openstack.openstack_compute_keypair_v2.keypair",
            "module.openstack.openstack_compute_secgroup_v2.secgroup",
            "module.openstack.openstack_networking_port_v2.nic"
          ]
        },
        {
          "index_key": "mgmt1",
          "schema_version": 0,
          "attributes": {
            "access_ip_v4": "192.168.126.18",
            "access_ip_v6": "",
            "admin_pass": null,
            "all_metadata": {},
            "all_tags": [],
            "availability_zone": "Persistent_02",
            "availability_zone_hints": null,
            "block_device": [],
            "config_drive": null,
            "flavor_id": "d2e0247d-3869-4f17-b9d0-9735f4f1b57a",
            "flavor_name": "p4-6gb",
            "floating_ip": null,
            "force_delete": false,
            "id": "e4935d86-312d-4a5f-87b6-eea040ffac32",
            "image_id": "4cade8a8-d7df-40e8-8bd3-f58e2e17b523",
            "image_name": "CentOS-7-x64-2020-11",
            "key_pair": "valid1-key",
            "metadata": null,
            "name": "valid1-mgmt1",
            "network": [
              {
                "access_network": false,
                "fixed_ip_v4": "192.168.126.18",
                "fixed_ip_v6": "",
                "floating_ip": "",
                "mac": "fa:16:3e:52:da:5f",
                "name": "ipm-500-network",
                "port": "7ff841d3-6196-4a30-be80-1436d2ed77cd",
                "uuid": "f2b11478-de5c-4610-8646-a39142a91f0a"
              }
            ],
            "network_mode": null,
            "personality": [],
            "power_state": "active",
            "region": "RegionOne",
            "scheduler_hints": [],
            "security_groups": [
              "valid1-secgroup"
            ],
            "stop_before_destroy": false,
            "tags": null,
            "timeouts": null,
            "user_data": "a48aac546eb7d50dc2544103db2daa15e6c6f8a7",
            "vendor_options": [],
            "volume": []
          },
          "sensitive_attributes": [
            [
              {
                "type": "get_attr",
                "value": "user_data"
              }
            ]
          ],
          "private": "eyJlMmJmYjczMC1lY2FhLTExZTYtOGY4OC0zNDM2M2JjN2M0YzAiOnsiY3JlYXRlIjoxODAwMDAwMDAwMDAwLCJkZWxldGUiOjE4MDAwMDAwMDAwMDAsInVwZGF0ZSI6MTgwMDAwMDAwMDAwMH19",
          "dependencies": [
            "module.openstack.data.openstack_compute_flavor_v2.flavors",
            "module.openstack.data.openstack_images_image_v2.image",
            "module.openstack.data.openstack_networking_network_v2.int_network",
            "module.openstack.data.openstack_networking_subnet_v2.subnet",
            "module.openstack.module.instance_config.random_string.puppetserver_password",
            "module.openstack.module.instance_config.tls_private_key.rsa_hostkeys",
            "module.openstack.module.instance_config.tls_private_key.ssh",
            "module.openstack.openstack_compute_keypair_v2.keypair",
            "module.openstack.openstack_compute_secgroup_v2.secgroup",
            "module.openstack.openstack_networking_port_v2.nic"
          ]
        },
        {
          "index_key": "node1",
          "schema_version": 0,
          "attributes": {
            "access_ip_v4": "192.168.126.86",
            "access_ip_v6": "",
            "admin_pass": null,
            "all_metadata": {},
            "all_tags": [],
            "availability_zone": "Persistent_01",
            "availability_zone_hints": null,
            "block_device": [],
            "config_drive": null,
            "flavor_id": "6bc1a373-efc5-4234-a4ae-db70407cb594",
            "flavor_name": "p2-3gb",
            "floating_ip": null,
            "force_delete": false,
            "id": "b45c7048-9e80-49e1-9f07-e4d692d2b369",
            "image_id": "4cade8a8-d7df-40e8-8bd3-f58e2e17b523",
            "image_name": "CentOS-7-x64-2020-11",
            "key_pair": "valid1-key",
            "metadata": null,
            "name": "valid1-node1",
            "network": [
              {
                "access_network": false,
                "fixed_ip_v4": "192.168.126.86",
                "fixed_ip_v6": "",
                "floating_ip": "",
                "mac": "fa:16:3e:9a:75:ff",
                "name": "ipm-500-network",
                "port": "212bd087-1455-4615-b3d1-9cb7dec4d04e",
                "uuid": "f2b11478-de5c-4610-8646-a39142a91f0a"
              }
            ],
            "network_mode": null,
            "personality": [],
            "power_state": "active",
            "region": "RegionOne",
            "scheduler_hints": [],
            "security_groups": [
              "valid1-secgroup"
            ],
            "stop_before_destroy": false,
            "tags": null,
            "timeouts": null,
            "user_data": "454798e2f0704a16a7297e1450e6d040fbd040be",
            "vendor_options": [],
            "volume": []
          },
          "sensitive_attributes": [
            [
              {
                "type": "get_attr",
                "value": "user_data"
              }
            ]
          ],
          "private": "eyJlMmJmYjczMC1lY2FhLTExZTYtOGY4OC0zNDM2M2JjN2M0YzAiOnsiY3JlYXRlIjoxODAwMDAwMDAwMDAwLCJkZWxldGUiOjE4MDAwMDAwMDAwMDAsInVwZGF0ZSI6MTgwMDAwMDAwMDAwMH19",
          "dependencies": [
            "module.openstack.data.openstack_compute_flavor_v2.flavors",
            "module.openstack.data.openstack_images_image_v2.image",
            "module.openstack.data.openstack_networking_network_v2.int_network",
            "module.openstack.data.openstack_networking_subnet_v2.subnet",
            "module.openstack.module.instance_config.random_string.puppetserver_password",
            "module.openstack.module.instance_config.tls_private_key.rsa_hostkeys",
            "module.openstack.module.instance_config.tls_private_key.ssh",
            "module.openstack.openstack_compute_keypair_v2.keypair",
            "module.openstack.openstack_compute_secgroup_v2.secgroup",
            "module.openstack.openstack_networking_port_v2.nic"
          ]
        }
      ]
    },
    {
      "module": "module.openstack",
      "mode": "managed",
      "type": "openstack_compute_keypair_v2",
      "name": "keypair",
      "provider": "provider[\"registry.terraform.io/terraform-provider-openstack/openstack\"]",
      "instances": [
        {
          "schema_version": 0,
          "attributes": {
            "fingerprint": "a3:4c:07:81:17:19:84:55:2c:ca:66:20:a0:34:79:72",
            "id": "valid1-key",
            "name": "valid1-key",
            "private_key": "FAKE",
            "public_key": "ssh-rsa FAKE",
            "region": "RegionOne",
            "value_specs": null
          },
          "sensitive_attributes": [],
          "private": "bnVsbA=="
        }
      ]
    },
    {
      "module": "module.openstack",
      "mode": "managed",
      "type": "openstack_compute_secgroup_v2",
      "name": "secgroup",
      "provider": "provider[\"registry.terraform.io/terraform-provider-openstack/openstack\"]",
      "instances": [
        {
          "schema_version": 0,
          "attributes": {
            "description": "valid1 security group",
            "id": "877047eb-2619-494e-940b-18ea85e783d7",
            "name": "valid1-secgroup",
            "region": "RegionOne",
            "rule": [
              {
                "cidr": "",
                "from_group_id": "",
                "from_port": -1,
                "id": "77137675-d8af-4243-baa7-966155b68648",
                "ip_protocol": "icmp",
                "self": true,
                "to_port": -1
              },
              {
                "cidr": "",
                "from_group_id": "",
                "from_port": 1,
                "id": "319594c0-ef98-4e21-ad01-f022489da91e",
                "ip_protocol": "tcp",
                "self": true,
                "to_port": 65535
              },
              {
                "cidr": "",
                "from_group_id": "",
                "from_port": 1,
                "id": "7f107a7e-54f3-442c-86d7-f3ee8083d6ce",
                "ip_protocol": "udp",
                "self": true,
                "to_port": 65535
              },
              {
                "cidr": "0.0.0.0/0",
                "from_group_id": "",
                "from_port": 22,
                "id": "6d7fe64f-939d-4cc4-b377-b06c731c02b3",
                "ip_protocol": "tcp",
                "self": false,
                "to_port": 22
              },
              {
                "cidr": "0.0.0.0/0",
                "from_group_id": "",
                "from_port": 443,
                "id": "a2544a2d-da05-4c3d-96ec-c8ff17583406",
                "ip_protocol": "tcp",
                "self": false,
                "to_port": 443
              },
              {
                "cidr": "0.0.0.0/0",
                "from_group_id": "",
                "from_port": 50000,
                "id": "11a69699-7c32-47e1-987c-b79bdcbfc2f2",
                "ip_protocol": "tcp",
                "self": false,
                "to_port": 51000
              },
              {
                "cidr": "0.0.0.0/0",
                "from_group_id": "",
                "from_port": 7512,
                "id": "8774d539-b658-49c9-9a25-bcec7368951a",
                "ip_protocol": "tcp",
                "self": false,
                "to_port": 7512
              },
              {
                "cidr": "0.0.0.0/0",
                "from_group_id": "",
                "from_port": 80,
                "id": "a93572a3-2dbc-4866-baf4-5bcd187f5ec0",
                "ip_protocol": "tcp",
                "self": false,
                "to_port": 80
              },
              {
                "cidr": "54.237.254.192/29",
                "from_group_id": "",
                "from_port": 2811,
                "id": "34e76666-47fd-4673-ba6b-8814a35e23c1",
                "ip_protocol": "tcp",
                "self": false,
                "to_port": 2811
              }
            ],
            "timeouts": null
          },
          "sensitive_attributes": [],
          "private": "eyJlMmJmYjczMC1lY2FhLTExZTYtOGY4OC0zNDM2M2JjN2M0YzAiOnsiZGVsZXRlIjo2MDAwMDAwMDAwMDB9fQ=="
        }
      ]
    },
    {
      "module": "module.openstack",
      "mode": "managed",
      "type": "openstack_compute_volume_attach_v2",
      "name": "attachments",
      "provider": "provider[\"registry.terraform.io/terraform-provider-openstack/openstack\"]",
      "instances": [
        {
          "index_key": "mgmt1-nfs-home",
          "schema_version": 0,
          "attributes": {
            "device": "/dev/vdc",
            "id": "e4935d86-312d-4a5f-87b6-eea040ffac32/65eed4e6-f067-4c47-aeba-82e3178511be",
            "instance_id": "e4935d86-312d-4a5f-87b6-eea040ffac32",
            "multiattach": null,
            "region": "RegionOne",
            "timeouts": null,
            "vendor_options": [],
            "volume_id": "65eed4e6-f067-4c47-aeba-82e3178511be"
          },
          "sensitive_attributes": [],
          "private": "eyJlMmJmYjczMC1lY2FhLTExZTYtOGY4OC0zNDM2M2JjN2M0YzAiOnsiY3JlYXRlIjo2MDAwMDAwMDAwMDAsImRlbGV0ZSI6NjAwMDAwMDAwMDAwfX0=",
          "dependencies": [
            "module.openstack.data.openstack_compute_flavor_v2.flavors",
            "module.openstack.data.openstack_images_image_v2.image",
            "module.openstack.data.openstack_networking_network_v2.int_network",
            "module.openstack.data.openstack_networking_subnet_v2.subnet",
            "module.openstack.module.instance_config.random_string.puppetserver_password",
            "module.openstack.module.instance_config.tls_private_key.rsa_hostkeys",
            "module.openstack.module.instance_config.tls_private_key.ssh",
            "module.openstack.openstack_blockstorage_volume_v3.volumes",
            "module.openstack.openstack_compute_instance_v2.instances",
            "module.openstack.openstack_compute_keypair_v2.keypair",
            "module.openstack.openstack_compute_secgroup_v2.secgroup",
            "module.openstack.openstack_networking_port_v2.nic"
          ]
        },
        {
          "index_key": "mgmt1-nfs-project",
          "schema_version": 0,
          "attributes": {
            "device": "/dev/vdb",
            "id": "e4935d86-312d-4a5f-87b6-eea040ffac32/78795503-bac7-4056-a822-678dcc9233d5",
            "instance_id": "e4935d86-312d-4a5f-87b6-eea040ffac32",
            "multiattach": null,
            "region": "RegionOne",
            "timeouts": null,
            "vendor_options": [],
            "volume_id": "78795503-bac7-4056-a822-678dcc9233d5"
          },
          "sensitive_attributes": [],
          "private": "eyJlMmJmYjczMC1lY2FhLTExZTYtOGY4OC0zNDM2M2JjN2M0YzAiOnsiY3JlYXRlIjo2MDAwMDAwMDAwMDAsImRlbGV0ZSI6NjAwMDAwMDAwMDAwfX0=",
          "dependencies": [
            "module.openstack.data.openstack_compute_flavor_v2.flavors",
            "module.openstack.data.openstack_images_image_v2.image",
            "module.openstack.data.openstack_networking_network_v2.int_network",
            "module.openstack.data.openstack_networking_subnet_v2.subnet",
            "module.openstack.module.instance_config.random_string.puppetserver_password",
            "module.openstack.module.instance_config.tls_private_key.rsa_hostkeys",
            "module.openstack.module.instance_config.tls_private_key.ssh",
            "module.openstack.openstack_blockstorage_volume_v3.volumes",
            "module.openstack.openstack_compute_instance_v2.instances",
            "module.openstack.openstack_compute_keypair_v2.keypair",
            "module.openstack.openstack_compute_secgroup_v2.secgroup",
            "module.openstack.openstack_networking_port_v2.nic"
          ]
        },
        {
          "index_key": "mgmt1-nfs-scratch",
          "schema_version": 0,
          "attributes": {
            "device": "/dev/vdd",
            "id": "e4935d86-312d-4a5f-87b6-eea040ffac32/32a6ef2a-a562-4e85-8f29-10bedd8a2180",
            "instance_id": "e4935d86-312d-4a5f-87b6-eea040ffac32",
            "multiattach": null,
            "region": "RegionOne",
            "timeouts": null,
            "vendor_options": [],
            "volume_id": "32a6ef2a-a562-4e85-8f29-10bedd8a2180"
          },
          "sensitive_attributes": [],
          "private": "eyJlMmJmYjczMC1lY2FhLTExZTYtOGY4OC0zNDM2M2JjN2M0YzAiOnsiY3JlYXRlIjo2MDAwMDAwMDAwMDAsImRlbGV0ZSI6NjAwMDAwMDAwMDAwfX0=",
          "dependencies": [
            "module.openstack.data.openstack_compute_flavor_v2.flavors",
            "module.openstack.data.openstack_images_image_v2.image",
            "module.openstack.data.openstack_networking_network_v2.int_network",
            "module.openstack.data.openstack_networking_subnet_v2.subnet",
            "module.openstack.module.instance_config.random_string.puppetserver_password",
            "module.openstack.module.instance_config.tls_private_key.rsa_hostkeys",
            "module.openstack.module.instance_config.tls_private_key.ssh",
            "module.openstack.openstack_blockstorage_volume_v3.volumes",
            "module.openstack.openstack_compute_instance_v2.instances",
            "module.openstack.openstack_compute_keypair_v2.keypair",
            "module.openstack.openstack_compute_secgroup_v2.secgroup",
            "module.openstack.openstack_networking_port_v2.nic"
          ]
        }
      ]
    },
    {
      "module": "module.openstack",
      "mode": "managed",
      "type": "openstack_networking_floatingip_v2",
      "name": "fip",
      "provider": "provider[\"registry.terraform.io/terraform-provider-openstack/openstack\"]",
      "instances": [
        {
          "index_key": "login1",
          "schema_version": 0,
          "attributes": {
            "address": "206.12.91.181",
            "all_tags": [],
            "description": "",
            "dns_domain": "",
            "dns_name": "",
            "fixed_ip": "",
            "id": "b765205d-8a24-486f-a0e9-91e839efb7ba",
            "pool": "Public-Network",
            "port_id": "",
            "region": "RegionOne",
            "subnet_id": null,
            "subnet_ids": null,
            "tags": null,
            "tenant_id": "dde6409100e4490f935cf5bf7f3e75ed",
            "timeouts": null,
            "value_specs": null
          },
          "sensitive_attributes": [],
          "private": "eyJlMmJmYjczMC1lY2FhLTExZTYtOGY4OC0zNDM2M2JjN2M0YzAiOnsiY3JlYXRlIjo2MDAwMDAwMDAwMDAsImRlbGV0ZSI6NjAwMDAwMDAwMDAwfX0=",
          "dependencies": [
            "module.openstack.data.openstack_networking_network_v2.ext_network"
          ]
        }
      ]
    },
    {
      "module": "module.openstack",
      "mode": "managed",
      "type": "openstack_networking_port_v2",
      "name": "nic",
      "provider": "provider[\"registry.terraform.io/terraform-provider-openstack/openstack\"]",
      "instances": [
        {
          "index_key": "login1",
          "schema_version": 0,
          "attributes": {
            "admin_state_up": true,
            "all_fixed_ips": [
              "192.168.126.159"
            ],
            "all_security_group_ids": [
              "877047eb-2619-494e-940b-18ea85e783d7"
            ],
            "all_tags": [],
            "allowed_address_pairs": [],
            "binding": [
              {
                "host_id": "",
                "profile": "",
                "vif_details": {},
                "vif_type": "",
                "vnic_type": "normal"
              }
            ],
            "description": "",
            "device_id": "",
            "device_owner": "",
            "dns_assignment": [
              {
                "fqdn": "host-192-168-126-159.arbutus.",
                "hostname": "host-192-168-126-159",
                "ip_address": "192.168.126.159"
              }
            ],
            "dns_name": "",
            "extra_dhcp_option": [],
            "fixed_ip": [
              {
                "ip_address": "",
                "subnet_id": "b70582fc-c0f6-45fa-a022-e45affb90106"
              }
            ],
            "id": "a5e788bc-3cf3-41fd-b46e-85568e182484",
            "mac_address": "fa:16:3e:92:e7:a7",
            "name": "valid1-login1-port",
            "network_id": "f2b11478-de5c-4610-8646-a39142a91f0a",
            "no_fixed_ip": null,
            "no_security_groups": null,
            "port_security_enabled": true,
            "qos_policy_id": "",
            "region": "RegionOne",
            "security_group_ids": [
              "877047eb-2619-494e-940b-18ea85e783d7"
            ],
            "tags": null,
            "tenant_id": "dde6409100e4490f935cf5bf7f3e75ed",
            "timeouts": null,
            "value_specs": null
          },
          "sensitive_attributes": [],
          "private": "eyJlMmJmYjczMC1lY2FhLTExZTYtOGY4OC0zNDM2M2JjN2M0YzAiOnsiY3JlYXRlIjo2MDAwMDAwMDAwMDAsImRlbGV0ZSI6NjAwMDAwMDAwMDAwfX0=",
          "dependencies": [
            "module.openstack.data.openstack_networking_network_v2.int_network",
            "module.openstack.data.openstack_networking_subnet_v2.subnet",
            "module.openstack.openstack_compute_secgroup_v2.secgroup"
          ]
        },
        {
          "index_key": "mgmt1",
          "schema_version": 0,
          "attributes": {
            "admin_state_up": true,
            "all_fixed_ips": [
              "192.168.126.18"
            ],
            "all_security_group_ids": [
              "877047eb-2619-494e-940b-18ea85e783d7"
            ],
            "all_tags": [],
            "allowed_address_pairs": [],
            "binding": [
              {
                "host_id": "",
                "profile": "",
                "vif_details": {},
                "vif_type": "",
                "vnic_type": "normal"
              }
            ],
            "description": "",
            "device_id": "",
            "device_owner": "",
            "dns_assignment": [
              {
                "fqdn": "host-192-168-126-18.arbutus.",
                "hostname": "host-192-168-126-18",
                "ip_address": "192.168.126.18"
              }
            ],
            "dns_name": "",
            "extra_dhcp_option": [],
            "fixed_ip": [
              {
                "ip_address": "",
                "subnet_id": "b70582fc-c0f6-45fa-a022-e45affb90106"
              }
            ],
            "id": "7ff841d3-6196-4a30-be80-1436d2ed77cd",
            "mac_address": "fa:16:3e:52:da:5f",
            "name": "valid1-mgmt1-port",
            "network_id": "f2b11478-de5c-4610-8646-a39142a91f0a",
            "no_fixed_ip": null,
            "no_security_groups": null,
            "port_security_enabled": true,
            "qos_policy_id": "",
            "region": "RegionOne",
            "security_group_ids": [
              "877047eb-2619-494e-940b-18ea85e783d7"
            ],
            "tags": null,
            "tenant_id": "dde6409100e4490f935cf5bf7f3e75ed",
            "timeouts": null,
            "value_specs": null
          },
          "sensitive_attributes": [],
          "private": "eyJlMmJmYjczMC1lY2FhLTExZTYtOGY4OC0zNDM2M2JjN2M0YzAiOnsiY3JlYXRlIjo2MDAwMDAwMDAwMDAsImRlbGV0ZSI6NjAwMDAwMDAwMDAwfX0=",
          "dependencies": [
            "module.openstack.data.openstack_networking_network_v2.int_network",
            "module.openstack.data.openstack_networking_subnet_v2.subnet",
            "module.openstack.openstack_compute_secgroup_v2.secgroup"
          ]
        },
        {
          "index_key": "node1",
          "schema_version": 0,
          "attributes": {
            "admin_state_up": true,
            "all_fixed_ips": [
              "192.168.126.86"
            ],
            "all_security_group_ids": [
              "877047eb-2619-494e-940b-18ea85e783d7"
            ],
            "all_tags": [],
            "allowed_address_pairs": [],
            "binding": [
              {
                "host_id": "",
                "profile": "",
                "vif_details": {},
                "vif_type": "",
                "vnic_type": "normal"
              }
            ],
            "description": "",
            "device_id": "",
            "device_owner": "",
            "dns_assignment": [
              {
                "fqdn": "host-192-168-126-86.arbutus.",
                "hostname": "host-192-168-126-86",
                "ip_address": "192.168.126.86"
              }
            ],
            "dns_name": "",
            "extra_dhcp_option": [],
            "fixed_ip": [
              {
                "ip_address": "",
                "subnet_id": "b70582fc-c0f6-45fa-a022-e45affb90106"
              }
            ],
            "id": "212bd087-1455-4615-b3d1-9cb7dec4d04e",
            "mac_address": "fa:16:3e:9a:75:ff",
            "name": "valid1-node1-port",
            "network_id": "f2b11478-de5c-4610-8646-a39142a91f0a",
            "no_fixed_ip": null,
            "no_security_groups": null,
            "port_security_enabled": true,
            "qos_policy_id": "",
            "region": "RegionOne",
            "security_group_ids": [
              "877047eb-2619-494e-940b-18ea85e783d7"
            ],
            "tags": null,
            "tenant_id": "dde6409100e4490f935cf5bf7f3e75ed",
            "timeouts": null,
            "value_specs": null
          },
          "sensitive_attributes": [],
          "private": "eyJlMmJmYjczMC1lY2FhLTExZTYtOGY4OC0zNDM2M2JjN2M0YzAiOnsiY3JlYXRlIjo2MDAwMDAwMDAwMDAsImRlbGV0ZSI6NjAwMDAwMDAwMDAwfX0=",
          "dependencies": [
            "module.openstack.data.openstack_networking_network_v2.int_network",
            "module.openstack.data.openstack_networking_subnet_v2.subnet",
            "module.openstack.openstack_compute_secgroup_v2.secgroup"
          ]
        }
      ]
    },
    {
      "module": "module.openstack.module.cluster_config",
      "mode": "managed",
      "type": "null_resource",
      "name": "deploy_hieradata",
      "provider": "provider[\"registry.terraform.io/hashicorp/null\"]",
      "instances": [
        {
          "index_key": 0,
          "schema_version": 0,
          "attributes": {
            "id": "8583149321229063402",
            "triggers": {
              "facts": "037bfb9b9f4e36bc1b606daef1817b8c",
              "hieradata": "d64fc9733feca4deaae21191fc08a974",
              "puppetserver": "e4935d86-312d-4a5f-87b6-eea040ffac32",
              "user_data": "9efc314b65237d5d646e1b817372afc6"
            }
          },
          "sensitive_attributes": [],
          "private": "bnVsbA==",
          "dependencies": [
            "module.openstack.data.external.keystone",
            "module.openstack.data.openstack_compute_flavor_v2.flavors",
            "module.openstack.data.openstack_images_image_v2.image",
            "module.openstack.data.openstack_networking_network_v2.ext_network",
            "module.openstack.data.openstack_networking_network_v2.int_network",
            "module.openstack.data.openstack_networking_subnet_v2.subnet",
            "module.openstack.module.cluster_config.random_pet.guest_passwd",
            "module.openstack.module.cluster_config.random_string.freeipa_passwd",
            "module.openstack.module.cluster_config.random_string.munge_key",
            "module.openstack.module.cluster_config.random_uuid.consul_token",
            "module.openstack.module.instance_config.random_string.puppetserver_password",
            "module.openstack.module.instance_config.tls_private_key.rsa_hostkeys",
            "module.openstack.module.instance_config.tls_private_key.ssh",
            "module.openstack.openstack_blockstorage_volume_v3.volumes",
            "module.openstack.openstack_compute_instance_v2.instances",
            "module.openstack.openstack_compute_keypair_v2.keypair",
            "module.openstack.openstack_compute_secgroup_v2.secgroup",
            "module.openstack.openstack_networking_floatingip_v2.fip",
            "module.openstack.openstack_networking_port_v2.nic"
          ]
        }
      ]
    },
    {
      "module": "module.openstack.module.cluster_config",
      "mode": "managed",
      "type": "random_string",
      "name": "freeipa_passwd",
      "provider": "provider[\"registry.terraform.io/hashicorp/random\"]",
      "instances": [
        {
          "schema_version": 1,
          "attributes": {
            "id": "U3RRqr5husnnGkMS",
            "keepers": null,
            "length": 16,
            "lower": true,
            "min_lower": 0,
            "min_numeric": 0,
            "min_special": 0,
            "min_upper": 0,
            "number": true,
            "override_special": null,
            "result": "U3RRqr5husnnGkMS",
            "special": false,
            "upper": true
          },
          "sensitive_attributes": [],
          "private": "eyJzY2hlbWFfdmVyc2lvbiI6IjEifQ=="
        }
      ]
    },
    {
      "module": "module.openstack.module.cluster_config",
      "mode": "managed",
      "type": "random_string",
      "name": "munge_key",
      "provider": "provider[\"registry.terraform.io/hashicorp/random\"]",
      "instances": [
        {
          "schema_version": 1,
          "attributes": {
            "id": "vnt5KYfzilE6PkjCg16rArKpjGfDzSIN",
            "keepers": null,
            "length": 32,
            "lower": true,
            "min_lower": 0,
            "min_numeric": 0,
            "min_special": 0,
            "min_upper": 0,
            "number": true,
            "override_special": null,
            "result": "vnt5KYfzilE6PkjCg16rArKpjGfDzSIN",
            "special": false,
            "upper": true
          },
          "sensitive_attributes": [],
          "private": "eyJzY2hlbWFfdmVyc2lvbiI6IjEifQ=="
        }
      ]
    },
    {
      "module": "module.openstack.module.cluster_config",
      "mode": "managed",
      "type": "random_uuid",
      "name": "consul_token",
      "provider": "provider[\"registry.terraform.io/hashicorp/random\"]",
      "instances": [
        {
          "schema_version": 0,
          "attributes": {
            "id": "981a08a0-d2db-5cb6-5ff9-34080e370aef",
            "keepers": null,
            "result": "981a08a0-d2db-5cb6-5ff9-34080e370aef"
          },
          "sensitive_attributes": [],
          "private": "bnVsbA=="
        }
      ]
    },
    {
      "module": "module.openstack.module.instance_config",
      "mode": "managed",
      "type": "random_string",
      "name": "puppetserver_password",
      "provider": "provider[\"registry.terraform.io/hashicorp/random\"]",
      "instances": [
        {
          "schema_version": 1,
          "attributes": {
            "id": "SAZAHO52dBjCQW19vsYZpvWUrVU00q6n",
            "keepers": null,
            "length": 32,
            "lower": true,
            "min_lower": 0,
            "min_numeric": 0,
            "min_special": 0,
            "min_upper": 0,
            "number": true,
            "override_special": null,
            "result": "SAZAHO52dBjCQW19vsYZpvWUrVU00q6n",
            "special": false,
            "upper": true
          },
          "sensitive_attributes": [],
          "private": "eyJzY2hlbWFfdmVyc2lvbiI6IjEifQ=="
        }
      ]
    },
    {
      "module": "module.openstack.module.instance_config",
      "mode": "managed",
      "type": "tls_private_key",
      "name": "rsa_hostkeys",
      "provider": "provider[\"registry.terraform.io/hashicorp/tls\"]",
      "instances": [
        {
          "index_key": "login",
          "schema_version": 0,
          "attributes": {
            "algorithm": "RSA",
            "ecdsa_curve": "P224",
            "id": "936682859f715d71b046d85a81a5b267bd88d35a",
            "private_key_pem": "-----BEGIN RSA PRIVATE KEY-----\nMIIJKAIBAAKCAgEArVbOFEHeC2awQenljvTIOuez6tv8PD93MXU3cRBFXFly7PxR\nmE7tELR9w1VWxbnOmEqqUnb18QLLJgpy9t48t99bVg8/8RjobH0mQMxPmXb/Nalo\nrmSwOTBSLkNsPK0EyPDwwPspZuDgiKSmDE9Au+giJJGWb35meOx1jgqPZo/Usgzp\nu1FB9L/ve9Qiu/+Lus5qtS0YGhPmqFlp2bM5UtHafd9QM/C1udJurhQNoeDDl2Ue\n3V5KLmCTSUI0Wwmw5exvLnCczBCkqZSU0AN4ktw4yuGCBRnWua/wfFbupfJ0AVsR\nOwR6kd5ANsnDbSP4SRVfeAmHKCvPu+LpZTybAGPAWndmFQANH5JgLFtuJlfDM1yM\ndkyanuD3lIlWiX2zX9agn8udlCWc4XfTgrGGe+UqoLM75Yqlj99jSfP8aMtaj/9U\nZib7+oOdV3IvYnTiATULkNCPJJeKqmiIj6q7P3LGMo7+76Kc51DPVQsVA/2Q8qXS\nXAGp5nkWLM9KTWjkGUJokn5Yay75ku7eI5NrKsa7TmyOchkQOxKwn5DNBATTrJsI\nAU6aZKdVK4CRFHM3fw7YcXKPcOEynfhb5WEB4/MHjId38ElvtSuK1ZgGfMsj6+5v\n3QYRMGPy8ehZomlnpPqv4zsH3Ut6rEajRrkdd4W+bM8Hl6ufV6l54dXkY8cCAwEA\nAQKCAgEAizbrXhOknO2FY/rRdqYb5ktPEbJKe6zRMvScaX8S5d+lULY5ZiUFeuQr\nGWWBwl2/kkptTrviPQXsWIoN2T2V8Gs/9PdceGtzyCYfQe2VhICw6c08mMufSN8J\nMcTOulCPRj9UbPmLP+geDUCHZ92C9SezvED9XGBdNoNaypCqqUmdHr8GPX4+ha5d\nTcuLdggAljDQPOCRuef/2XeubrzlriGC5JMk3AJYQXzDjaXnaPqWvBHn3wyqcWL5\nB95XJEK9Q3xHszmYhMBdLyF4/zO6c+DQ8Ah7n1MoRIwMjiBXnQoDp08XoJmxQ1QH\nqLkU7qPz9eZnfYXRei7tsU3F+5vYM/6HMeHwNtQXpwv/bjY2YTVLO9E3iH+wKf7/\nOFgZyoshO95WrQ1FPpTzgCwVd9GDqcFwRGxkZoHv2t9pkp5/rhov290rBByNxtXm\nTktjVDXpwQd6Qvi7G3G1v21BMPiEapXK4f/cYERdDQcDBoQ7zXVaNxAOjosPc5Mo\nPmTi53dsPs2s7fGC0pmnBEGW6hFisBTVP6ICGhsqq8alFRu4OdVcrMq/FSsNPI5Y\nNtSD0+WEIh1YpFKYhDDvb9FuNI9keBrQVC9w/uuYfpJMAXDXFBX8ctkey/5EnPuZ\nULY4mQ0ndiD1dvgxO4usqlAnvfQFKRO5b5QI6T0PYTgc+fEVBvkCggEBANSAg24b\npwnIH/0OnS4E9mbSN/CPko3YL1hoJK3VCGtSsFevDpDvIapcbVj85s2iMrWnY9e7\nunan4ZwfmMlyuksCV5SnC6hPjVSMRSEJegDYSktxih3iKtoM45FKyv4Z8L5IsVLb\nZhajJ51AUqlnDwRsUT9mM4vgiyqWnprVHrXJzA/WI+yIf5c14GSMN7d1L6a3khjD\n08U+2fPHoepqS3klu2q7WdnBCWZDLp33kg3LRJlb07gIAP/Sll5M/UMGcUuNsyRs\nATQMKuuqMjYc0b9BQnW6m2oQe4XHOulHRPPXF1LMndNI4Nuhx7z8v7qsb8U3+kTj\n2kYgD+9dvtl5zIUCggEBANDSFYd0SF09uLxWbUPAdE1Fd/gGtLeVFVcrJWhQUIrW\nbjK44REdbW1YmedQ9dMdU2sVO0nBoQuLuvrgRLrgO5twvOr8kSPxKvxfL6z4rX6Y\n4JfYugHmXH5KqyCkGB37MpKN1ozPmCdYK6VMTSKXU+RhsSb5BGNVcTgswiEEIlRm\nA29v+/qirEKvlickz/RuZgz1AtH+4hAIp8ndS3wENkJfHZyL0vYg7+yoQ9y52dG4\n5rkx/8UFUyX9KXQkDdZB4F9nXz3QcccP4kTEfkwxou26W4I+GbAdsp1siBkewGXC\nkzBKsV250na5NLToZ8eqibrNkU4TWk3NnQJg4TRTFtsCggEAKhMH8tUmzZkCPGiY\nVnRFFTaqPMcwjUUwmqCEIqb7c8R7heDzUV8Hm2ORgv0P9ccXoz/xVNWmpbe3w+G9\nrqU4nYFpNdWdSUX3BbaAOXpW3bP1gdqJLkGJmoLSzAGzD3yzXfmmonEuVW0Yetox\ng7kUEBwiOhtSOW/MHjKUVLO90OCTts7/beXY3WeddksM/RYGyUuvcZfUZkl7ffkY\n5gEF0IbYBNnzgFnoMoc6w6wxDuogOv0jflyXVg+sFh/IRW0RIZR808lOs691EBQy\nvOQX43ZYYlcATo/U5Tf9QhMKY/1CcPJyjVLwsovlsFWa4KsjtjjPJLS4kwnmHc7B\n6u1iwQKCAQByvr4tzGvnMH9Onn8z95Dw1PdzRtwO9NDhMUhA5cEcSXAMVyL1cKIs\nr78CKK6r7zVjZitKACgqXAHG0W1y8rxOUci9p0Np6J+iRfvApHVRV1gymFi9qoOw\nsf8O1Jyb/OhxN5dpkLkfBYgWMLNCCr2ChVv++l665rxsDcwusELc9aF1nqdrte/K\nRQnRQJ00x2U0QX3nPpOiE99/QSa1Yusd1X5EA2FM9hRgiqWfqFBUubGumhbdgGuM\nOGyK8TTZQyGzyu2+3cdnhwbimsZ7v9qznu+hxdX/vJHlhznR89/tCtoucxy7T9yi\neGrJ7dr5EHDWQRdTO7cngZCBOhMF2ZJ5AoIBAG3lx370ClLpWrzN18WTQaVlkAke\ntAcPnF2VdAJVTqr1vikzyVlWTb3FsjdSUzPwTGTHKnyLTfjyoFPpk0fo5CxGUatj\nO1x/bzxp+mSzhCMx0iDmHDSIJKtfiBnEyrEHP5RZTNDg3qWmLe3WhlT+T6LiDiEQ\n4NdW0PtEx38Ergzx4vp9W6xm0agg9xrxJYpuGaqpfhUGSaua/bRjjmF2Iz6pS0ZX\nYTC4Wf+N62TOwm2Q2h5etdNePz4bBvmJEdkxr+eBPWe6fiv/c8JW9slOFkPj4u1J\n85uCcXO5+Wg0ITmHAqVHm9iMv04q+s/Ij9sbKLwRnIaL5nQsTYUBS/lQLd4=\n-----END RSA PRIVATE KEY-----\n",
            "public_key_fingerprint_md5": "65:4b:c0:bd:25:10:38:18:26:4c:9d:ba:81:d7:3b:3b",
            "public_key_openssh": "ssh-rsa AAAAB3NzaC1yc2EAAAADAQABAAACAQCtVs4UQd4LZrBB6eWO9Mg657Pq2/w8P3cxdTdxEEVcWXLs/FGYTu0QtH3DVVbFuc6YSqpSdvXxAssmCnL23jy331tWDz/xGOhsfSZAzE+Zdv81qWiuZLA5MFIuQ2w8rQTI8PDA+ylm4OCIpKYMT0C76CIkkZZvfmZ47HWOCo9mj9SyDOm7UUH0v+971CK7/4u6zmq1LRgaE+aoWWnZszlS0dp931Az8LW50m6uFA2h4MOXZR7dXkouYJNJQjRbCbDl7G8ucJzMEKSplJTQA3iS3DjK4YIFGda5r/B8Vu6l8nQBWxE7BHqR3kA2ycNtI/hJFV94CYcoK8+74ullPJsAY8Bad2YVAA0fkmAsW24mV8MzXIx2TJqe4PeUiVaJfbNf1qCfy52UJZzhd9OCsYZ75SqgszvliqWP32NJ8/xoy1qP/1RmJvv6g51Xci9idOIBNQuQ0I8kl4qqaIiPqrs/csYyjv7vopznUM9VCxUD/ZDypdJcAanmeRYsz0pNaOQZQmiSflhrLvmS7t4jk2sqxrtObI5yGRA7ErCfkM0EBNOsmwgBTppkp1UrgJEUczd/Dthxco9w4TKd+FvlYQHj8weMh3fwSW+1K4rVmAZ8yyPr7m/dBhEwY/Lx6FmiaWek+q/jOwfdS3qsRqNGuR13hb5szweXq59XqXnh1eRjxw==\n",
            "public_key_pem": "-----BEGIN PUBLIC KEY-----\nMIICIjANBgkqhkiG9w0BAQEFAAOCAg8AMIICCgKCAgEArVbOFEHeC2awQenljvTI\nOuez6tv8PD93MXU3cRBFXFly7PxRmE7tELR9w1VWxbnOmEqqUnb18QLLJgpy9t48\nt99bVg8/8RjobH0mQMxPmXb/NalormSwOTBSLkNsPK0EyPDwwPspZuDgiKSmDE9A\nu+giJJGWb35meOx1jgqPZo/Usgzpu1FB9L/ve9Qiu/+Lus5qtS0YGhPmqFlp2bM5\nUtHafd9QM/C1udJurhQNoeDDl2Ue3V5KLmCTSUI0Wwmw5exvLnCczBCkqZSU0AN4\nktw4yuGCBRnWua/wfFbupfJ0AVsROwR6kd5ANsnDbSP4SRVfeAmHKCvPu+LpZTyb\nAGPAWndmFQANH5JgLFtuJlfDM1yMdkyanuD3lIlWiX2zX9agn8udlCWc4XfTgrGG\ne+UqoLM75Yqlj99jSfP8aMtaj/9UZib7+oOdV3IvYnTiATULkNCPJJeKqmiIj6q7\nP3LGMo7+76Kc51DPVQsVA/2Q8qXSXAGp5nkWLM9KTWjkGUJokn5Yay75ku7eI5Nr\nKsa7TmyOchkQOxKwn5DNBATTrJsIAU6aZKdVK4CRFHM3fw7YcXKPcOEynfhb5WEB\n4/MHjId38ElvtSuK1ZgGfMsj6+5v3QYRMGPy8ehZomlnpPqv4zsH3Ut6rEajRrkd\nd4W+bM8Hl6ufV6l54dXkY8cCAwEAAQ==\n-----END PUBLIC KEY-----\n",
            "rsa_bits": 4096
          },
          "sensitive_attributes": [],
          "private": "bnVsbA=="
        },
        {
          "index_key": "mgmt",
          "schema_version": 0,
          "attributes": {
            "algorithm": "RSA",
            "ecdsa_curve": "P224",
            "id": "61f302590d668ee8f4b18b912fd932e68f2934ae",
            "private_key_pem": "-----BEGIN RSA PRIVATE KEY-----\nMIIJKQIBAAKCAgEA6zR1wu3+SjngxiaFM1+rUjgtezv8iZCdqnaaMt43h8YexktH\nTCbmvyIHvSbEzfi8yfzbJxZ7UQqqkb2zKkJb+9vAAB4dFwI+O7Ri1OtYe+Xq6QmQ\nehVhTglQzi6Ir3+eTgCJpnAnaNokMHad98DDk0gGEduXycJUrY25lRoSxjecUtZb\nLk0BG5US3rjIclKpLpzXpjf5LUeb6w4+exIbfOtMI014qVq1GcojZHdoRrxms4lc\noVU6udaDtjSTuYSparVhux1ICRwTkjy/qUYKAixW37lKR3somZsBuxU4FyE7KHHJ\n49t6MwXYjw/e4Gozoiu1Wr0N6CcbJApEEh1f7dnvoCtzzR+3xlq3j84cx6EcepqH\nnR//rfgRYFxt60Uk/w5s3UcVcf3HriDxHf5Ci6Qcd/uejOp6uBhz95Dbj2jybK1f\nvez6KvJs+WagkzeN6H6E3lpKi4h+qXfhuq+qJwy7yRLmi9zUt6RNcrh6dq1bS25O\n0BtlDQVsHW1GBHkFe9d2ExWcQmbkiDZIazBCo/I4WIx/bNiR1mpa3TljCJUwSZvC\nOZdcFnhlKpvBMRk9BZLgA+2l4E7tksOUYtztfIIVsvUe4m3ohL2KiESnVOkKQhPd\nmVRfYMnDJvIhL/gXwsFclVS61ePxYGNyZ8Y5WQ4C67ZkVJPO89Ijy73PcdcCAwEA\nAQKCAgBRPPFfvqwSHyOPzUY8lFKsN1MeOX3kVdrfQc/IuhAcCUYf32hk2Rrh8XMS\n1g0rxzoN2hQn0BAP0ctQQ2Fau0jiGOicIcqSY+fy3z8zo4YQZT1Z+D+6qx/MwFL0\npAX59+5Jqs3geuRhxtaxFodBR4dFm57dFCe9PC3bNBRhd3v8ksCfrAIaX+Z+DGNU\nIia5tetRekLR2otqJE2qRmU2RO7RmsPVfbCrbfUXT0YiMUwHApPGdy9TWgjKn1km\n2cocTcHmZXe4FUkIPHZWED1yzgou7fmjlHAfeF5xj6RtZcrV0liIg6Tj2q6+aMp/\nv0+P256x6L7e9GWVRcyOCi2wxAyZhQip5PEJ82ZYp7MBE9qBofUqGti6YQMwMGho\nJsIvftSrDpOVsO277pVcv30t3UQZGCps1oATC1EyXjSdO0VGC7Ua1Gh0vcaVaWX0\nvr42Vuw6w4ItRnTsJg+puhxvUkzwfeG0Y57Xl5hpaY8pBnscQl3gf8qWqduhoCHX\nRJHivnnypyGZIg1rzuo8Tp3rniM8IoqQPDZ1MsDn06ajp9xkqGA3iTH2sSBrO9FF\nDZ/nD8WlwS8AiAi0pS3WFleP2wchtVDHaxFZ4gtVzzduolemxx++iwdmpoboTjic\n4Or77PbCUGAWjZd8fbUEAgns+2swymuLAlj3LCjOKOBlCMNW4QKCAQEA/qXG+i00\nkUBG9TWWp+Zb+IoCbiGqT8ZkrvAQlaIl0mLljdDZK/+Y8p1sL6VtSdsDwGjdto7A\nFLS9bwXyAGPO1wTNrAEqm1NnSgpe2SWCdnuUflUL4rXRPYL8JutHalsGpfW4hmH2\nK0+uM+3saBDVTUNyFt9RV/1COX7JwNh0INEj1wLiyWq+ZiTNUOFT/sc/Q2I/7+Rm\nRkxMF5prYlDWdsTwnjp5OLBNXEhTiYXTbuZbiSgrTnDYpoVF9DM2itksDLMOwTXL\nZQpbcdoPG0LqNIIubN6e7o6q2LTwj3BkkP0pafozAOXwoJ5kItOH1iXRnzCZI8EU\ngH2JvuUqBavZKwKCAQEA7HQ/jBRwm0+Y7sM+DyVk9UN71mokSKD1Glj+LV5ccKzo\nM6zukR3vhezsQLYS7ut2YSatCG7Tt9LDKXbCTBXXz6RaRa+4BtYAaYMPZMdS7I+p\no3vywng+Zf38jXdch842faOc85+OKArWqPWA6YpljfCkCF7R57SQ/ErLb4ZoNvJr\ncRbD3euaNfh3hw6Ul2pbtK/LLb4ozXbGZICTseKZkZWlVehhYYf0CaZl5ijbHPZ4\nvftSRuOjwHIf+j8KAE0USZEuxHs9/bm/I6PUv3cKxRrx1BNzqHpdfTyXW5b/4QjI\nlErTz06ycpSbF7QxWbRNJgfG/kInLpi6Wl/nsFqcBQKCAQAFvC4TDFmWu9/dPeu6\ntFF184XCfTecvFcgKX/2HsTDTD7nRsDdYNBNBoadPBiOBUS8XKBBsE1bKgbqLTQa\nFiVeallHem8/OE2nOTyRn2qkyHu7rKar4HRp8j1DkyD0oEAyFKqnPCWTLCQ8PyuH\n3HkxWEeFhFoMpUOMj/JzSWy0IIGyIfqBlsna+xE0tR5zKoGePuQ5vucexjEghvXM\nLQ3nduAEcESypiXX4jkfa8grQzzkhecTyS7X8UB2E4Ey91kqoA3BBDkkeWs90S9t\n6b/kltn80ba6oLPwVYLleB6LtWftXxku9/7HX0naDvGMPSXPdAS+7WZMzob/qaGc\npxYpAoIBAQCLo28v25ZQsiYfwt+wdCX2Dd9hVZeN6Lg20h1xT4uJ4yLR+at9uc8N\nKUiwQpZV0Go9n2iKVWDk6yvkHcVKx4+GiYniI46rQtBFf2ek3W2kVIcbDATmQbqf\n4um15aqYbPiTI/95hF2gWh5A85Mo2Fl3BIjqhIyzqFgDFmyjtR1wbaNzyrzrHssY\nWl7EPKEV9nKn9zUnE2jnReCN07zlTWvhpR1Z6X0w6uf8lu8QiEo2BXxyvavuP1si\nOIOX9oiCewKjG4Eh+aI3Z+1wL71hQPz0QCBWXRJtia4SWqkMJtV/4P8LTFFf2Rrb\nPdWFnx2R2z/AWNF0sD6RbxKGcqLR7AC9AoIBAQD7BLQDhrTxizYvRzUms0uqLlo+\nTIyuiVM42qK6DT1H6yZ5t0mF2FBVJxIPXR0g5HrNe/DvXuzwkcjEh6isxuEBqONL\nb7b6i/BYHUYdsQbaeoFWfG+SdXwRIfJT1PJfK3+YyphszP3ObZWr195IsRppiLJA\nuGMN1uoAvj4DpuY2Stcvso+6TwirDHrOVI+QTdYPSujbGTvH8M8WN+DZDmhTQDcj\nnHp/7ZGsBEYd9p18ajsfiTjgnAGt8K+nogvRmnbF6Br0aeGZSWtMfrGCeTaeqWdO\nMf35g6KY1TSdbqj0/WgBaWpZTGLAZTjrjZlCGIowgj/Vl0tEaeW9hiii53R/\n-----END RSA PRIVATE KEY-----\n",
            "public_key_fingerprint_md5": "6d:23:65:45:44:65:31:96:a2:96:db:84:33:77:3f:89",
            "public_key_openssh": "ssh-rsa AAAAB3NzaC1yc2EAAAADAQABAAACAQDrNHXC7f5KOeDGJoUzX6tSOC17O/yJkJ2qdpoy3jeHxh7GS0dMJua/Ige9JsTN+LzJ/NsnFntRCqqRvbMqQlv728AAHh0XAj47tGLU61h75erpCZB6FWFOCVDOLoivf55OAImmcCdo2iQwdp33wMOTSAYR25fJwlStjbmVGhLGN5xS1lsuTQEblRLeuMhyUqkunNemN/ktR5vrDj57Eht860wjTXipWrUZyiNkd2hGvGaziVyhVTq51oO2NJO5hKlqtWG7HUgJHBOSPL+pRgoCLFbfuUpHeyiZmwG7FTgXITsoccnj23ozBdiPD97gajOiK7VavQ3oJxskCkQSHV/t2e+gK3PNH7fGWrePzhzHoRx6moedH/+t+BFgXG3rRST/DmzdRxVx/ceuIPEd/kKLpBx3+56M6nq4GHP3kNuPaPJsrV+97Poq8mz5ZqCTN43ofoTeWkqLiH6pd+G6r6onDLvJEuaL3NS3pE1yuHp2rVtLbk7QG2UNBWwdbUYEeQV713YTFZxCZuSINkhrMEKj8jhYjH9s2JHWalrdOWMIlTBJm8I5l1wWeGUqm8ExGT0FkuAD7aXgTu2Sw5Ri3O18ghWy9R7ibeiEvYqIRKdU6QpCE92ZVF9gycMm8iEv+BfCwVyVVLrV4/FgY3JnxjlZDgLrtmRUk87z0iPLvc9x1w==\n",
            "public_key_pem": "-----BEGIN PUBLIC KEY-----\nMIICIjANBgkqhkiG9w0BAQEFAAOCAg8AMIICCgKCAgEA6zR1wu3+SjngxiaFM1+r\nUjgtezv8iZCdqnaaMt43h8YexktHTCbmvyIHvSbEzfi8yfzbJxZ7UQqqkb2zKkJb\n+9vAAB4dFwI+O7Ri1OtYe+Xq6QmQehVhTglQzi6Ir3+eTgCJpnAnaNokMHad98DD\nk0gGEduXycJUrY25lRoSxjecUtZbLk0BG5US3rjIclKpLpzXpjf5LUeb6w4+exIb\nfOtMI014qVq1GcojZHdoRrxms4lcoVU6udaDtjSTuYSparVhux1ICRwTkjy/qUYK\nAixW37lKR3somZsBuxU4FyE7KHHJ49t6MwXYjw/e4Gozoiu1Wr0N6CcbJApEEh1f\n7dnvoCtzzR+3xlq3j84cx6EcepqHnR//rfgRYFxt60Uk/w5s3UcVcf3HriDxHf5C\ni6Qcd/uejOp6uBhz95Dbj2jybK1fvez6KvJs+WagkzeN6H6E3lpKi4h+qXfhuq+q\nJwy7yRLmi9zUt6RNcrh6dq1bS25O0BtlDQVsHW1GBHkFe9d2ExWcQmbkiDZIazBC\no/I4WIx/bNiR1mpa3TljCJUwSZvCOZdcFnhlKpvBMRk9BZLgA+2l4E7tksOUYtzt\nfIIVsvUe4m3ohL2KiESnVOkKQhPdmVRfYMnDJvIhL/gXwsFclVS61ePxYGNyZ8Y5\nWQ4C67ZkVJPO89Ijy73PcdcCAwEAAQ==\n-----END PUBLIC KEY-----\n",
            "rsa_bits": 4096
          },
          "sensitive_attributes": [],
          "private": "bnVsbA=="
        },
        {
          "index_key": "node",
          "schema_version": 0,
          "attributes": {
            "algorithm": "RSA",
            "ecdsa_curve": "P224",
            "id": "edbd0922381d1934280842259ea196e06525708f",
            "private_key_pem": "-----BEGIN RSA PRIVATE KEY-----\nMIIJKQIBAAKCAgEA3RiNL/m49cEZbow/v6sSZkMr3y3+IGVU82W9AQi56BYXHOND\niVYtdR2Vw1mrV9D6IzuYozvVCUE0siGCfRFjt7q6wfeOpU8N1w8AtlP8knqWePpP\nxiK7WhB3bYEyve4K40g3/gCdACS65zf8c/WFBegGJRiECrJKUqXsVDZedsIFLUgv\nEBmGDY6I0Qc88kATeC+Q4x+Nga47pGqXpwou6fDMUD4A7gVTd76jsx59q4oPYV3g\nge6jAo1DTtY+9+ArM0DK2JZ+oJOM3A8gDnXgI3XiV9+DKSF71LbmbsqfMzBxgLXS\n7pmRRfgEZxOvobUu0Bsab77BGZYG/I0AQnRBASnBWkh4a3vp9a34mHvVmGDeFxHk\n5XiPojTfbDz2nNqllc2oFTuQ65OH7P+32sGKWcJNuQT3H9KNHGDajLfkaVNQOkHB\noqTKxZY8+MD5cClctCqnVx1leINkIz6Z94zHDciKLGDRkAH3/D+PVzqPOLbGInM0\nsiB58ILuPc3fl8w3osvOchZjzG781xsGJ22JlQ3+dxV6dT4idW0o34X1UzW7c+pc\nztYf7S6wyG5sG12VbQxYDz18+/IMMae9sdHbrzhILUo4UdO85iIMSMNIjVqMVoly\n1fUExXkFT4vYQ49OdsQxxywo4QXAdTPX5+YiMHY54oqhjBdCDO34ZC6NUxcCAwEA\nAQKCAgAzqrAbvPy3GVfrGIUxMjYLhbjz35iaU3PFqUnAuxxOmxLtokI/Ds9ypeZA\nj2zWCbTalOu3gZzoG7/HvML0nSKzZcSM3WANS2sNjaj58qh8Rn9xZ/VKdQVZJ63w\n/hcwgTc0I8VJ6zTFOtAehlvNcVuTpMQC2TbKFR3/MF0I1OfAUtjI2yx8U6qa8msQ\nheN9LPIfzOXL3azA2EmBw5MK6vtJmgb03Xh0JvR5cChrDD4L3yh29WwokO6xAvfu\nrWxrmowd3w9IC+stdS2eoz43gt5NCxhItqe87eE1NUSmMV2ApdpwXI0dSu/C7RGC\nUPxjCqcU5LCJ2obfhsq9K+oanXYu8uoQmDlfvbIyWx9w1HgUuv/orLNBNGoztsNt\njfYZIhPweMizUsi+X+nYs8W8UG9ZPeB60l3Y6MIxrq4pkTHMEMdqiJFh0QVH31m2\n2WixbIUyOKugPRAvSr7VUoQmHsiqYjpUrSAGHd0ZQWSwT5KRCFt0MkACamevYLmL\nHPpPPZPOXoSLDx2M58UEQfO+CW6uFkwzqN1sCZdY4Z58J1HRnR4ybWbcqOUA5z1g\nOI0/0+ueVFKxtSPbIeSFSkzlcx7o6Te0uoOsitWlLs+zipliJpDhZVV1p/kJxrUl\n1zTvBVFmBhNq6QLa/dHnB5NYom5OVDPcE2trLlFdY7eQBfjhSQKCAQEA3U0fHvSn\nMiqLhnZ/eDaMoOUcuGDy9TxlzvgF6y87j5SRczoLc90iAbr4P4j2/PkvX8mDavfD\n3cTRa4u+dZHzl8luKMaiy11jPSwoQy//iGelVEjjTAmgnVz1vlQYerbBmizC1XIF\nUd+eiWAHU4GKAivYNXrgw7PI16G5X9Ejaw8dOD6P+Ou8kTOYDll1pZ1C67ojnD6J\nfG6MFPDg8I193VeKCnyTWCZn9vzyGwx39LDCHtcIE6Gl7i//LS2VNKOna/c3e4W3\nEXMC1vdefiTnXZfNRpWK56tUrRImobayhrQZHvK27WkT9ugN/Svd86JU3/m6O5LM\nwetZ4I8ncWzD7QKCAQEA/8Mv8O7MLTtcOZCB47q0+khh9bDY3Cl2HiQsJHw5lzR6\neHcHiDcWCFgew3O9b5+yZW37jPtGpnwP52tzwTAOBOIo4ugjQ1YAMylZgePNpc+n\nFeyjHI4rD10cmICzJJrZx/P0deHE7VIqr/NogOxGRHdPx2i8YJmpW+Jb5wmFFJED\nGv5dLmzYbpQKOoaMr5+SFpg0su9hs7SSfZ9IwRE7E+SMSlU9pwivUfmM6WwI9FPf\nZix/Gdm6C7BZWHoEk6bJqfjWE9Oqx95W0vtVlFbV+sPT03lM5n2ZyaT0dHk4M9be\n5kvVnb+ETNyznN167pbHZxNwP43PRIwLPiNR8SXakwKCAQBD/LuA4Ry0lsmCp8kF\nf4y4qWqnYnGB0epdKWl4FWyw8a21vrFiCR+3dF9r9YIbudpKDTioljHAYgUMi0Qa\nDprNmP6U3GGLJMemNXixG3/fwifSuwnJhHOppLOCo4dZu+fCm9nHhV4JBzBHeA8I\nIpXpkNq9o2CF/yfGx1KSE0hUTbJmYyIMETA/U6B1WBqCpMu4a9kg2T2X0saKcG5K\nuM1gQNKR4i/KNxJdmNwwXyZDMEKTAvDiRxkZEfnNQWHDaDu5OZv8ANp7K+BFdn27\nN081O7u+4ZZpEgPTn+3qZJx4McA998cnLM8LXcNecimf/dEhdjE2uCTbtphIGvK9\nL/MJAoIBAQDAymgD7G16FwnQ1o4ilGXBV/iHlBQT+SjxVYD0y7M5uDQtREQoOKXi\nClK+MCt2zeFStdHtlqfN7Syr3AJ4eHnI0pXRXPzf0B78ccnnsEkfGOUxEJxvdPce\ncKiSiEkBabyKDemTRmkEH3DQCuIWdIQPLgS0Is4E3y+bdIikIjfvpdO6cEzbJu8K\ng4smTLAV3mnnoDnxO6LhLFdUXFIiPpPSze+2RIThuRk26K6AcZBaZDK8uQPh/45P\nK1Jd8DQs/Id9GXZ9oYtVd9Lo3M3IsKBBk4XEHeaKw9i9+BrRBWMJKIoC/Nz8ORZI\nPgEiWI1G9d8/Ypa1QXcgi5QZ9dPZvBgDAoIBAQC1SyTOog5P9rGROiWf3sGKQFfE\nWju+vpLeDBzMnTClUZlcFRAhNII+YJqLYGlDBF9Pv/cPYpGsEcFrhykLYcpI8atT\nzuY37YCsr7Q5deksGewU2AE2BlhwoOm3o1Ts5IxjauBDg6ByCgz332dPL/rb5dtB\nzKrIlOFypJXIonpjq0NJhLQON3rAPL9SFf1IZPVBfSih3tYcHLcZE6LqgtOAHSTx\nUwSNzs7ql6bthiyZWnbYMaqNjRdGuYitjVHEfqh69/xXF24QxrMYd0ZWeqmfgQsq\nXwpETmgzHBhF23sl+WzgI0jXRnSE7Q66XPiTcuB00VFcCcTtc8+VlQ535zLG\n-----END RSA PRIVATE KEY-----\n",
            "public_key_fingerprint_md5": "c9:a3:5f:6e:e0:62:9a:06:49:8d:1d:1a:0a:34:f5:57",
            "public_key_openssh": "ssh-rsa AAAAB3NzaC1yc2EAAAADAQABAAACAQDdGI0v+bj1wRlujD+/qxJmQyvfLf4gZVTzZb0BCLnoFhcc40OJVi11HZXDWatX0PojO5ijO9UJQTSyIYJ9EWO3urrB946lTw3XDwC2U/ySepZ4+k/GIrtaEHdtgTK97grjSDf+AJ0AJLrnN/xz9YUF6AYlGIQKskpSpexUNl52wgUtSC8QGYYNjojRBzzyQBN4L5DjH42BrjukapenCi7p8MxQPgDuBVN3vqOzHn2rig9hXeCB7qMCjUNO1j734CszQMrYln6gk4zcDyAOdeAjdeJX34MpIXvUtuZuyp8zMHGAtdLumZFF+ARnE6+htS7QGxpvvsEZlgb8jQBCdEEBKcFaSHhre+n1rfiYe9WYYN4XEeTleI+iNN9sPPac2qWVzagVO5Drk4fs/7fawYpZwk25BPcf0o0cYNqMt+RpU1A6QcGipMrFljz4wPlwKVy0KqdXHWV4g2QjPpn3jMcNyIosYNGQAff8P49XOo84tsYiczSyIHnwgu49zd+XzDeiy85yFmPMbvzXGwYnbYmVDf53FXp1PiJ1bSjfhfVTNbtz6lzO1h/tLrDIbmwbXZVtDFgPPXz78gwxp72x0duvOEgtSjhR07zmIgxIw0iNWoxWiXLV9QTFeQVPi9hDj052xDHHLCjhBcB1M9fn5iIwdjniiqGMF0IM7fhkLo1TFw==\n",
            "public_key_pem": "-----BEGIN PUBLIC KEY-----\nMIICIjANBgkqhkiG9w0BAQEFAAOCAg8AMIICCgKCAgEA3RiNL/m49cEZbow/v6sS\nZkMr3y3+IGVU82W9AQi56BYXHONDiVYtdR2Vw1mrV9D6IzuYozvVCUE0siGCfRFj\nt7q6wfeOpU8N1w8AtlP8knqWePpPxiK7WhB3bYEyve4K40g3/gCdACS65zf8c/WF\nBegGJRiECrJKUqXsVDZedsIFLUgvEBmGDY6I0Qc88kATeC+Q4x+Nga47pGqXpwou\n6fDMUD4A7gVTd76jsx59q4oPYV3gge6jAo1DTtY+9+ArM0DK2JZ+oJOM3A8gDnXg\nI3XiV9+DKSF71LbmbsqfMzBxgLXS7pmRRfgEZxOvobUu0Bsab77BGZYG/I0AQnRB\nASnBWkh4a3vp9a34mHvVmGDeFxHk5XiPojTfbDz2nNqllc2oFTuQ65OH7P+32sGK\nWcJNuQT3H9KNHGDajLfkaVNQOkHBoqTKxZY8+MD5cClctCqnVx1leINkIz6Z94zH\nDciKLGDRkAH3/D+PVzqPOLbGInM0siB58ILuPc3fl8w3osvOchZjzG781xsGJ22J\nlQ3+dxV6dT4idW0o34X1UzW7c+pcztYf7S6wyG5sG12VbQxYDz18+/IMMae9sdHb\nrzhILUo4UdO85iIMSMNIjVqMVoly1fUExXkFT4vYQ49OdsQxxywo4QXAdTPX5+Yi\nMHY54oqhjBdCDO34ZC6NUxcCAwEAAQ==\n-----END PUBLIC KEY-----\n",
            "rsa_bits": 4096
          },
          "sensitive_attributes": [],
          "private": "bnVsbA=="
        }
      ]
    },
    {
      "module": "module.openstack.module.instance_config",
      "mode": "managed",
      "type": "tls_private_key",
      "name": "ssh",
      "provider": "provider[\"registry.terraform.io/hashicorp/tls\"]",
      "instances": [
        {
          "index_key": 0,
          "schema_version": 0,
          "attributes": {
            "algorithm": "RSA",
            "ecdsa_curve": "P224",
            "id": "13ab65057527c0aa8e179621e59fe83239c2f0dd",
            "private_key_pem": "-----BEGIN RSA PRIVATE KEY-----\nMIIJKQIBAAKCAgEAw7nLncLE431KA73phdXtpm9wISN+slqTr6lykDam+bT+PbkS\n5hEsx/huPeMXu6KMAZnno4zTRLtxcbB4KvJXPCByyxxXfk2uO9WlyDhAKf9DiQwp\n8eQLYd56z33YakryjvEXf8JZSaV9Z3mpNSqrVRF/7UOoo/Vt76JfSL4s6PsiFaR2\nv+Bj7mdzQAsIclhhxlRyaJWn2gBCtTThuKXATFlobnecKzDtGJ9CTTxyslFBbO7q\nIvh0sbxPUKX0rJf+39xen4Cyy2MA4wKN3N4vgKnMdVVESceEUrIY/XijeMPyJzeB\n+EGgFDP0jbB33FMRZuLHgrht4He2d9CIDksAlpBmVQMBME9LeUYLsnViezY1JaBG\nMR5lxyBi34MZzk72+OgAlwlybQ5IiNCIDUGY+POtq+Foi7/w7fgSc5jnLmSucG2O\najF6r7ubphh+y9lAYWCuyq6FVL3wsCuuMqTDMcc62TTsbYJAWkwSXZxTuHAjzD4Q\nGfVOyeppvUnwTBdwKaKVRhJXStcsWK5f653W/QYOIRYq998Eg5wlazduVtmox6kY\ngKZs0sW2gEkPJkZWpc1qwu/w/+ZzTVhs1WqXo3lwQTC7jnXv8JDP8Du7nhN/iJ/P\nAHcMCWAAn5msWF9zffqgqwCSYCuzpT31gv/anRkaDCrAg8yh6JQM8YMpMoUCAwEA\nAQKCAgAkEV/5YYQA2/zAtcWL2UFjE1QZdz4IxfJDQ7mN49RfXcAgRbO6291huGEw\nXGHqPOkJ/n+WPwRLvTMJnVh3qZLzzJL65O0mpFAATL2xKNSCKL0cSzaLkdebIHGH\nPQydgdQzDTCkZX8ouCtk3yGUX5mVIpVtdrNkC31H1Kc0c385K9Y7IMSVVVd0/nFZ\nku7qi2jxMGyo4zM8VCH23Jjf+wN1zmAVQ0tvFiQLDoYcT5BfVeP1nA1fhmOSwT3o\ngbyV9aiNPkHdqMzJ+COYscbMtdERJ7k6wgzEf9TdnF5Ij2uofItqOKtlwUorjut5\nFNTxsAkb6ZyUdUIiRE1GxRHdeGrSAaDsqXk7lFJS52IvJXRA22N4M/bmEHFOxNbl\nuwyBwpmPF/+HECC/Ro3VSYIoHt2XVlW6D6pJ77MQNoG42n4CIgLWGU0FNg2bXysm\nWKII/aNk5cNCdMjweMUaI89nWAuiFAGRtPUhpgqeajc6KxHQ4SIsoSEd184rWPEI\nWIsdHQSFSevm/dUXh4XRaga/2/uOMru3KLVgYh5UeGD3WWgK2h0I5nwDnmBcdi1W\nDqxOeFGaVe0+CIvuWGsyFUa1IQMzhiFJDZSsKzkfSUvLyqNbdf1LDpNjuMkghlP/\n/vElh28bEkXz498aYJsmM591jEtdxFyJlFyATadvYYOLMWPNXQKCAQEA2gricEaM\n1reey17U6X9ou+gAnq8zWPgbayXmjJjMg94eM+otnIlgQ0yvnDolD4xEJM9h6Kwi\nTkk6GJFmDUNSkw5IZ5ilt1rrwj3AArZllQPNbCTiUooSJ4dC6+inLyQRCc7ql/x0\nI4veoJbghHABabYXLdVedvFuAWqnXxjWu4UwU2dWe6x3Uzpbc3l/9oeRxjMsSw16\nC90In6Fgw83fDgzyHVKPVw6DF95SRL1zOeZVZR/HsgFUmXm0quO6vl/riiNPO2Ix\n8jJCDwIXLwad8xvKNj+kgWKTyph06SvfWaUymAGaxeAufMb2v93hVKYOdXk6ESW9\n0x6iXKn+yWDijwKCAQEA5cxcCC+E+j5cINFl+uONmW7rqIQ7JsIzfq7wOxJ8/Wmq\nPA4fU7CHhNxaRH1avs5ReqD6WKAO7oHeBb7V4HQWfhvcjtQd0np1t+X+7tXTSpEE\nRsftJiHFK0+RZHPjscJFOmiRWtj7vYlAiGiNIiY7sz/HGItN0gJQNPWljzIl2FqX\nqkKgVl/CRNrM95LtPQoOt47x5s8JzSlVUy6vW+Cl4ADBGcwLliAfKw+wyG3TQVh+\n4cMxNvv3Q7NGNda4XZGQA2DjUFrfJ+hycjjp5G3RW57BktJbjZuGriIPc79QFA7k\np66DRVZXQEjaA/XnKKcgnBNUccihV6fWww6nEurTqwKCAQEArU3dcRQCOV+1DTwQ\nyo6ENmZOp9HlZB+/20hCmRmR5HYVV3oYSsU+B//ZzLjCYDtCpmdXENJQahz12jUn\nAf+ykEPX9M91V+kiXj8qcH18/BYLnpsqcCRiDZ0K6er/hw6JpFwcRjVYMjCoAMgr\nJ9jGprkeb0WaUbvPjbyxz3o0otNX99K5AI+yQCqwKXY26UIT8Y8W84iAqxFCG27v\nNHJbihVsEzZdy/oy5DPG+/AAt9KFqVy7IpbAIUSE/xcGhO5EjoVGIpMH09Nyge9N\ncgk2XdaGwNuQ623oviyzL+m5Gs2dCwirdf+bs32I/jNjOB7Mez6hkqOG31kH/9L2\nOiWRrQKCAQEA5G8t3YU/b3OmKYl/EtQ54ph88tvf4TuT7Q8CB/btAQyVCXYQdiU5\n0j0qDoN+PcbjAEAeHROfREEc8CEwgxtjcKFJs0HxE1Zgxxp/PfSZQbq+wY3klM9l\nLRS/t1fstLwmDVX9iI3CUjuqRu+HvLa9CgcQZ7my9l0OVlcK6To0nMoRklMBCFvQ\nxpmqv0DzTIY+8wHKPmL5n1TDWRlDgNXkjrSxQG+x5N6xnSDP364tHvxVxR9AQSRg\nPJBt7v8v7vPQcUtTLIHo68cKXblt6IGyaJ18V/N8x1wfmeKJ8cnwVMApVPcJz1dx\nDJpe/yjnTWY16HDetO14VaamuuhJ9WgyWQKCAQAnYIT3ygWLd6jBGfYDfPMXaENf\nsOE9VSjwT8Ty83Xc31s3Yo4ZGW2YWhOXM+TpXnbBaCrKhYvH2d/CL+WcKln94Lnc\ncXAkZL2stvnYbuOkPscW/AkiybI19DBNVqOgXEDoppYhWcdMnZSQpzT9/C+tYlbm\nd14Vy2WHe9incc/snhphomdfwXBfl8lyMx4pFH4R/do7iP8Jy62OKvUNij5fOM/+\nIfD/6+PEnNcx9OhsDiTVdX9n8WwLt65xj57wQbOukZPhImA0y5nCKZ275uyJGq93\nY4xN8IuZ1OZPDimeOYRpOIS5WauBJiy7XIxGCVoy7asw31s4ABfjPw3cGFBN\n-----END RSA PRIVATE KEY-----\n",
            "public_key_fingerprint_md5": "0a:9e:56:fe:aa:c5:ee:b3:2e:35:44:ee:d8:8b:d0:f0",
            "public_key_openssh": "ssh-rsa AAAAB3NzaC1yc2EAAAADAQABAAACAQDDucudwsTjfUoDvemF1e2mb3AhI36yWpOvqXKQNqb5tP49uRLmESzH+G494xe7oowBmeejjNNEu3FxsHgq8lc8IHLLHFd+Ta471aXIOEAp/0OJDCnx5Ath3nrPfdhqSvKO8Rd/wllJpX1neak1KqtVEX/tQ6ij9W3vol9Ivizo+yIVpHa/4GPuZ3NACwhyWGHGVHJolafaAEK1NOG4pcBMWWhud5wrMO0Yn0JNPHKyUUFs7uoi+HSxvE9QpfSsl/7f3F6fgLLLYwDjAo3c3i+Aqcx1VURJx4RSshj9eKN4w/InN4H4QaAUM/SNsHfcUxFm4seCuG3gd7Z30IgOSwCWkGZVAwEwT0t5RguydWJ7NjUloEYxHmXHIGLfgxnOTvb46ACXCXJtDkiI0IgNQZj4862r4WiLv/Dt+BJzmOcuZK5wbY5qMXqvu5umGH7L2UBhYK7KroVUvfCwK64ypMMxxzrZNOxtgkBaTBJdnFO4cCPMPhAZ9U7J6mm9SfBMF3ApopVGEldK1yxYrl/rndb9Bg4hFir33wSDnCVrN25W2ajHqRiApmzSxbaASQ8mRlalzWrC7/D/5nNNWGzVapejeXBBMLuOde/wkM/wO7ueE3+In88AdwwJYACfmaxYX3N9+qCrAJJgK7OlPfWC/9qdGRoMKsCDzKHolAzxgykyhQ==\n",
            "public_key_pem": "-----BEGIN PUBLIC KEY-----\nMIICIjANBgkqhkiG9w0BAQEFAAOCAg8AMIICCgKCAgEAw7nLncLE431KA73phdXt\npm9wISN+slqTr6lykDam+bT+PbkS5hEsx/huPeMXu6KMAZnno4zTRLtxcbB4KvJX\nPCByyxxXfk2uO9WlyDhAKf9DiQwp8eQLYd56z33YakryjvEXf8JZSaV9Z3mpNSqr\nVRF/7UOoo/Vt76JfSL4s6PsiFaR2v+Bj7mdzQAsIclhhxlRyaJWn2gBCtTThuKXA\nTFlobnecKzDtGJ9CTTxyslFBbO7qIvh0sbxPUKX0rJf+39xen4Cyy2MA4wKN3N4v\ngKnMdVVESceEUrIY/XijeMPyJzeB+EGgFDP0jbB33FMRZuLHgrht4He2d9CIDksA\nlpBmVQMBME9LeUYLsnViezY1JaBGMR5lxyBi34MZzk72+OgAlwlybQ5IiNCIDUGY\n+POtq+Foi7/w7fgSc5jnLmSucG2OajF6r7ubphh+y9lAYWCuyq6FVL3wsCuuMqTD\nMcc62TTsbYJAWkwSXZxTuHAjzD4QGfVOyeppvUnwTBdwKaKVRhJXStcsWK5f653W\n/QYOIRYq998Eg5wlazduVtmox6kYgKZs0sW2gEkPJkZWpc1qwu/w/+ZzTVhs1WqX\no3lwQTC7jnXv8JDP8Du7nhN/iJ/PAHcMCWAAn5msWF9zffqgqwCSYCuzpT31gv/a\nnRkaDCrAg8yh6JQM8YMpMoUCAwEAAQ==\n-----END PUBLIC KEY-----\n",
            "rsa_bits": 4096
          },
          "sensitive_attributes": [],
          "private": "bnVsbA=="
        }
      ]
    }
  ]
}